{
  "pins" : [
    {
      "identity" : "common-ios",
      "kind" : "remoteSourceControl",
      "location" : "https://github.com/shoplive/common-ios",
      "state" : {
        "revision" : "2eba8a6b958931bf9b63eebd04767ff55ac047d5",
        "version" : "1.5.8"
      }
    },
    {
      "identity" : "cryptoswift",
      "kind" : "remoteSourceControl",
      "location" : "https://github.com/krzyzanowskim/CryptoSwift.git",
      "state" : {
        "revision" : "7892a123f7e8d0fe62f9f03728b17bbd4f94df5c",
        "version" : "1.8.1"
      }
    },
    {
      "identity" : "dropdown",
      "kind" : "remoteSourceControl",
      "location" : "https://github.com/AssistoLab/DropDown.git",
      "state" : {
        "branch" : "master",
        "revision" : "2ab6f6ce19f0117d1a76ea043ef8f57722c65d16"
      }
    },
    {
      "identity" : "ios-sdk",
      "kind" : "remoteSourceControl",
      "location" : "https://github.com/shoplive/ios-sdk.git",
      "state" : {
        "revision" : "ad55af08ed742abd6235669747e2406ad0d86600",
        "version" : "1.5.8"
      }
    },
    {
      "identity" : "parchment",
      "kind" : "remoteSourceControl",
      "location" : "https://github.com/rechsteiner/Parchment",
      "state" : {
        "branch" : "main",
        "revision" : "13aad3e9308e8a4e38cb579430dbf66465418777"
      }
    },
    {
      "identity" : "shortform-ios",
      "kind" : "remoteSourceControl",
      "location" : "https://github.com/shoplive/shortform-ios",
      "state" : {
        "revision" : "eaaba7a09365e868ef77ba04d1d44b3a6191684f",
        "version" : "1.5.8"
      }
    },
    {
      "identity" : "sidemenu",
      "kind" : "remoteSourceControl",
      "location" : "https://github.com/jonkykong/SideMenu.git",
      "state" : {
        "revision" : "8bd4fd128923cf5494fa726839af8afe12908ad9",
        "version" : "6.5.0"
      }
    },
    {
      "identity" : "snapkit",
      "kind" : "remoteSourceControl",
      "location" : "https://github.com/SnapKit/SnapKit",
      "state" : {
        "revision" : "e74fe2a978d1216c3602b129447c7301573cc2d8",
        "version" : "5.7.0"
      }
    },
    {
      "identity" : "swiftyjwt",
      "kind" : "remoteSourceControl",
      "location" : "https://github.com/polarcop/SwiftyJWT.git",
      "state" : {
        "revision" : "a324856b8f5cffa8764f083e26c3ecd3c9dd36a1",
        "version" : "1.0.3"
      }
    },
    {
      "identity" : "toast-swift",
      "kind" : "remoteSourceControl",
      "location" : "https://github.com/scalessec/Toast-Swift.git",
      "state" : {
        "revision" : "404ac98e0080a3d9f0630e007838284e04528bcd",
        "version" : "5.1.0"
      }
    }
  ],
  "version" : 2
}
