{
  "originHash" : "6e954f79a6555773122ffd40906f8c779f1d1e3ef7e72732b07966712655cba4",
  "pins" : [
    {
      "identity" : "common-ios",
      "kind" : "remoteSourceControl",
      "location" : "https://github.com/shoplive/common-ios",
      "state" : {
        "revision" : "d59dc8909d3f93f5ea7f08863a25200afcbb49d7",
        "version" : "1.6.9"
      }
    },
    {
      "identity" : "cryptoswift",
      "kind" : "remoteSourceControl",
      "location" : "https://github.com/krzyzanowskim/CryptoSwift.git",
      "state" : {
        "revision" : "729e01bc9b9dab466ac85f21fb9ee2bc1c61b258",
        "version" : "1.8.4"
      }
    },
    {
      "identity" : "dropdown",
      "kind" : "remoteSourceControl",
      "location" : "https://github.com/AssistoLab/DropDown.git",
      "state" : {
        "branch" : "master",
        "revision" : "2ab6f6ce19f0117d1a76ea043ef8f57722c65d16"
      }
    },
    {
      "identity" : "ffmpeg-kit-spm",
      "kind" : "remoteSourceControl",
      "location" : "https://github.com/tylerjonesio/ffmpeg-kit-spm",
      "state" : {
        "branch" : "main",
        "revision" : "6053b0e4f8607314ff5e14e0b18fc250c0f87c9b"
      }
    },
    {
      "identity" : "ios-sdk",
      "kind" : "remoteSourceControl",
      "location" : "https://github.com/shoplive/ios-sdk.git",
      "state" : {
        "revision" : "cbc54dee99a98d7937b58885f99b6f3e35cb027f",
        "version" : "1.6.9"
      }
    },
    {
      "identity" : "parchment",
      "kind" : "remoteSourceControl",
      "location" : "https://github.com/rechsteiner/Parchment",
      "state" : {
        "branch" : "main",
        "revision" : "dfb23ea5118ca8bfbc578065627fccf4ec4a362e"
      }
    },
    {
      "identity" : "shortform-editor-ios",
      "kind" : "remoteSourceControl",
      "location" : "https://github.com/shoplive/shortform-editor-ios",
      "state" : {
        "revision" : "2cdfffeb228a9cf4a1a1148c5789f5374e9b8ea5",
        "version" : "1.6.9"
      }
    },
    {
      "identity" : "shortform-ios",
      "kind" : "remoteSourceControl",
      "location" : "https://github.com/shoplive/shortform-ios",
      "state" : {
        "revision" : "31d3e74809f23ef819b2e4b4bd31be836119965a",
        "version" : "1.6.9"
      }
    },
    {
      "identity" : "sidemenu",
      "kind" : "remoteSourceControl",
      "location" : "https://github.com/jonkykong/SideMenu.git",
      "state" : {
        "revision" : "8bd4fd128923cf5494fa726839af8afe12908ad9",
        "version" : "6.5.0"
      }
    },
    {
      "identity" : "snapkit",
      "kind" : "remoteSourceControl",
      "location" : "https://github.com/SnapKit/SnapKit",
      "state" : {
        "revision" : "2842e6e84e82eb9a8dac0100ca90d9444b0307f4",
        "version" : "5.7.1"
      }
    },
    {
      "identity" : "swiftyjwt",
      "kind" : "remoteSourceControl",
      "location" : "https://github.com/polarcop/SwiftyJWT.git",
      "state" : {
        "revision" : "a324856b8f5cffa8764f083e26c3ecd3c9dd36a1",
        "version" : "1.0.3"
      }
    },
    {
      "identity" : "toast-swift",
      "kind" : "remoteSourceControl",
      "location" : "https://github.com/scalessec/Toast-Swift.git",
      "state" : {
        "revision" : "ddccd20d6fb718448d9b179c454c561653fda7d5",
        "version" : "5.1.1"
      }
    }
  ],
  "version" : 3
}
