// !$*UTF8*$!
{
	archiveVersion = 1;
	classes = {
	};
	objectVersion = 70;
	objects = {

/* Begin PBXBuildFile section */
		1BAEDDDA26042D0D005C5DD4 /* AppDelegate.swift in Sources */ = {isa = PBXBuildFile; fileRef = 1BAEDDD926042D0D005C5DD4 /* AppDelegate.swift */; };
		1BAEDDDC26042D0D005C5DD4 /* SceneDelegate.swift in Sources */ = {isa = PBXBuildFile; fileRef = 1BAEDDDB26042D0D005C5DD4 /* SceneDelegate.swift */; };
		1BAEDDE126042D0D005C5DD4 /* Main.storyboard in Resources */ = {isa = PBXBuildFile; fileRef = 1BAEDDDF26042D0D005C5DD4 /* Main.storyboard */; };
		1BAEDDE326042D0F005C5DD4 /* Assets.xcassets in Resources */ = {isa = PBXBuildFile; fileRef = 1BAEDDE226042D0F005C5DD4 /* Assets.xcassets */; };
		1BAEDDE626042D0F005C5DD4 /* LaunchScreen.storyboard in Resources */ = {isa = PBXBuildFile; fileRef = 1BAEDDE426042D0F005C5DD4 /* LaunchScreen.storyboard */; };
		1BAEDDF126042D0F005C5DD4 /* ShopLiveSwiftSampleTests.swift in Sources */ = {isa = PBXBuildFile; fileRef = 1BAEDDF026042D0F005C5DD4 /* ShopLiveSwiftSampleTests.swift */; };
		1BAEDDFC26042D0F005C5DD4 /* ShopLiveSwiftSampleUITests.swift in Sources */ = {isa = PBXBuildFile; fileRef = 1BAEDDFB26042D0F005C5DD4 /* ShopLiveSwiftSampleUITests.swift */; };
		2F0B85F22A0E0DDB00165242 /* ShortFormTabViewController.swift in Sources */ = {isa = PBXBuildFile; fileRef = 2F0B85F12A0E0DDB00165242 /* ShortFormTabViewController.swift */; };
		2F0B85F52A0E0E0600165242 /* ShortFormCardTypeViewController.swift in Sources */ = {isa = PBXBuildFile; fileRef = 2F0B85F42A0E0E0600165242 /* ShortFormCardTypeViewController.swift */; };
		2F0B85F72A0E0E1700165242 /* ShortFormHorizontalTypeViewController.swift in Sources */ = {isa = PBXBuildFile; fileRef = 2F0B85F62A0E0E1700165242 /* ShortFormHorizontalTypeViewController.swift */; };
		2F0B85F92A0E0E3400165242 /* ShortFormVerticalTypeViewController.swift in Sources */ = {isa = PBXBuildFile; fileRef = 2F0B85F82A0E0E3400165242 /* ShortFormVerticalTypeViewController.swift */; };
		2F0B85FC2A0E0E6D00165242 /* Parchment in Frameworks */ = {isa = PBXBuildFile; productRef = 2F0B85FB2A0E0E6D00165242 /* Parchment */; };
		2F0B85FE2A0E10E200165242 /* ShortFormWebTypeViewController.swift in Sources */ = {isa = PBXBuildFile; fileRef = 2F0B85FD2A0E10E200165242 /* ShortFormWebTypeViewController.swift */; };
		2F66B4922CEB857400962D28 /* ShopliveFilterSDK in Frameworks */ = {isa = PBXBuildFile; productRef = 2F66B4912CEB857400962D28 /* ShopliveFilterSDK */; };
		2F66B4942CEB857400962D28 /* ShopLiveShortformEditorSDK in Frameworks */ = {isa = PBXBuildFile; productRef = 2F66B4932CEB857400962D28 /* ShopLiveShortformEditorSDK */; };
		2F66B4992CEB857400962D28 /* FFmpeg-Kit in Frameworks */ = {isa = PBXBuildFile; productRef = 2F66B4982CEB857400962D28 /* FFmpeg-Kit */; };
		2F66B49A2CEB857400962D28 /* FFmpeg-Kit in Embed Frameworks */ = {isa = PBXBuildFile; productRef = 2F66B4982CEB857400962D28 /* FFmpeg-Kit */; settings = {ATTRIBUTES = (CodeSignOnCopy, ); }; };
		2F66B49C2CEB857400962D28 /* libavcodec in Frameworks */ = {isa = PBXBuildFile; productRef = 2F66B49B2CEB857400962D28 /* libavcodec */; };
		2F66B49E2CEB857400962D28 /* libavdevice in Frameworks */ = {isa = PBXBuildFile; productRef = 2F66B49D2CEB857400962D28 /* libavdevice */; };
		2F66B4A02CEB857400962D28 /* libavfilter in Frameworks */ = {isa = PBXBuildFile; productRef = 2F66B49F2CEB857400962D28 /* libavfilter */; };
		2F66B4A22CEB857400962D28 /* libavformat in Frameworks */ = {isa = PBXBuildFile; productRef = 2F66B4A12CEB857400962D28 /* libavformat */; };
		2F66B4A42CEB857400962D28 /* libavutil in Frameworks */ = {isa = PBXBuildFile; productRef = 2F66B4A32CEB857400962D28 /* libavutil */; };
		2F66B4A62CEB857400962D28 /* libswresample in Frameworks */ = {isa = PBXBuildFile; productRef = 2F66B4A52CEB857400962D28 /* libswresample */; };
		2F66B4A82CEB857400962D28 /* libswscale in Frameworks */ = {isa = PBXBuildFile; productRef = 2F66B4A72CEB857400962D28 /* libswscale */; };
		2F7ADED42CA21C78004B9334 /* UIPreviewSampleViewController.swift in Sources */ = {isa = PBXBuildFile; fileRef = 2F7ADED32CA21C78004B9334 /* UIPreviewSampleViewController.swift */; };
		2F95FFF02A11C7C200A2E58A /* ShopliveShortformSDK in Frameworks */ = {isa = PBXBuildFile; productRef = 2F95FFEF2A11C7C200A2E58A /* ShopliveShortformSDK */; };
		2F96DD1C2C0593A6007549FC /* PreviewCover.swift in Sources */ = {isa = PBXBuildFile; fileRef = 2F96DD1B2C0593A6007549FC /* PreviewCover.swift */; };
		2FC4CAA52BD6601B00B92E41 /* SellerData.swift in Sources */ = {isa = PBXBuildFile; fileRef = 2FC4CAA12BD6601B00B92E41 /* SellerData.swift */; };
		2FC4CAA62BD6601B00B92E41 /* SellerStoreData.swift in Sources */ = {isa = PBXBuildFile; fileRef = 2FC4CAA22BD6601B00B92E41 /* SellerStoreData.swift */; };
		2FC4CAA72BD6601B00B92E41 /* SellerManager.swift in Sources */ = {isa = PBXBuildFile; fileRef = 2FC4CAA32BD6601B00B92E41 /* SellerManager.swift */; };
		2FC4CAA82BD6601B00B92E41 /* SellerSubscriptionData.swift in Sources */ = {isa = PBXBuildFile; fileRef = 2FC4CAA42BD6601B00B92E41 /* SellerSubscriptionData.swift */; };
		2FE8BF542AEF78BD003B8B65 /* ShopliveSDKCommon in Frameworks */ = {isa = PBXBuildFile; productRef = 2FE8BF532AEF78BD003B8B65 /* ShopliveSDKCommon */; };
		BF4408F527BE15280049C7BC /* CustomShareViewController.swift in Sources */ = {isa = PBXBuildFile; fileRef = BF4408F427BE15280049C7BC /* CustomShareViewController.swift */; };
		BF6C5DD3273B887400C85D2D /* SnapKit in Frameworks */ = {isa = PBXBuildFile; productRef = BF6C5DD2273B887400C85D2D /* SnapKit */; };
		BF73C9DA27BB9531008E3A1D /* Shizuru-Regular.ttf in Resources */ = {isa = PBXBuildFile; fileRef = BF73C9D927BB9531008E3A1D /* Shizuru-Regular.ttf */; };
		BF99C22C2A1314F000B0BC64 /* ShopLive in Frameworks */ = {isa = PBXBuildFile; productRef = BF99C22B2A1314F000B0BC64 /* ShopLive */; };
		BFAA3EFF2738C783005AA18E /* Extensions.swift in Sources */ = {isa = PBXBuildFile; fileRef = BFAA3EFE2738C783005AA18E /* Extensions.swift */; };
		BFC092022677AC6600619A19 /* SafariServices.framework in Frameworks */ = {isa = PBXBuildFile; fileRef = BFC091F726779B2800619A19 /* SafariServices.framework */; };
		BFC9076D277448BB00D26F3F /* SampleExtensions.swift in Sources */ = {isa = PBXBuildFile; fileRef = BFC9073A277448BB00D26F3F /* SampleExtensions.swift */; };
		BFC9076E277448BB00D26F3F /* shoplive.strings in Resources */ = {isa = PBXBuildFile; fileRef = BFC9073B277448BB00D26F3F /* shoplive.strings */; };
		BFC9076F277448BB00D26F3F /* TextItemInputAlertController.swift in Sources */ = {isa = PBXBuildFile; fileRef = BFC9073D277448BB00D26F3F /* TextItemInputAlertController.swift */; };
		BFC90771277448BB00D26F3F /* SDKOption.swift in Sources */ = {isa = PBXBuildFile; fileRef = BFC90740277448BB00D26F3F /* SDKOption.swift */; };
		BFC90772277448BB00D26F3F /* DemoConfiguration.swift in Sources */ = {isa = PBXBuildFile; fileRef = BFC90741277448BB00D26F3F /* DemoConfiguration.swift */; };
		BFC90789277448BB00D26F3F /* OptionSectionHeader.swift in Sources */ = {isa = PBXBuildFile; fileRef = BFC9075F277448BB00D26F3F /* OptionSectionHeader.swift */; };
		BFC9078A277448BB00D26F3F /* ButtonOptionCell.swift in Sources */ = {isa = PBXBuildFile; fileRef = BFC90760277448BB00D26F3F /* ButtonOptionCell.swift */; };
		BFC9078B277448BB00D26F3F /* SwitchOptionCell.swift in Sources */ = {isa = PBXBuildFile; fileRef = BFC90761277448BB00D26F3F /* SwitchOptionCell.swift */; };
		BFC9078C277448BB00D26F3F /* OptionsViewController.swift in Sources */ = {isa = PBXBuildFile; fileRef = BFC90762277448BB00D26F3F /* OptionsViewController.swift */; };
		BFC9078D277448BB00D26F3F /* UserInfoViewController.swift in Sources */ = {isa = PBXBuildFile; fileRef = BFC90764277448BB00D26F3F /* UserInfoViewController.swift */; };
		BFC9078E277448BB00D26F3F /* CampaignSettingController.swift in Sources */ = {isa = PBXBuildFile; fileRef = BFC90766277448BB00D26F3F /* CampaignSettingController.swift */; };
		BFC90790277448BB00D26F3F /* CustomBaseAlertController.swift in Sources */ = {isa = PBXBuildFile; fileRef = BFC90768277448BB00D26F3F /* CustomBaseAlertController.swift */; };
		BFC90793277448BB00D26F3F /* ShopLiveRadioButton.swift in Sources */ = {isa = PBXBuildFile; fileRef = BFC9076B277448BB00D26F3F /* ShopLiveRadioButton.swift */; };
		BFC90794277448BB00D26F3F /* Sample.xcassets in Resources */ = {isa = PBXBuildFile; fileRef = BFC9076C277448BB00D26F3F /* Sample.xcassets */; };
		BFC90796277448FA00D26F3F /* MainViewController.swift in Sources */ = {isa = PBXBuildFile; fileRef = BFC90795277448FA00D26F3F /* MainViewController.swift */; };
		BFC9079927744A1800D26F3F /* SideMenu in Frameworks */ = {isa = PBXBuildFile; productRef = BFC9079827744A1800D26F3F /* SideMenu */; };
		BFC9079F27744A3600D26F3F /* Toast in Frameworks */ = {isa = PBXBuildFile; productRef = BFC9079E27744A3600D26F3F /* Toast */; };
		BFC907A227744A8400D26F3F /* SwiftyJWT in Frameworks */ = {isa = PBXBuildFile; productRef = BFC907A127744A8400D26F3F /* SwiftyJWT */; };
		BFC907A927745A3000D26F3F /* DropDown in Frameworks */ = {isa = PBXBuildFile; productRef = BFC907A827745A3000D26F3F /* DropDown */; };
		BFC907B12774689C00D26F3F /* MenuCell.swift in Sources */ = {isa = PBXBuildFile; fileRef = BFC907B02774689C00D26F3F /* MenuCell.swift */; };
		BFC907B32774766000D26F3F /* SampleBaseViewController.swift in Sources */ = {isa = PBXBuildFile; fileRef = BFC907B22774766000D26F3F /* SampleBaseViewController.swift */; };
		BFC907B52774916800D26F3F /* CampainKeySet.swift in Sources */ = {isa = PBXBuildFile; fileRef = BFC907B42774916800D26F3F /* CampainKeySet.swift */; };
		BFE401AD27FD3441001031E3 /* NotoSansKR-Medium.otf in Resources */ = {isa = PBXBuildFile; fileRef = BFE401AC27FD3441001031E3 /* NotoSansKR-Medium.otf */; };
		BFE401AF27FD35BD001031E3 /* BaseTextField.swift in Sources */ = {isa = PBXBuildFile; fileRef = BFE401AE27FD35BD001031E3 /* BaseTextField.swift */; };
		BFE401B127FD35EF001031E3 /* LoginTextField.swift in Sources */ = {isa = PBXBuildFile; fileRef = BFE401B027FD35EF001031E3 /* LoginTextField.swift */; };
		BFE401B327FD3BEC001031E3 /* NotoSansKR-Regular.otf in Resources */ = {isa = PBXBuildFile; fileRef = BFE401B227FD3BEC001031E3 /* NotoSansKR-Regular.otf */; };
		BFF3587427EABFA300B920E9 /* LoginViewController.swift in Sources */ = {isa = PBXBuildFile; fileRef = BFF3587327EABFA300B920E9 /* LoginViewController.swift */; };
		BFF3587727EB1A8200B920E9 /* PipAreaSettingViewController.swift in Sources */ = {isa = PBXBuildFile; fileRef = BFF3587627EB1A8200B920E9 /* PipAreaSettingViewController.swift */; };
/* End PBXBuildFile section */

/* Begin PBXContainerItemProxy section */
		1BAEDDED26042D0F005C5DD4 /* PBXContainerItemProxy */ = {
			isa = PBXContainerItemProxy;
			containerPortal = 1BAEDDCE26042D0D005C5DD4 /* Project object */;
			proxyType = 1;
			remoteGlobalIDString = 1BAEDDD526042D0D005C5DD4;
			remoteInfo = ShopLiveSwiftSample;
		};
		1BAEDDF826042D0F005C5DD4 /* PBXContainerItemProxy */ = {
			isa = PBXContainerItemProxy;
			containerPortal = 1BAEDDCE26042D0D005C5DD4 /* Project object */;
			proxyType = 1;
			remoteGlobalIDString = 1BAEDDD526042D0D005C5DD4;
			remoteInfo = ShopLiveSwiftSample;
		};
/* End PBXContainerItemProxy section */

/* Begin PBXCopyFilesBuildPhase section */
		BFC907C92774A06800D26F3F /* Embed Frameworks */ = {
			isa = PBXCopyFilesBuildPhase;
			buildActionMask = 2147483647;
			dstPath = "";
			dstSubfolderSpec = 10;
			files = (
				2F66B49A2CEB857400962D28 /* FFmpeg-Kit in Embed Frameworks */,
			);
			name = "Embed Frameworks";
			runOnlyForDeploymentPostprocessing = 0;
		};
/* End PBXCopyFilesBuildPhase section */

/* Begin PBXFileReference section */
		1BAEDDD626042D0D005C5DD4 /* ShopLiveSwiftSample.app */ = {isa = PBXFileReference; explicitFileType = wrapper.application; includeInIndex = 0; path = ShopLiveSwiftSample.app; sourceTree = BUILT_PRODUCTS_DIR; };
		1BAEDDD926042D0D005C5DD4 /* AppDelegate.swift */ = {isa = PBXFileReference; lastKnownFileType = sourcecode.swift; path = AppDelegate.swift; sourceTree = "<group>"; };
		1BAEDDDB26042D0D005C5DD4 /* SceneDelegate.swift */ = {isa = PBXFileReference; lastKnownFileType = sourcecode.swift; path = SceneDelegate.swift; sourceTree = "<group>"; };
		1BAEDDE026042D0D005C5DD4 /* Base */ = {isa = PBXFileReference; lastKnownFileType = file.storyboard; name = Base; path = Base.lproj/Main.storyboard; sourceTree = "<group>"; };
		1BAEDDE226042D0F005C5DD4 /* Assets.xcassets */ = {isa = PBXFileReference; lastKnownFileType = folder.assetcatalog; path = Assets.xcassets; sourceTree = "<group>"; };
		1BAEDDE526042D0F005C5DD4 /* Base */ = {isa = PBXFileReference; lastKnownFileType = file.storyboard; name = Base; path = Base.lproj/LaunchScreen.storyboard; sourceTree = "<group>"; };
		1BAEDDE726042D0F005C5DD4 /* Info.plist */ = {isa = PBXFileReference; lastKnownFileType = text.plist.xml; path = Info.plist; sourceTree = "<group>"; };
		1BAEDDEC26042D0F005C5DD4 /* ShopLiveSwiftSampleTests.xctest */ = {isa = PBXFileReference; explicitFileType = wrapper.cfbundle; includeInIndex = 0; path = ShopLiveSwiftSampleTests.xctest; sourceTree = BUILT_PRODUCTS_DIR; };
		1BAEDDF026042D0F005C5DD4 /* ShopLiveSwiftSampleTests.swift */ = {isa = PBXFileReference; lastKnownFileType = sourcecode.swift; path = ShopLiveSwiftSampleTests.swift; sourceTree = "<group>"; };
		1BAEDDF226042D0F005C5DD4 /* Info.plist */ = {isa = PBXFileReference; lastKnownFileType = text.plist.xml; path = Info.plist; sourceTree = "<group>"; };
		1BAEDDF726042D0F005C5DD4 /* ShopLiveSwiftSampleUITests.xctest */ = {isa = PBXFileReference; explicitFileType = wrapper.cfbundle; includeInIndex = 0; path = ShopLiveSwiftSampleUITests.xctest; sourceTree = BUILT_PRODUCTS_DIR; };
		1BAEDDFB26042D0F005C5DD4 /* ShopLiveSwiftSampleUITests.swift */ = {isa = PBXFileReference; lastKnownFileType = sourcecode.swift; path = ShopLiveSwiftSampleUITests.swift; sourceTree = "<group>"; };
		1BAEDDFD26042D0F005C5DD4 /* Info.plist */ = {isa = PBXFileReference; lastKnownFileType = text.plist.xml; path = Info.plist; sourceTree = "<group>"; };
		2F0B85F12A0E0DDB00165242 /* ShortFormTabViewController.swift */ = {isa = PBXFileReference; lastKnownFileType = sourcecode.swift; path = ShortFormTabViewController.swift; sourceTree = "<group>"; };
		2F0B85F42A0E0E0600165242 /* ShortFormCardTypeViewController.swift */ = {isa = PBXFileReference; lastKnownFileType = sourcecode.swift; path = ShortFormCardTypeViewController.swift; sourceTree = "<group>"; };
		2F0B85F62A0E0E1700165242 /* ShortFormHorizontalTypeViewController.swift */ = {isa = PBXFileReference; lastKnownFileType = sourcecode.swift; path = ShortFormHorizontalTypeViewController.swift; sourceTree = "<group>"; };
		2F0B85F82A0E0E3400165242 /* ShortFormVerticalTypeViewController.swift */ = {isa = PBXFileReference; lastKnownFileType = sourcecode.swift; path = ShortFormVerticalTypeViewController.swift; sourceTree = "<group>"; };
		2F0B85FD2A0E10E200165242 /* ShortFormWebTypeViewController.swift */ = {isa = PBXFileReference; lastKnownFileType = sourcecode.swift; path = ShortFormWebTypeViewController.swift; sourceTree = "<group>"; };
		2F7ADED32CA21C78004B9334 /* UIPreviewSampleViewController.swift */ = {isa = PBXFileReference; lastKnownFileType = sourcecode.swift; path = UIPreviewSampleViewController.swift; sourceTree = "<group>"; };
		2F96DD1B2C0593A6007549FC /* PreviewCover.swift */ = {isa = PBXFileReference; lastKnownFileType = sourcecode.swift; path = PreviewCover.swift; sourceTree = "<group>"; };
		2FC4CAA12BD6601B00B92E41 /* SellerData.swift */ = {isa = PBXFileReference; fileEncoding = 4; lastKnownFileType = sourcecode.swift; path = SellerData.swift; sourceTree = "<group>"; };
		2FC4CAA22BD6601B00B92E41 /* SellerStoreData.swift */ = {isa = PBXFileReference; fileEncoding = 4; lastKnownFileType = sourcecode.swift; path = SellerStoreData.swift; sourceTree = "<group>"; };
		2FC4CAA32BD6601B00B92E41 /* SellerManager.swift */ = {isa = PBXFileReference; fileEncoding = 4; lastKnownFileType = sourcecode.swift; path = SellerManager.swift; sourceTree = "<group>"; };
		2FC4CAA42BD6601B00B92E41 /* SellerSubscriptionData.swift */ = {isa = PBXFileReference; fileEncoding = 4; lastKnownFileType = sourcecode.swift; path = SellerSubscriptionData.swift; sourceTree = "<group>"; };
		BF4408F427BE15280049C7BC /* CustomShareViewController.swift */ = {isa = PBXFileReference; lastKnownFileType = sourcecode.swift; path = CustomShareViewController.swift; sourceTree = "<group>"; };
		BF73C9D927BB9531008E3A1D /* Shizuru-Regular.ttf */ = {isa = PBXFileReference; lastKnownFileType = file; path = "Shizuru-Regular.ttf"; sourceTree = "<group>"; };
		BFAA3EFE2738C783005AA18E /* Extensions.swift */ = {isa = PBXFileReference; lastKnownFileType = sourcecode.swift; path = Extensions.swift; sourceTree = "<group>"; };
		BFC091F726779B2800619A19 /* SafariServices.framework */ = {isa = PBXFileReference; lastKnownFileType = wrapper.framework; name = SafariServices.framework; path = System/Library/Frameworks/SafariServices.framework; sourceTree = SDKROOT; };
		BFC9073A277448BB00D26F3F /* SampleExtensions.swift */ = {isa = PBXFileReference; fileEncoding = 4; lastKnownFileType = sourcecode.swift; path = SampleExtensions.swift; sourceTree = "<group>"; };
		BFC9073C277448BB00D26F3F /* en */ = {isa = PBXFileReference; lastKnownFileType = text.plist.strings; name = en; path = en.lproj/shoplive.strings; sourceTree = "<group>"; };
		BFC9073D277448BB00D26F3F /* TextItemInputAlertController.swift */ = {isa = PBXFileReference; fileEncoding = 4; lastKnownFileType = sourcecode.swift; path = TextItemInputAlertController.swift; sourceTree = "<group>"; };
		BFC90740277448BB00D26F3F /* SDKOption.swift */ = {isa = PBXFileReference; fileEncoding = 4; lastKnownFileType = sourcecode.swift; path = SDKOption.swift; sourceTree = "<group>"; };
		BFC90741277448BB00D26F3F /* DemoConfiguration.swift */ = {isa = PBXFileReference; fileEncoding = 4; lastKnownFileType = sourcecode.swift; path = DemoConfiguration.swift; sourceTree = "<group>"; };
		BFC9075F277448BB00D26F3F /* OptionSectionHeader.swift */ = {isa = PBXFileReference; fileEncoding = 4; lastKnownFileType = sourcecode.swift; path = OptionSectionHeader.swift; sourceTree = "<group>"; };
		BFC90760277448BB00D26F3F /* ButtonOptionCell.swift */ = {isa = PBXFileReference; fileEncoding = 4; lastKnownFileType = sourcecode.swift; path = ButtonOptionCell.swift; sourceTree = "<group>"; };
		BFC90761277448BB00D26F3F /* SwitchOptionCell.swift */ = {isa = PBXFileReference; fileEncoding = 4; lastKnownFileType = sourcecode.swift; path = SwitchOptionCell.swift; sourceTree = "<group>"; };
		BFC90762277448BB00D26F3F /* OptionsViewController.swift */ = {isa = PBXFileReference; fileEncoding = 4; lastKnownFileType = sourcecode.swift; path = OptionsViewController.swift; sourceTree = "<group>"; };
		BFC90764277448BB00D26F3F /* UserInfoViewController.swift */ = {isa = PBXFileReference; fileEncoding = 4; lastKnownFileType = sourcecode.swift; path = UserInfoViewController.swift; sourceTree = "<group>"; };
		BFC90766277448BB00D26F3F /* CampaignSettingController.swift */ = {isa = PBXFileReference; fileEncoding = 4; lastKnownFileType = sourcecode.swift; path = CampaignSettingController.swift; sourceTree = "<group>"; };
		BFC90768277448BB00D26F3F /* CustomBaseAlertController.swift */ = {isa = PBXFileReference; fileEncoding = 4; lastKnownFileType = sourcecode.swift; path = CustomBaseAlertController.swift; sourceTree = "<group>"; };
		BFC9076B277448BB00D26F3F /* ShopLiveRadioButton.swift */ = {isa = PBXFileReference; fileEncoding = 4; lastKnownFileType = sourcecode.swift; path = ShopLiveRadioButton.swift; sourceTree = "<group>"; };
		BFC9076C277448BB00D26F3F /* Sample.xcassets */ = {isa = PBXFileReference; lastKnownFileType = folder.assetcatalog; path = Sample.xcassets; sourceTree = "<group>"; };
		BFC90795277448FA00D26F3F /* MainViewController.swift */ = {isa = PBXFileReference; fileEncoding = 4; lastKnownFileType = sourcecode.swift; path = MainViewController.swift; sourceTree = "<group>"; };
		BFC907B02774689C00D26F3F /* MenuCell.swift */ = {isa = PBXFileReference; lastKnownFileType = sourcecode.swift; path = MenuCell.swift; sourceTree = "<group>"; };
		BFC907B22774766000D26F3F /* SampleBaseViewController.swift */ = {isa = PBXFileReference; lastKnownFileType = sourcecode.swift; path = SampleBaseViewController.swift; sourceTree = "<group>"; };
		BFC907B42774916800D26F3F /* CampainKeySet.swift */ = {isa = PBXFileReference; lastKnownFileType = sourcecode.swift; path = CampainKeySet.swift; sourceTree = "<group>"; };
		BFE401AC27FD3441001031E3 /* NotoSansKR-Medium.otf */ = {isa = PBXFileReference; lastKnownFileType = file; path = "NotoSansKR-Medium.otf"; sourceTree = "<group>"; };
		BFE401AE27FD35BD001031E3 /* BaseTextField.swift */ = {isa = PBXFileReference; fileEncoding = 4; lastKnownFileType = sourcecode.swift; path = BaseTextField.swift; sourceTree = "<group>"; };
		BFE401B027FD35EF001031E3 /* LoginTextField.swift */ = {isa = PBXFileReference; fileEncoding = 4; lastKnownFileType = sourcecode.swift; path = LoginTextField.swift; sourceTree = "<group>"; };
		BFE401B227FD3BEC001031E3 /* NotoSansKR-Regular.otf */ = {isa = PBXFileReference; lastKnownFileType = file; path = "NotoSansKR-Regular.otf"; sourceTree = "<group>"; };
		BFF3587327EABFA300B920E9 /* LoginViewController.swift */ = {isa = PBXFileReference; lastKnownFileType = sourcecode.swift; path = LoginViewController.swift; sourceTree = "<group>"; };
		BFF3587627EB1A8200B920E9 /* PipAreaSettingViewController.swift */ = {isa = PBXFileReference; lastKnownFileType = sourcecode.swift; path = PipAreaSettingViewController.swift; sourceTree = "<group>"; };
/* End PBXFileReference section */

/* Begin PBXFileSystemSynchronizedRootGroup section */
		2F66B4862CEB83A800962D28 /* Editor */ = {isa = PBXFileSystemSynchronizedRootGroup; explicitFileTypes = {}; explicitFolders = (); path = Editor; sourceTree = "<group>"; };
/* End PBXFileSystemSynchronizedRootGroup section */

/* Begin PBXFrameworksBuildPhase section */
		1BAEDDD326042D0D005C5DD4 /* Frameworks */ = {
			isa = PBXFrameworksBuildPhase;
			buildActionMask = 2147483647;
			files = (
				BFC9079F27744A3600D26F3F /* Toast in Frameworks */,
				BF6C5DD3273B887400C85D2D /* SnapKit in Frameworks */,
				BFC092022677AC6600619A19 /* SafariServices.framework in Frameworks */,
				2F66B4992CEB857400962D28 /* FFmpeg-Kit in Frameworks */,
				BFC9079927744A1800D26F3F /* SideMenu in Frameworks */,
				BFC907A927745A3000D26F3F /* DropDown in Frameworks */,
				2F66B4A22CEB857400962D28 /* libavformat in Frameworks */,
				2F66B49C2CEB857400962D28 /* libavcodec in Frameworks */,
				BF99C22C2A1314F000B0BC64 /* ShopLive in Frameworks */,
				2FE8BF542AEF78BD003B8B65 /* ShopliveSDKCommon in Frameworks */,
				2F66B4942CEB857400962D28 /* ShopLiveShortformEditorSDK in Frameworks */,
				2F0B85FC2A0E0E6D00165242 /* Parchment in Frameworks */,
				BFC907A227744A8400D26F3F /* SwiftyJWT in Frameworks */,
				2F66B4A42CEB857400962D28 /* libavutil in Frameworks */,
				2F95FFF02A11C7C200A2E58A /* ShopliveShortformSDK in Frameworks */,
				2F66B49E2CEB857400962D28 /* libavdevice in Frameworks */,
				2F66B4A82CEB857400962D28 /* libswscale in Frameworks */,
				2F66B4A62CEB857400962D28 /* libswresample in Frameworks */,
				2F66B4A02CEB857400962D28 /* libavfilter in Frameworks */,
				2F66B4922CEB857400962D28 /* ShopliveFilterSDK in Frameworks */,
			);
			runOnlyForDeploymentPostprocessing = 0;
		};
		1BAEDDE926042D0F005C5DD4 /* Frameworks */ = {
			isa = PBXFrameworksBuildPhase;
			buildActionMask = 2147483647;
			files = (
			);
			runOnlyForDeploymentPostprocessing = 0;
		};
		1BAEDDF426042D0F005C5DD4 /* Frameworks */ = {
			isa = PBXFrameworksBuildPhase;
			buildActionMask = 2147483647;
			files = (
			);
			runOnlyForDeploymentPostprocessing = 0;
		};
/* End PBXFrameworksBuildPhase section */

/* Begin PBXGroup section */
		1BAEDDCD26042D0D005C5DD4 = {
			isa = PBXGroup;
			children = (
				1BAEDDD826042D0D005C5DD4 /* ShopLiveSwiftSample */,
				1BAEDDEF26042D0F005C5DD4 /* ShopLiveSwiftSampleTests */,
				1BAEDDFA26042D0F005C5DD4 /* ShopLiveSwiftSampleUITests */,
				1BAEDDD726042D0D005C5DD4 /* Products */,
				1BAEDE0C26042EB1005C5DD4 /* Frameworks */,
				5B26BE04DC11F8AF2F522E9F /* Pods */,
			);
			sourceTree = "<group>";
		};
		1BAEDDD726042D0D005C5DD4 /* Products */ = {
			isa = PBXGroup;
			children = (
				1BAEDDD626042D0D005C5DD4 /* ShopLiveSwiftSample.app */,
				1BAEDDEC26042D0F005C5DD4 /* ShopLiveSwiftSampleTests.xctest */,
				1BAEDDF726042D0F005C5DD4 /* ShopLiveSwiftSampleUITests.xctest */,
			);
			name = Products;
			sourceTree = "<group>";
		};
		1BAEDDD826042D0D005C5DD4 /* ShopLiveSwiftSample */ = {
			isa = PBXGroup;
			children = (
				BFC90739277448BB00D26F3F /* Sample */,
				BFC90795277448FA00D26F3F /* MainViewController.swift */,
				BFAA3EFD2738BE67005AA18E /* misc */,
			);
			path = ShopLiveSwiftSample;
			sourceTree = "<group>";
		};
		1BAEDDEF26042D0F005C5DD4 /* ShopLiveSwiftSampleTests */ = {
			isa = PBXGroup;
			children = (
				1BAEDDF026042D0F005C5DD4 /* ShopLiveSwiftSampleTests.swift */,
				1BAEDDF226042D0F005C5DD4 /* Info.plist */,
			);
			path = ShopLiveSwiftSampleTests;
			sourceTree = "<group>";
		};
		1BAEDDFA26042D0F005C5DD4 /* ShopLiveSwiftSampleUITests */ = {
			isa = PBXGroup;
			children = (
				1BAEDDFB26042D0F005C5DD4 /* ShopLiveSwiftSampleUITests.swift */,
				1BAEDDFD26042D0F005C5DD4 /* Info.plist */,
			);
			path = ShopLiveSwiftSampleUITests;
			sourceTree = "<group>";
		};
		1BAEDE0C26042EB1005C5DD4 /* Frameworks */ = {
			isa = PBXGroup;
			children = (
				BFC091F726779B2800619A19 /* SafariServices.framework */,
			);
			name = Frameworks;
			sourceTree = "<group>";
		};
		2F7ADED22CA21C68004B9334 /* UIPreview */ = {
			isa = PBXGroup;
			children = (
				2F7ADED32CA21C78004B9334 /* UIPreviewSampleViewController.swift */,
			);
			path = UIPreview;
			sourceTree = "<group>";
		};
		2F96DD1A2C059397007549FC /* PreviewCover */ = {
			isa = PBXGroup;
			children = (
				2F96DD1B2C0593A6007549FC /* PreviewCover.swift */,
			);
			path = PreviewCover;
			sourceTree = "<group>";
		};
		2FC4CAA02BD6600500B92E41 /* SellerSample */ = {
			isa = PBXGroup;
			children = (
				2FC4CAA12BD6601B00B92E41 /* SellerData.swift */,
				2FC4CAA32BD6601B00B92E41 /* SellerManager.swift */,
				2FC4CAA22BD6601B00B92E41 /* SellerStoreData.swift */,
				2FC4CAA42BD6601B00B92E41 /* SellerSubscriptionData.swift */,
			);
			path = SellerSample;
			sourceTree = "<group>";
		};
		2FF2FA312A735A37009C39E0 /* Shortform */ = {
			isa = PBXGroup;
			children = (
				2F0B85F12A0E0DDB00165242 /* ShortFormTabViewController.swift */,
				2F0B85F42A0E0E0600165242 /* ShortFormCardTypeViewController.swift */,
				2F0B85F62A0E0E1700165242 /* ShortFormHorizontalTypeViewController.swift */,
				2F0B85F82A0E0E3400165242 /* ShortFormVerticalTypeViewController.swift */,
				2F0B85FD2A0E10E200165242 /* ShortFormWebTypeViewController.swift */,
			);
			path = Shortform;
			sourceTree = "<group>";
		};
		5B26BE04DC11F8AF2F522E9F /* Pods */ = {
			isa = PBXGroup;
			children = (
			);
			path = Pods;
			sourceTree = "<group>";
		};
		BFAA3EFD2738BE67005AA18E /* misc */ = {
			isa = PBXGroup;
			children = (
				1BAEDDD926042D0D005C5DD4 /* AppDelegate.swift */,
				1BAEDDDB26042D0D005C5DD4 /* SceneDelegate.swift */,
				BFAA3EFE2738C783005AA18E /* Extensions.swift */,
				1BAEDDDF26042D0D005C5DD4 /* Main.storyboard */,
				1BAEDDE226042D0F005C5DD4 /* Assets.xcassets */,
				1BAEDDE426042D0F005C5DD4 /* LaunchScreen.storyboard */,
				1BAEDDE726042D0F005C5DD4 /* Info.plist */,
			);
			path = misc;
			sourceTree = "<group>";
		};
		BFC90739277448BB00D26F3F /* Sample */ = {
			isa = PBXGroup;
			children = (
				2FC4CAA02BD6600500B92E41 /* SellerSample */,
				BFC907B02774689C00D26F3F /* MenuCell.swift */,
				BFC907B22774766000D26F3F /* SampleBaseViewController.swift */,
				BFC90757277448BB00D26F3F /* menuItems */,
				BFF15AE62777279A009327AD /* customviews */,
				BFC9073E277448BB00D26F3F /* SDKSettings */,
				BFF15AE7277727C7009327AD /* misc */,
				BF4408F427BE15280049C7BC /* CustomShareViewController.swift */,
			);
			path = Sample;
			sourceTree = "<group>";
		};
		BFC9073E277448BB00D26F3F /* SDKSettings */ = {
			isa = PBXGroup;
			children = (
				BFC90740277448BB00D26F3F /* SDKOption.swift */,
				BFC90741277448BB00D26F3F /* DemoConfiguration.swift */,
				BFC907B42774916800D26F3F /* CampainKeySet.swift */,
			);
			path = SDKSettings;
			sourceTree = "<group>";
		};
		BFC90757277448BB00D26F3F /* menuItems */ = {
			isa = PBXGroup;
			children = (
				2F96DD1A2C059397007549FC /* PreviewCover */,
				BFC90765277448BB00D26F3F /* campaigns */,
				BFC90763277448BB00D26F3F /* userinfo */,
				BFC9075E277448BB00D26F3F /* optionsetting */,
				BFF3587527EB1A5600B920E9 /* pipsettings */,
			);
			path = menuItems;
			sourceTree = "<group>";
		};
		BFC9075E277448BB00D26F3F /* optionsetting */ = {
			isa = PBXGroup;
			children = (
				BFC90762277448BB00D26F3F /* OptionsViewController.swift */,
				BFC9075F277448BB00D26F3F /* OptionSectionHeader.swift */,
				BFC90760277448BB00D26F3F /* ButtonOptionCell.swift */,
				BFC90761277448BB00D26F3F /* SwitchOptionCell.swift */,
			);
			path = optionsetting;
			sourceTree = "<group>";
		};
		BFC90763277448BB00D26F3F /* userinfo */ = {
			isa = PBXGroup;
			children = (
				BFC90764277448BB00D26F3F /* UserInfoViewController.swift */,
			);
			path = userinfo;
			sourceTree = "<group>";
		};
		BFC90765277448BB00D26F3F /* campaigns */ = {
			isa = PBXGroup;
			children = (
				BFC90766277448BB00D26F3F /* CampaignSettingController.swift */,
			);
			path = campaigns;
			sourceTree = "<group>";
		};
		BFF15AE62777279A009327AD /* customviews */ = {
			isa = PBXGroup;
			children = (
				2F66B4862CEB83A800962D28 /* Editor */,
				2F7ADED22CA21C68004B9334 /* UIPreview */,
				2FF2FA312A735A37009C39E0 /* Shortform */,
				BFC9073D277448BB00D26F3F /* TextItemInputAlertController.swift */,
				BFC90768277448BB00D26F3F /* CustomBaseAlertController.swift */,
				BFE401AE27FD35BD001031E3 /* BaseTextField.swift */,
				BFE401B027FD35EF001031E3 /* LoginTextField.swift */,
				BFF3587327EABFA300B920E9 /* LoginViewController.swift */,
			);
			path = customviews;
			sourceTree = "<group>";
		};
		BFF15AE7277727C7009327AD /* misc */ = {
			isa = PBXGroup;
			children = (
				BFE401B227FD3BEC001031E3 /* NotoSansKR-Regular.otf */,
				BFE401AC27FD3441001031E3 /* NotoSansKR-Medium.otf */,
				BF73C9D927BB9531008E3A1D /* Shizuru-Regular.ttf */,
				BFC9073A277448BB00D26F3F /* SampleExtensions.swift */,
				BFC9073B277448BB00D26F3F /* shoplive.strings */,
				BFC9076B277448BB00D26F3F /* ShopLiveRadioButton.swift */,
				BFC9076C277448BB00D26F3F /* Sample.xcassets */,
			);
			path = misc;
			sourceTree = "<group>";
		};
		BFF3587527EB1A5600B920E9 /* pipsettings */ = {
			isa = PBXGroup;
			children = (
				BFF3587627EB1A8200B920E9 /* PipAreaSettingViewController.swift */,
			);
			path = pipsettings;
			sourceTree = "<group>";
		};
/* End PBXGroup section */

/* Begin PBXNativeTarget section */
		1BAEDDD526042D0D005C5DD4 /* ShopLiveSwiftSample */ = {
			isa = PBXNativeTarget;
			buildConfigurationList = 1BAEDE0026042D0F005C5DD4 /* Build configuration list for PBXNativeTarget "ShopLiveSwiftSample" */;
			buildPhases = (
				1BAEDDD326042D0D005C5DD4 /* Frameworks */,
				1BAEDDD226042D0D005C5DD4 /* Sources */,
				1BAEDDD426042D0D005C5DD4 /* Resources */,
				BFC907C92774A06800D26F3F /* Embed Frameworks */,
			);
			buildRules = (
			);
			dependencies = (
			);
			fileSystemSynchronizedGroups = (
				2F66B4862CEB83A800962D28 /* Editor */,
			);
			name = ShopLiveSwiftSample;
			packageProductDependencies = (
				BF6C5DD2273B887400C85D2D /* SnapKit */,
				BFC9079827744A1800D26F3F /* SideMenu */,
				BFC9079E27744A3600D26F3F /* Toast */,
				BFC907A127744A8400D26F3F /* SwiftyJWT */,
				BFC907A827745A3000D26F3F /* DropDown */,
				2F0B85FB2A0E0E6D00165242 /* Parchment */,
				2F95FFEF2A11C7C200A2E58A /* ShopliveShortformSDK */,
				BF99C22B2A1314F000B0BC64 /* ShopLive */,
				2FE8BF532AEF78BD003B8B65 /* ShopliveSDKCommon */,
				2F66B4912CEB857400962D28 /* ShopliveFilterSDK */,
				2F66B4932CEB857400962D28 /* ShopLiveShortformEditorSDK */,
				2F66B4982CEB857400962D28 /* FFmpeg-Kit */,
				2F66B49B2CEB857400962D28 /* libavcodec */,
				2F66B49D2CEB857400962D28 /* libavdevice */,
				2F66B49F2CEB857400962D28 /* libavfilter */,
				2F66B4A12CEB857400962D28 /* libavformat */,
				2F66B4A32CEB857400962D28 /* libavutil */,
				2F66B4A52CEB857400962D28 /* libswresample */,
				2F66B4A72CEB857400962D28 /* libswscale */,
			);
			productName = ShopLiveSwiftSample;
			productReference = 1BAEDDD626042D0D005C5DD4 /* ShopLiveSwiftSample.app */;
			productType = "com.apple.product-type.application";
		};
		1BAEDDEB26042D0F005C5DD4 /* ShopLiveSwiftSampleTests */ = {
			isa = PBXNativeTarget;
			buildConfigurationList = 1BAEDE0326042D0F005C5DD4 /* Build configuration list for PBXNativeTarget "ShopLiveSwiftSampleTests" */;
			buildPhases = (
				1BAEDDE826042D0F005C5DD4 /* Sources */,
				1BAEDDE926042D0F005C5DD4 /* Frameworks */,
				1BAEDDEA26042D0F005C5DD4 /* Resources */,
			);
			buildRules = (
			);
			dependencies = (
				1BAEDDEE26042D0F005C5DD4 /* PBXTargetDependency */,
			);
			name = ShopLiveSwiftSampleTests;
			productName = ShopLiveSwiftSampleTests;
			productReference = 1BAEDDEC26042D0F005C5DD4 /* ShopLiveSwiftSampleTests.xctest */;
			productType = "com.apple.product-type.bundle.unit-test";
		};
		1BAEDDF626042D0F005C5DD4 /* ShopLiveSwiftSampleUITests */ = {
			isa = PBXNativeTarget;
			buildConfigurationList = 1BAEDE0626042D0F005C5DD4 /* Build configuration list for PBXNativeTarget "ShopLiveSwiftSampleUITests" */;
			buildPhases = (
				1BAEDDF326042D0F005C5DD4 /* Sources */,
				1BAEDDF426042D0F005C5DD4 /* Frameworks */,
				1BAEDDF526042D0F005C5DD4 /* Resources */,
			);
			buildRules = (
			);
			dependencies = (
				1BAEDDF926042D0F005C5DD4 /* PBXTargetDependency */,
			);
			name = ShopLiveSwiftSampleUITests;
			productName = ShopLiveSwiftSampleUITests;
			productReference = 1BAEDDF726042D0F005C5DD4 /* ShopLiveSwiftSampleUITests.xctest */;
			productType = "com.apple.product-type.bundle.ui-testing";
		};
/* End PBXNativeTarget section */

/* Begin PBXProject section */
		1BAEDDCE26042D0D005C5DD4 /* Project object */ = {
			isa = PBXProject;
			attributes = {
				LastSwiftUpdateCheck = 1240;
				LastUpgradeCheck = 1320;
				TargetAttributes = {
					1BAEDDD526042D0D005C5DD4 = {
						CreatedOnToolsVersion = 12.4;
					};
					1BAEDDEB26042D0F005C5DD4 = {
						CreatedOnToolsVersion = 12.4;
						TestTargetID = 1BAEDDD526042D0D005C5DD4;
					};
					1BAEDDF626042D0F005C5DD4 = {
						CreatedOnToolsVersion = 12.4;
						TestTargetID = 1BAEDDD526042D0D005C5DD4;
					};
				};
			};
			buildConfigurationList = 1BAEDDD126042D0D005C5DD4 /* Build configuration list for PBXProject "ShopLiveSwiftSample" */;
			compatibilityVersion = "Xcode 9.3";
			developmentRegion = en;
			hasScannedForEncodings = 0;
			knownRegions = (
				en,
				Base,
			);
			mainGroup = 1BAEDDCD26042D0D005C5DD4;
			packageReferences = (
				BF6C5DD1273B887400C85D2D /* XCRemoteSwiftPackageReference "SnapKit" */,
				BFC9079727744A1800D26F3F /* XCRemoteSwiftPackageReference "SideMenu" */,
				BFC9079D27744A3600D26F3F /* XCRemoteSwiftPackageReference "Toast-Swift" */,
				BFC907A027744A8400D26F3F /* XCRemoteSwiftPackageReference "SwiftyJWT" */,
				BFC907A727745A3000D26F3F /* XCRemoteSwiftPackageReference "DropDown" */,
				2F0B85FA2A0E0E6D00165242 /* XCRemoteSwiftPackageReference "Parchment" */,
				2F95FFEE2A11C7C200A2E58A /* XCRemoteSwiftPackageReference "shortform-ios" */,
				BF99C22A2A1314F000B0BC64 /* XCRemoteSwiftPackageReference "ios-sdk" */,
				2FE8BF522AEF78BD003B8B65 /* XCRemoteSwiftPackageReference "common-ios" */,
				2F66B48F2CEB850800962D28 /* XCRemoteSwiftPackageReference "shortform-editor-ios" */,
				2F66B4902CEB852000962D28 /* XCRemoteSwiftPackageReference "ffmpeg-kit-spm" */,
			);
			productRefGroup = 1BAEDDD726042D0D005C5DD4 /* Products */;
			projectDirPath = "";
			projectRoot = "";
			targets = (
				1BAEDDD526042D0D005C5DD4 /* ShopLiveSwiftSample */,
				1BAEDDEB26042D0F005C5DD4 /* ShopLiveSwiftSampleTests */,
				1BAEDDF626042D0F005C5DD4 /* ShopLiveSwiftSampleUITests */,
			);
		};
/* End PBXProject section */

/* Begin PBXResourcesBuildPhase section */
		1BAEDDD426042D0D005C5DD4 /* Resources */ = {
			isa = PBXResourcesBuildPhase;
			buildActionMask = 2147483647;
			files = (
				1BAEDDE626042D0F005C5DD4 /* LaunchScreen.storyboard in Resources */,
				1BAEDDE326042D0F005C5DD4 /* Assets.xcassets in Resources */,
				BFE401AD27FD3441001031E3 /* NotoSansKR-Medium.otf in Resources */,
				BFC9076E277448BB00D26F3F /* shoplive.strings in Resources */,
				BFC90794277448BB00D26F3F /* Sample.xcassets in Resources */,
				BF73C9DA27BB9531008E3A1D /* Shizuru-Regular.ttf in Resources */,
				BFE401B327FD3BEC001031E3 /* NotoSansKR-Regular.otf in Resources */,
				1BAEDDE126042D0D005C5DD4 /* Main.storyboard in Resources */,
			);
			runOnlyForDeploymentPostprocessing = 0;
		};
		1BAEDDEA26042D0F005C5DD4 /* Resources */ = {
			isa = PBXResourcesBuildPhase;
			buildActionMask = 2147483647;
			files = (
			);
			runOnlyForDeploymentPostprocessing = 0;
		};
		1BAEDDF526042D0F005C5DD4 /* Resources */ = {
			isa = PBXResourcesBuildPhase;
			buildActionMask = 2147483647;
			files = (
			);
			runOnlyForDeploymentPostprocessing = 0;
		};
/* End PBXResourcesBuildPhase section */

/* Begin PBXSourcesBuildPhase section */
		1BAEDDD226042D0D005C5DD4 /* Sources */ = {
			isa = PBXSourcesBuildPhase;
			buildActionMask = 2147483647;
			files = (
				BFF3587427EABFA300B920E9 /* LoginViewController.swift in Sources */,
				BFC90790277448BB00D26F3F /* CustomBaseAlertController.swift in Sources */,
				BFC90796277448FA00D26F3F /* MainViewController.swift in Sources */,
				2F0B85F72A0E0E1700165242 /* ShortFormHorizontalTypeViewController.swift in Sources */,
				BFC90772277448BB00D26F3F /* DemoConfiguration.swift in Sources */,
				BFC9076D277448BB00D26F3F /* SampleExtensions.swift in Sources */,
				2F0B85F52A0E0E0600165242 /* ShortFormCardTypeViewController.swift in Sources */,
				BFC9078B277448BB00D26F3F /* SwitchOptionCell.swift in Sources */,
				BFC90793277448BB00D26F3F /* ShopLiveRadioButton.swift in Sources */,
				BFC90789277448BB00D26F3F /* OptionSectionHeader.swift in Sources */,
				2F0B85F22A0E0DDB00165242 /* ShortFormTabViewController.swift in Sources */,
				1BAEDDDA26042D0D005C5DD4 /* AppDelegate.swift in Sources */,
				BFE401B127FD35EF001031E3 /* LoginTextField.swift in Sources */,
				BFC907B52774916800D26F3F /* CampainKeySet.swift in Sources */,
				2FC4CAA82BD6601B00B92E41 /* SellerSubscriptionData.swift in Sources */,
				2F0B85FE2A0E10E200165242 /* ShortFormWebTypeViewController.swift in Sources */,
				BFF3587727EB1A8200B920E9 /* PipAreaSettingViewController.swift in Sources */,
				2FC4CAA72BD6601B00B92E41 /* SellerManager.swift in Sources */,
				BFC9078E277448BB00D26F3F /* CampaignSettingController.swift in Sources */,
				BFE401AF27FD35BD001031E3 /* BaseTextField.swift in Sources */,
				BFC90771277448BB00D26F3F /* SDKOption.swift in Sources */,
				BFC9078D277448BB00D26F3F /* UserInfoViewController.swift in Sources */,
				BFAA3EFF2738C783005AA18E /* Extensions.swift in Sources */,
				1BAEDDDC26042D0D005C5DD4 /* SceneDelegate.swift in Sources */,
				2FC4CAA52BD6601B00B92E41 /* SellerData.swift in Sources */,
				2FC4CAA62BD6601B00B92E41 /* SellerStoreData.swift in Sources */,
				2F96DD1C2C0593A6007549FC /* PreviewCover.swift in Sources */,
				BFC907B32774766000D26F3F /* SampleBaseViewController.swift in Sources */,
				BFC9076F277448BB00D26F3F /* TextItemInputAlertController.swift in Sources */,
				BFC9078C277448BB00D26F3F /* OptionsViewController.swift in Sources */,
				BFC907B12774689C00D26F3F /* MenuCell.swift in Sources */,
				2F7ADED42CA21C78004B9334 /* UIPreviewSampleViewController.swift in Sources */,
				BFC9078A277448BB00D26F3F /* ButtonOptionCell.swift in Sources */,
				BF4408F527BE15280049C7BC /* CustomShareViewController.swift in Sources */,
				2F0B85F92A0E0E3400165242 /* ShortFormVerticalTypeViewController.swift in Sources */,
			);
			runOnlyForDeploymentPostprocessing = 0;
		};
		1BAEDDE826042D0F005C5DD4 /* Sources */ = {
			isa = PBXSourcesBuildPhase;
			buildActionMask = 2147483647;
			files = (
				1BAEDDF126042D0F005C5DD4 /* ShopLiveSwiftSampleTests.swift in Sources */,
			);
			runOnlyForDeploymentPostprocessing = 0;
		};
		1BAEDDF326042D0F005C5DD4 /* Sources */ = {
			isa = PBXSourcesBuildPhase;
			buildActionMask = 2147483647;
			files = (
				1BAEDDFC26042D0F005C5DD4 /* ShopLiveSwiftSampleUITests.swift in Sources */,
			);
			runOnlyForDeploymentPostprocessing = 0;
		};
/* End PBXSourcesBuildPhase section */

/* Begin PBXTargetDependency section */
		1BAEDDEE26042D0F005C5DD4 /* PBXTargetDependency */ = {
			isa = PBXTargetDependency;
			target = 1BAEDDD526042D0D005C5DD4 /* ShopLiveSwiftSample */;
			targetProxy = 1BAEDDED26042D0F005C5DD4 /* PBXContainerItemProxy */;
		};
		1BAEDDF926042D0F005C5DD4 /* PBXTargetDependency */ = {
			isa = PBXTargetDependency;
			target = 1BAEDDD526042D0D005C5DD4 /* ShopLiveSwiftSample */;
			targetProxy = 1BAEDDF826042D0F005C5DD4 /* PBXContainerItemProxy */;
		};
/* End PBXTargetDependency section */

/* Begin PBXVariantGroup section */
		1BAEDDDF26042D0D005C5DD4 /* Main.storyboard */ = {
			isa = PBXVariantGroup;
			children = (
				1BAEDDE026042D0D005C5DD4 /* Base */,
			);
			name = Main.storyboard;
			sourceTree = "<group>";
		};
		1BAEDDE426042D0F005C5DD4 /* LaunchScreen.storyboard */ = {
			isa = PBXVariantGroup;
			children = (
				1BAEDDE526042D0F005C5DD4 /* Base */,
			);
			name = LaunchScreen.storyboard;
			sourceTree = "<group>";
		};
		BFC9073B277448BB00D26F3F /* shoplive.strings */ = {
			isa = PBXVariantGroup;
			children = (
				BFC9073C277448BB00D26F3F /* en */,
			);
			name = shoplive.strings;
			sourceTree = "<group>";
		};
/* End PBXVariantGroup section */

/* Begin XCBuildConfiguration section */
		1BAEDDFE26042D0F005C5DD4 /* Debug */ = {
			isa = XCBuildConfiguration;
			buildSettings = {
				ALWAYS_SEARCH_USER_PATHS = NO;
				CLANG_ANALYZER_NONNULL = YES;
				CLANG_ANALYZER_NUMBER_OBJECT_CONVERSION = YES_AGGRESSIVE;
				CLANG_CXX_LANGUAGE_STANDARD = "gnu++14";
				CLANG_CXX_LIBRARY = "libc++";
				CLANG_ENABLE_MODULES = YES;
				CLANG_ENABLE_OBJC_ARC = YES;
				CLANG_ENABLE_OBJC_WEAK = YES;
				CLANG_WARN_BLOCK_CAPTURE_AUTORELEASING = YES;
				CLANG_WARN_BOOL_CONVERSION = YES;
				CLANG_WARN_COMMA = YES;
				CLANG_WARN_CONSTANT_CONVERSION = YES;
				CLANG_WARN_DEPRECATED_OBJC_IMPLEMENTATIONS = YES;
				CLANG_WARN_DIRECT_OBJC_ISA_USAGE = YES_ERROR;
				CLANG_WARN_DOCUMENTATION_COMMENTS = YES;
				CLANG_WARN_EMPTY_BODY = YES;
				CLANG_WARN_ENUM_CONVERSION = YES;
				CLANG_WARN_INFINITE_RECURSION = YES;
				CLANG_WARN_INT_CONVERSION = YES;
				CLANG_WARN_NON_LITERAL_NULL_CONVERSION = YES;
				CLANG_WARN_OBJC_IMPLICIT_RETAIN_SELF = YES;
				CLANG_WARN_OBJC_LITERAL_CONVERSION = YES;
				CLANG_WARN_OBJC_ROOT_CLASS = YES_ERROR;
				CLANG_WARN_QUOTED_INCLUDE_IN_FRAMEWORK_HEADER = YES;
				CLANG_WARN_RANGE_LOOP_ANALYSIS = YES;
				CLANG_WARN_STRICT_PROTOTYPES = YES;
				CLANG_WARN_SUSPICIOUS_MOVE = YES;
				CLANG_WARN_UNGUARDED_AVAILABILITY = YES_AGGRESSIVE;
				CLANG_WARN_UNREACHABLE_CODE = YES;
				CLANG_WARN__DUPLICATE_METHOD_MATCH = YES;
				COPY_PHASE_STRIP = NO;
				DEBUG_INFORMATION_FORMAT = dwarf;
				ENABLE_STRICT_OBJC_MSGSEND = YES;
				ENABLE_TESTABILITY = YES;
				GCC_C_LANGUAGE_STANDARD = gnu11;
				GCC_DYNAMIC_NO_PIC = NO;
				GCC_NO_COMMON_BLOCKS = YES;
				GCC_OPTIMIZATION_LEVEL = 0;
				GCC_PREPROCESSOR_DEFINITIONS = (
					"DEBUG=1",
					"$(inherited)",
				);
				GCC_WARN_64_TO_32_BIT_CONVERSION = YES;
				GCC_WARN_ABOUT_RETURN_TYPE = YES_ERROR;
				GCC_WARN_UNDECLARED_SELECTOR = YES;
				GCC_WARN_UNINITIALIZED_AUTOS = YES_AGGRESSIVE;
				GCC_WARN_UNUSED_FUNCTION = YES;
				GCC_WARN_UNUSED_VARIABLE = YES;
				IPHONEOS_DEPLOYMENT_TARGET = 12.0;
				MTL_ENABLE_DEBUG_INFO = INCLUDE_SOURCE;
				MTL_FAST_MATH = YES;
				ONLY_ACTIVE_ARCH = YES;
				SDKROOT = iphoneos;
				SWIFT_ACTIVE_COMPILATION_CONDITIONS = DEBUG;
				SWIFT_OPTIMIZATION_LEVEL = "-Onone";
			};
			name = Debug;
		};
		1BAEDDFF26042D0F005C5DD4 /* Release */ = {
			isa = XCBuildConfiguration;
			buildSettings = {
				ALWAYS_SEARCH_USER_PATHS = NO;
				CLANG_ANALYZER_NONNULL = YES;
				CLANG_ANALYZER_NUMBER_OBJECT_CONVERSION = YES_AGGRESSIVE;
				CLANG_CXX_LANGUAGE_STANDARD = "gnu++14";
				CLANG_CXX_LIBRARY = "libc++";
				CLANG_ENABLE_MODULES = YES;
				CLANG_ENABLE_OBJC_ARC = YES;
				CLANG_ENABLE_OBJC_WEAK = YES;
				CLANG_WARN_BLOCK_CAPTURE_AUTORELEASING = YES;
				CLANG_WARN_BOOL_CONVERSION = YES;
				CLANG_WARN_COMMA = YES;
				CLANG_WARN_CONSTANT_CONVERSION = YES;
				CLANG_WARN_DEPRECATED_OBJC_IMPLEMENTATIONS = YES;
				CLANG_WARN_DIRECT_OBJC_ISA_USAGE = YES_ERROR;
				CLANG_WARN_DOCUMENTATION_COMMENTS = YES;
				CLANG_WARN_EMPTY_BODY = YES;
				CLANG_WARN_ENUM_CONVERSION = YES;
				CLANG_WARN_INFINITE_RECURSION = YES;
				CLANG_WARN_INT_CONVERSION = YES;
				CLANG_WARN_NON_LITERAL_NULL_CONVERSION = YES;
				CLANG_WARN_OBJC_IMPLICIT_RETAIN_SELF = YES;
				CLANG_WARN_OBJC_LITERAL_CONVERSION = YES;
				CLANG_WARN_OBJC_ROOT_CLASS = YES_ERROR;
				CLANG_WARN_QUOTED_INCLUDE_IN_FRAMEWORK_HEADER = YES;
				CLANG_WARN_RANGE_LOOP_ANALYSIS = YES;
				CLANG_WARN_STRICT_PROTOTYPES = YES;
				CLANG_WARN_SUSPICIOUS_MOVE = YES;
				CLANG_WARN_UNGUARDED_AVAILABILITY = YES_AGGRESSIVE;
				CLANG_WARN_UNREACHABLE_CODE = YES;
				CLANG_WARN__DUPLICATE_METHOD_MATCH = YES;
				COPY_PHASE_STRIP = NO;
				DEBUG_INFORMATION_FORMAT = "dwarf-with-dsym";
				ENABLE_NS_ASSERTIONS = NO;
				ENABLE_STRICT_OBJC_MSGSEND = YES;
				GCC_C_LANGUAGE_STANDARD = gnu11;
				GCC_NO_COMMON_BLOCKS = YES;
				GCC_WARN_64_TO_32_BIT_CONVERSION = YES;
				GCC_WARN_ABOUT_RETURN_TYPE = YES_ERROR;
				GCC_WARN_UNDECLARED_SELECTOR = YES;
				GCC_WARN_UNINITIALIZED_AUTOS = YES_AGGRESSIVE;
				GCC_WARN_UNUSED_FUNCTION = YES;
				GCC_WARN_UNUSED_VARIABLE = YES;
				IPHONEOS_DEPLOYMENT_TARGET = 12.0;
				MTL_ENABLE_DEBUG_INFO = NO;
				MTL_FAST_MATH = YES;
				SDKROOT = iphoneos;
				SWIFT_COMPILATION_MODE = wholemodule;
				SWIFT_OPTIMIZATION_LEVEL = "-O";
				VALIDATE_PRODUCT = YES;
			};
			name = Release;
		};
		1BAEDE0126042D0F005C5DD4 /* Debug */ = {
			isa = XCBuildConfiguration;
			buildSettings = {
				ASSETCATALOG_COMPILER_APPICON_NAME = AppIcon;
				ASSETCATALOG_COMPILER_GLOBAL_ACCENT_COLOR_NAME = AccentColor;
				CODE_SIGN_STYLE = Automatic;
				CURRENT_PROJECT_VERSION = 1;
				DEVELOPMENT_TEAM = D237UGRPX6;
				FRAMEWORK_SEARCH_PATHS = (
					"$(inherited)",
					"$(PROJECT_DIR)",
				);
				INFOPLIST_FILE = ShopLiveSwiftSample/misc/Info.plist;
				IPHONEOS_DEPLOYMENT_TARGET = 12.0;
				LD_RUNPATH_SEARCH_PATHS = (
					"$(inherited)",
					"@executable_path/Frameworks",
				);
				LIBRARY_SEARCH_PATHS = (
					"$(SRCROOT)/",
					"$(PROJECT_DIR)",
				);
				MARKETING_VERSION = 1.0.0;
				PRODUCT_BUNDLE_IDENTIFIER = cloud.shoplive.sdk.sample.swift.ShopLiveSwiftSample;
				PRODUCT_NAME = "$(TARGET_NAME)";
				SWIFT_VERSION = 5.0;
				TARGETED_DEVICE_FAMILY = "1,2";
			};
			name = Debug;
		};
		1BAEDE0226042D0F005C5DD4 /* Release */ = {
			isa = XCBuildConfiguration;
			buildSettings = {
				ASSETCATALOG_COMPILER_APPICON_NAME = AppIcon;
				ASSETCATALOG_COMPILER_GLOBAL_ACCENT_COLOR_NAME = AccentColor;
				CODE_SIGN_STYLE = Automatic;
				CURRENT_PROJECT_VERSION = 1;
				DEVELOPMENT_TEAM = D237UGRPX6;
				FRAMEWORK_SEARCH_PATHS = (
					"$(inherited)",
					"$(PROJECT_DIR)",
				);
				INFOPLIST_FILE = ShopLiveSwiftSample/misc/Info.plist;
				IPHONEOS_DEPLOYMENT_TARGET = 12.0;
				LD_RUNPATH_SEARCH_PATHS = (
					"$(inherited)",
					"@executable_path/Frameworks",
				);
				LIBRARY_SEARCH_PATHS = (
					"$(SRCROOT)/",
					"$(PROJECT_DIR)",
				);
				MARKETING_VERSION = 1.0.0;
				PRODUCT_BUNDLE_IDENTIFIER = cloud.shoplive.sdk.sample.swift.ShopLiveSwiftSample;
				PRODUCT_NAME = "$(TARGET_NAME)";
				SWIFT_VERSION = 5.0;
				TARGETED_DEVICE_FAMILY = "1,2";
			};
			name = Release;
		};
		1BAEDE0426042D0F005C5DD4 /* Debug */ = {
			isa = XCBuildConfiguration;
			buildSettings = {
				ALWAYS_EMBED_SWIFT_STANDARD_LIBRARIES = YES;
				BUNDLE_LOADER = "$(TEST_HOST)";
				CODE_SIGN_STYLE = Automatic;
				INFOPLIST_FILE = ShopLiveSwiftSampleTests/Info.plist;
				IPHONEOS_DEPLOYMENT_TARGET = 13.0;
				LD_RUNPATH_SEARCH_PATHS = (
					"$(inherited)",
					"@executable_path/Frameworks",
					"@loader_path/Frameworks",
				);
				PRODUCT_BUNDLE_IDENTIFIER = cloud.shoplive.sdk.sample.swift.ShopLiveSwiftSampleTests;
				PRODUCT_NAME = "$(TARGET_NAME)";
				SWIFT_VERSION = 5.0;
				TARGETED_DEVICE_FAMILY = "1,2";
				TEST_HOST = "$(BUILT_PRODUCTS_DIR)/ShopLiveSwiftSample.app/ShopLiveSwiftSample";
			};
			name = Debug;
		};
		1BAEDE0526042D0F005C5DD4 /* Release */ = {
			isa = XCBuildConfiguration;
			buildSettings = {
				ALWAYS_EMBED_SWIFT_STANDARD_LIBRARIES = YES;
				BUNDLE_LOADER = "$(TEST_HOST)";
				CODE_SIGN_STYLE = Automatic;
				INFOPLIST_FILE = ShopLiveSwiftSampleTests/Info.plist;
				IPHONEOS_DEPLOYMENT_TARGET = 13.0;
				LD_RUNPATH_SEARCH_PATHS = (
					"$(inherited)",
					"@executable_path/Frameworks",
					"@loader_path/Frameworks",
				);
				PRODUCT_BUNDLE_IDENTIFIER = cloud.shoplive.sdk.sample.swift.ShopLiveSwiftSampleTests;
				PRODUCT_NAME = "$(TARGET_NAME)";
				SWIFT_VERSION = 5.0;
				TARGETED_DEVICE_FAMILY = "1,2";
				TEST_HOST = "$(BUILT_PRODUCTS_DIR)/ShopLiveSwiftSample.app/ShopLiveSwiftSample";
			};
			name = Release;
		};
		1BAEDE0726042D0F005C5DD4 /* Debug */ = {
			isa = XCBuildConfiguration;
			buildSettings = {
				ALWAYS_EMBED_SWIFT_STANDARD_LIBRARIES = YES;
				CODE_SIGN_STYLE = Automatic;
				INFOPLIST_FILE = ShopLiveSwiftSampleUITests/Info.plist;
				LD_RUNPATH_SEARCH_PATHS = (
					"$(inherited)",
					"@executable_path/Frameworks",
					"@loader_path/Frameworks",
				);
				PRODUCT_BUNDLE_IDENTIFIER = cloud.shoplive.sdk.sample.swift.ShopLiveSwiftSampleUITests;
				PRODUCT_NAME = "$(TARGET_NAME)";
				SWIFT_VERSION = 5.0;
				TARGETED_DEVICE_FAMILY = "1,2";
				TEST_TARGET_NAME = ShopLiveSwiftSample;
			};
			name = Debug;
		};
		1BAEDE0826042D0F005C5DD4 /* Release */ = {
			isa = XCBuildConfiguration;
			buildSettings = {
				ALWAYS_EMBED_SWIFT_STANDARD_LIBRARIES = YES;
				CODE_SIGN_STYLE = Automatic;
				INFOPLIST_FILE = ShopLiveSwiftSampleUITests/Info.plist;
				LD_RUNPATH_SEARCH_PATHS = (
					"$(inherited)",
					"@executable_path/Frameworks",
					"@loader_path/Frameworks",
				);
				PRODUCT_BUNDLE_IDENTIFIER = cloud.shoplive.sdk.sample.swift.ShopLiveSwiftSampleUITests;
				PRODUCT_NAME = "$(TARGET_NAME)";
				SWIFT_VERSION = 5.0;
				TARGETED_DEVICE_FAMILY = "1,2";
				TEST_TARGET_NAME = ShopLiveSwiftSample;
			};
			name = Release;
		};
/* End XCBuildConfiguration section */

/* Begin XCConfigurationList section */
		1BAEDDD126042D0D005C5DD4 /* Build configuration list for PBXProject "ShopLiveSwiftSample" */ = {
			isa = XCConfigurationList;
			buildConfigurations = (
				1BAEDDFE26042D0F005C5DD4 /* Debug */,
				1BAEDDFF26042D0F005C5DD4 /* Release */,
			);
			defaultConfigurationIsVisible = 0;
			defaultConfigurationName = Release;
		};
		1BAEDE0026042D0F005C5DD4 /* Build configuration list for PBXNativeTarget "ShopLiveSwiftSample" */ = {
			isa = XCConfigurationList;
			buildConfigurations = (
				1BAEDE0126042D0F005C5DD4 /* Debug */,
				1BAEDE0226042D0F005C5DD4 /* Release */,
			);
			defaultConfigurationIsVisible = 0;
			defaultConfigurationName = Release;
		};
		1BAEDE0326042D0F005C5DD4 /* Build configuration list for PBXNativeTarget "ShopLiveSwiftSampleTests" */ = {
			isa = XCConfigurationList;
			buildConfigurations = (
				1BAEDE0426042D0F005C5DD4 /* Debug */,
				1BAEDE0526042D0F005C5DD4 /* Release */,
			);
			defaultConfigurationIsVisible = 0;
			defaultConfigurationName = Release;
		};
		1BAEDE0626042D0F005C5DD4 /* Build configuration list for PBXNativeTarget "ShopLiveSwiftSampleUITests" */ = {
			isa = XCConfigurationList;
			buildConfigurations = (
				1BAEDE0726042D0F005C5DD4 /* Debug */,
				1BAEDE0826042D0F005C5DD4 /* Release */,
			);
			defaultConfigurationIsVisible = 0;
			defaultConfigurationName = Release;
		};
/* End XCConfigurationList section */

/* Begin XCRemoteSwiftPackageReference section */
		2F0B85FA2A0E0E6D00165242 /* XCRemoteSwiftPackageReference "Parchment" */ = {
			isa = XCRemoteSwiftPackageReference;
			repositoryURL = "https://github.com/rechsteiner/Parchment";
			requirement = {
				branch = main;
				kind = branch;
			};
		};
		2F66B48F2CEB850800962D28 /* XCRemoteSwiftPackageReference "shortform-editor-ios" */ = {
			isa = XCRemoteSwiftPackageReference;
			repositoryURL = "https://github.com/shoplive/shortform-editor-ios";
			requirement = {
				kind = upToNextMajorVersion;
				minimumVersion = 1.8.2;
			};
		};
		2F66B4902CEB852000962D28 /* XCRemoteSwiftPackageReference "ffmpeg-kit-spm" */ = {
			isa = XCRemoteSwiftPackageReference;
			repositoryURL = "https://github.com/tylerjonesio/ffmpeg-kit-spm";
			requirement = {
				branch = main;
				kind = branch;
			};
		};
		2F95FFEE2A11C7C200A2E58A /* XCRemoteSwiftPackageReference "shortform-ios" */ = {
			isa = XCRemoteSwiftPackageReference;
			repositoryURL = "https://github.com/shoplive/shortform-ios";
			requirement = {
				kind = upToNextMajorVersion;
				minimumVersion = 1.8.2;
			};
		};
		2FE8BF522AEF78BD003B8B65 /* XCRemoteSwiftPackageReference "common-ios" */ = {
			isa = XCRemoteSwiftPackageReference;
			repositoryURL = "https://github.com/shoplive/common-ios";
			requirement = {
				kind = upToNextMajorVersion;
				minimumVersion = 1.8.2;
			};
		};
		BF6C5DD1273B887400C85D2D /* XCRemoteSwiftPackageReference "SnapKit" */ = {
			isa = XCRemoteSwiftPackageReference;
			repositoryURL = "https://github.com/SnapKit/SnapKit";
			requirement = {
				kind = upToNextMajorVersion;
				minimumVersion = 5.0.0;
			};
		};
		BF99C22A2A1314F000B0BC64 /* XCRemoteSwiftPackageReference "ios-sdk" */ = {
			isa = XCRemoteSwiftPackageReference;
			repositoryURL = "https://github.com/shoplive/ios-sdk.git";
			requirement = {
				kind = upToNextMajorVersion;
				minimumVersion = 1.8.2;
			};
		};
		BFC9079727744A1800D26F3F /* XCRemoteSwiftPackageReference "SideMenu" */ = {
			isa = XCRemoteSwiftPackageReference;
			repositoryURL = "https://github.com/jonkykong/SideMenu.git";
			requirement = {
				kind = upToNextMajorVersion;
				minimumVersion = 6.0.0;
			};
		};
		BFC9079D27744A3600D26F3F /* XCRemoteSwiftPackageReference "Toast-Swift" */ = {
			isa = XCRemoteSwiftPackageReference;
			repositoryURL = "https://github.com/scalessec/Toast-Swift.git";
			requirement = {
				kind = upToNextMajorVersion;
				minimumVersion = 5.0.0;
			};
		};
		BFC907A027744A8400D26F3F /* XCRemoteSwiftPackageReference "SwiftyJWT" */ = {
			isa = XCRemoteSwiftPackageReference;
			repositoryURL = "https://github.com/polarcop/SwiftyJWT.git";
			requirement = {
				kind = upToNextMajorVersion;
				minimumVersion = 1.0.0;
			};
		};
		BFC907A727745A3000D26F3F /* XCRemoteSwiftPackageReference "DropDown" */ = {
			isa = XCRemoteSwiftPackageReference;
			repositoryURL = "https://github.com/AssistoLab/DropDown.git";
			requirement = {
				branch = master;
				kind = branch;
			};
		};
/* End XCRemoteSwiftPackageReference section */

/* Begin XCSwiftPackageProductDependency section */
		2F0B85FB2A0E0E6D00165242 /* Parchment */ = {
			isa = XCSwiftPackageProductDependency;
			package = 2F0B85FA2A0E0E6D00165242 /* XCRemoteSwiftPackageReference "Parchment" */;
			productName = Parchment;
		};
		2F66B4912CEB857400962D28 /* ShopliveFilterSDK */ = {
			isa = XCSwiftPackageProductDependency;
			package = 2F66B48F2CEB850800962D28 /* XCRemoteSwiftPackageReference "shortform-editor-ios" */;
			productName = ShopliveFilterSDK;
		};
		2F66B4932CEB857400962D28 /* ShopLiveShortformEditorSDK */ = {
			isa = XCSwiftPackageProductDependency;
			package = 2F66B48F2CEB850800962D28 /* XCRemoteSwiftPackageReference "shortform-editor-ios" */;
			productName = ShopLiveShortformEditorSDK;
		};
		2F66B4982CEB857400962D28 /* FFmpeg-Kit */ = {
			isa = XCSwiftPackageProductDependency;
			package = 2F66B4902CEB852000962D28 /* XCRemoteSwiftPackageReference "ffmpeg-kit-spm" */;
			productName = "FFmpeg-Kit";
		};
		2F66B49B2CEB857400962D28 /* libavcodec */ = {
			isa = XCSwiftPackageProductDependency;
			package = 2F66B4902CEB852000962D28 /* XCRemoteSwiftPackageReference "ffmpeg-kit-spm" */;
			productName = libavcodec;
		};
		2F66B49D2CEB857400962D28 /* libavdevice */ = {
			isa = XCSwiftPackageProductDependency;
			package = 2F66B4902CEB852000962D28 /* XCRemoteSwiftPackageReference "ffmpeg-kit-spm" */;
			productName = libavdevice;
		};
		2F66B49F2CEB857400962D28 /* libavfilter */ = {
			isa = XCSwiftPackageProductDependency;
			package = 2F66B4902CEB852000962D28 /* XCRemoteSwiftPackageReference "ffmpeg-kit-spm" */;
			productName = libavfilter;
		};
		2F66B4A12CEB857400962D28 /* libavformat */ = {
			isa = XCSwiftPackageProductDependency;
			package = 2F66B4902CEB852000962D28 /* XCRemoteSwiftPackageReference "ffmpeg-kit-spm" */;
			productName = libavformat;
		};
		2F66B4A32CEB857400962D28 /* libavutil */ = {
			isa = XCSwiftPackageProductDependency;
			package = 2F66B4902CEB852000962D28 /* XCRemoteSwiftPackageReference "ffmpeg-kit-spm" */;
			productName = libavutil;
		};
		2F66B4A52CEB857400962D28 /* libswresample */ = {
			isa = XCSwiftPackageProductDependency;
			package = 2F66B4902CEB852000962D28 /* XCRemoteSwiftPackageReference "ffmpeg-kit-spm" */;
			productName = libswresample;
		};
		2F66B4A72CEB857400962D28 /* libswscale */ = {
			isa = XCSwiftPackageProductDependency;
			package = 2F66B4902CEB852000962D28 /* XCRemoteSwiftPackageReference "ffmpeg-kit-spm" */;
			productName = libswscale;
		};
		2F95FFEF2A11C7C200A2E58A /* ShopliveShortformSDK */ = {
			isa = XCSwiftPackageProductDependency;
			package = 2F95FFEE2A11C7C200A2E58A /* XCRemoteSwiftPackageReference "shortform-ios" */;
			productName = ShopliveShortformSDK;
		};
		2FE8BF532AEF78BD003B8B65 /* ShopliveSDKCommon */ = {
			isa = XCSwiftPackageProductDependency;
			package = 2FE8BF522AEF78BD003B8B65 /* XCRemoteSwiftPackageReference "common-ios" */;
			productName = ShopliveSDKCommon;
		};
		BF6C5DD2273B887400C85D2D /* SnapKit */ = {
			isa = XCSwiftPackageProductDependency;
			package = BF6C5DD1273B887400C85D2D /* XCRemoteSwiftPackageReference "SnapKit" */;
			productName = SnapKit;
		};
		BF99C22B2A1314F000B0BC64 /* ShopLive */ = {
			isa = XCSwiftPackageProductDependency;
			package = BF99C22A2A1314F000B0BC64 /* XCRemoteSwiftPackageReference "ios-sdk" */;
			productName = ShopLive;
		};
		BFC9079827744A1800D26F3F /* SideMenu */ = {
			isa = XCSwiftPackageProductDependency;
			package = BFC9079727744A1800D26F3F /* XCRemoteSwiftPackageReference "SideMenu" */;
			productName = SideMenu;
		};
		BFC9079E27744A3600D26F3F /* Toast */ = {
			isa = XCSwiftPackageProductDependency;
			package = BFC9079D27744A3600D26F3F /* XCRemoteSwiftPackageReference "Toast-Swift" */;
			productName = Toast;
		};
		BFC907A127744A8400D26F3F /* SwiftyJWT */ = {
			isa = XCSwiftPackageProductDependency;
			package = BFC907A027744A8400D26F3F /* XCRemoteSwiftPackageReference "SwiftyJWT" */;
			productName = SwiftyJWT;
		};
		BFC907A827745A3000D26F3F /* DropDown */ = {
			isa = XCSwiftPackageProductDependency;
			package = BFC907A727745A3000D26F3F /* XCRemoteSwiftPackageReference "DropDown" */;
			productName = DropDown;
		};
/* End XCSwiftPackageProductDependency section */
	};
	rootObject = 1BAEDDCE26042D0D005C5DD4 /* Project object */;
}
