// !$*UTF8*$!
{
	archiveVersion = 1;
	classes = {
	};
	objectVersion = 52;
	objects = {

/* Begin PBXBuildFile section */
		1B3CD6902600647E00B94997 /* ShopLiveUser.swift in Sources */ = {isa = PBXBuildFile; fileRef = 1B3CD68F2600647E00B94997 /* ShopLiveUser.swift */; };
		1B9D659125F1CE4400E9CD4F /* ShopLiveSDKInterface.swift in Sources */ = {isa = PBXBuildFile; fileRef = 1B9D659025F1CE4400E9CD4F /* ShopLiveSDKInterface.swift */; };
		1BA5155725CBDCD100070181 /* ShopLiveSDK.framework in Frameworks */ = {isa = PBXBuildFile; fileRef = 1BA5154D25CBDCD100070181 /* ShopLiveSDK.framework */; };
		1BA5155C25CBDCD100070181 /* ShopLiveSDKTests.swift in Sources */ = {isa = PBXBuildFile; fileRef = 1BA5155B25CBDCD100070181 /* ShopLiveSDKTests.swift */; };
		1BA5155E25CBDCD200070181 /* ShopLiveSDK.h in Headers */ = {isa = PBXBuildFile; fileRef = 1BA5155025CBDCD100070181 /* ShopLiveSDK.h */; settings = {ATTRIBUTES = (Public, ); }; };
		1BA5156A25CBDD3F00070181 /* ShopLive.swift in Sources */ = {isa = PBXBuildFile; fileRef = 1BA5156925CBDD3F00070181 /* ShopLive.swift */; };
		1BAA0D5A25EDD36200DC22CE /* ShopLiveLogger.swift in Sources */ = {isa = PBXBuildFile; fileRef = 1BAA0D5925EDD36200DC22CE /* ShopLiveLogger.swift */; };
		1BED2D9325DA4BAB002BFEED /* PerfMeasurements.swift in Sources */ = {isa = PBXBuildFile; fileRef = 1BED2D9225DA4BAB002BFEED /* PerfMeasurements.swift */; };
		40FC1DA54C7DA6594AF0C054 /* Pods_ShopLiveWithModuleDemo.framework in Frameworks */ = {isa = PBXBuildFile; fileRef = 4BB636F344309B39C335E9A2 /* Pods_ShopLiveWithModuleDemo.framework */; };
		BF8D724E267AE5BC00ED2750 /* ChattingWriteView.swift in Sources */ = {isa = PBXBuildFile; fileRef = BF8D724D267AE5BC00ED2750 /* ChattingWriteView.swift */; };
		BF8D724F267AE5BC00ED2750 /* ChattingWriteView.swift in Sources */ = {isa = PBXBuildFile; fileRef = BF8D724D267AE5BC00ED2750 /* ChattingWriteView.swift */; };
		BF8D7253267AE75B00ED2750 /* SLNextGrowingTextView.swift in Sources */ = {isa = PBXBuildFile; fileRef = BF8D7251267AE75B00ED2750 /* SLNextGrowingTextView.swift */; };
		BF8D7254267AE75B00ED2750 /* SLNextGrowingTextView.swift in Sources */ = {isa = PBXBuildFile; fileRef = BF8D7251267AE75B00ED2750 /* SLNextGrowingTextView.swift */; };
		BF8D7255267AE75B00ED2750 /* SLNextGrowingInternalTextView.swift in Sources */ = {isa = PBXBuildFile; fileRef = BF8D7252267AE75B00ED2750 /* SLNextGrowingInternalTextView.swift */; };
		BF8D7256267AE75B00ED2750 /* SLNextGrowingInternalTextView.swift in Sources */ = {isa = PBXBuildFile; fileRef = BF8D7252267AE75B00ED2750 /* SLNextGrowingInternalTextView.swift */; };
		BFAD8E95265A211E00202160 /* ShopLiveCombine.swift in Sources */ = {isa = PBXBuildFile; fileRef = BFAD8E86265A211E00202160 /* ShopLiveCombine.swift */; };
		BFAD8E96265A211E00202160 /* OverlayWebViewCombine.swift in Sources */ = {isa = PBXBuildFile; fileRef = BFAD8E88265A211E00202160 /* OverlayWebViewCombine.swift */; };
		BFAD8E97265A211E00202160 /* LiveStreamViewControllerCombine.swift in Sources */ = {isa = PBXBuildFile; fileRef = BFAD8E89265A211E00202160 /* LiveStreamViewControllerCombine.swift */; };
		BFAD8E98265A211E00202160 /* LiveStreamViewModelCombine.swift in Sources */ = {isa = PBXBuildFile; fileRef = BFAD8E8A265A211E00202160 /* LiveStreamViewModelCombine.swift */; };
		BFAD8E99265A211E00202160 /* LiveStreamViewModelRxSwift.swift in Sources */ = {isa = PBXBuildFile; fileRef = BFAD8E8C265A211E00202160 /* LiveStreamViewModelRxSwift.swift */; };
		BFAD8E9A265A211E00202160 /* LiveStreamViewControllerRxSwift.swift in Sources */ = {isa = PBXBuildFile; fileRef = BFAD8E8D265A211E00202160 /* LiveStreamViewControllerRxSwift.swift */; };
		BFAD8E9B265A211E00202160 /* ShopLiveRxSwift.swift in Sources */ = {isa = PBXBuildFile; fileRef = BFAD8E8E265A211E00202160 /* ShopLiveRxSwift.swift */; };
		BFAD8E9C265A211E00202160 /* OverlayWebViewRxSwift.swift in Sources */ = {isa = PBXBuildFile; fileRef = BFAD8E8F265A211E00202160 /* OverlayWebViewRxSwift.swift */; };
		BFAD8E9D265A211E00202160 /* ShopLiveWebView.swift in Sources */ = {isa = PBXBuildFile; fileRef = BFAD8E91265A211E00202160 /* ShopLiveWebView.swift */; };
		BFAD8E9E265A211E00202160 /* ShopLiveDefines.swift in Sources */ = {isa = PBXBuildFile; fileRef = BFAD8E92265A211E00202160 /* ShopLiveDefines.swift */; };
		BFAD8E9F265A211E00202160 /* ShopLiveWebInterface.swift in Sources */ = {isa = PBXBuildFile; fileRef = BFAD8E93265A211E00202160 /* ShopLiveWebInterface.swift */; };
		BFAD8EA0265A211E00202160 /* VideoView.swift in Sources */ = {isa = PBXBuildFile; fileRef = BFAD8E94265A211E00202160 /* VideoView.swift */; };
		BFAD8EAD265A23FD00202160 /* AppDelegate.swift in Sources */ = {isa = PBXBuildFile; fileRef = BFAD8EAC265A23FD00202160 /* AppDelegate.swift */; };
		BFAD8EAF265A23FD00202160 /* SceneDelegate.swift in Sources */ = {isa = PBXBuildFile; fileRef = BFAD8EAE265A23FD00202160 /* SceneDelegate.swift */; };
		BFAD8EB1265A23FD00202160 /* ViewController.swift in Sources */ = {isa = PBXBuildFile; fileRef = BFAD8EB0265A23FD00202160 /* ViewController.swift */; };
		BFAD8EB4265A23FD00202160 /* Main.storyboard in Resources */ = {isa = PBXBuildFile; fileRef = BFAD8EB2265A23FD00202160 /* Main.storyboard */; };
		BFAD8EB6265A23FE00202160 /* Assets.xcassets in Resources */ = {isa = PBXBuildFile; fileRef = BFAD8EB5265A23FE00202160 /* Assets.xcassets */; };
		BFAD8EB9265A23FE00202160 /* LaunchScreen.storyboard in Resources */ = {isa = PBXBuildFile; fileRef = BFAD8EB7265A23FE00202160 /* LaunchScreen.storyboard */; };
		BFAD8EC4265A23FE00202160 /* SwiftDemoTests.swift in Sources */ = {isa = PBXBuildFile; fileRef = BFAD8EC3265A23FE00202160 /* SwiftDemoTests.swift */; };
		BFAD8ECF265A23FE00202160 /* SwiftDemoUITests.swift in Sources */ = {isa = PBXBuildFile; fileRef = BFAD8ECE265A23FE00202160 /* SwiftDemoUITests.swift */; };
		BFAD8EDA265A24DA00202160 /* LiveStreamViewModelCombine.swift in Sources */ = {isa = PBXBuildFile; fileRef = BFAD8E8A265A211E00202160 /* LiveStreamViewModelCombine.swift */; };
		BFAD8EDB265A24DA00202160 /* OverlayWebViewCombine.swift in Sources */ = {isa = PBXBuildFile; fileRef = BFAD8E88265A211E00202160 /* OverlayWebViewCombine.swift */; };
		BFAD8EDC265A24DA00202160 /* ShopLiveWebView.swift in Sources */ = {isa = PBXBuildFile; fileRef = BFAD8E91265A211E00202160 /* ShopLiveWebView.swift */; };
		BFAD8EDD265A24DA00202160 /* LiveStreamViewControllerCombine.swift in Sources */ = {isa = PBXBuildFile; fileRef = BFAD8E89265A211E00202160 /* LiveStreamViewControllerCombine.swift */; };
		BFAD8EDE265A24DA00202160 /* PerfMeasurements.swift in Sources */ = {isa = PBXBuildFile; fileRef = 1BED2D9225DA4BAB002BFEED /* PerfMeasurements.swift */; };
		BFAD8EDF265A24DA00202160 /* ShopLiveDefines.swift in Sources */ = {isa = PBXBuildFile; fileRef = BFAD8E92265A211E00202160 /* ShopLiveDefines.swift */; };
		BFAD8EE0265A24DA00202160 /* VideoView.swift in Sources */ = {isa = PBXBuildFile; fileRef = BFAD8E94265A211E00202160 /* VideoView.swift */; };
		BFAD8EE1265A24DA00202160 /* ShopLiveSDKInterface.swift in Sources */ = {isa = PBXBuildFile; fileRef = 1B9D659025F1CE4400E9CD4F /* ShopLiveSDKInterface.swift */; };
		BFAD8EE2265A24DA00202160 /* ShopLive.swift in Sources */ = {isa = PBXBuildFile; fileRef = 1BA5156925CBDD3F00070181 /* ShopLive.swift */; };
		BFAD8EE3265A24DA00202160 /* ShopLiveLogger.swift in Sources */ = {isa = PBXBuildFile; fileRef = 1BAA0D5925EDD36200DC22CE /* ShopLiveLogger.swift */; };
		BFAD8EE4265A24DA00202160 /* ShopLiveWebInterface.swift in Sources */ = {isa = PBXBuildFile; fileRef = BFAD8E93265A211E00202160 /* ShopLiveWebInterface.swift */; };
		BFAD8EE5265A24DA00202160 /* ShopLiveCombine.swift in Sources */ = {isa = PBXBuildFile; fileRef = BFAD8E86265A211E00202160 /* ShopLiveCombine.swift */; };
		BFAD8EE6265A24DA00202160 /* ShopLiveUser.swift in Sources */ = {isa = PBXBuildFile; fileRef = 1B3CD68F2600647E00B94997 /* ShopLiveUser.swift */; };
		BFAD8EE7265A24DA00202160 /* OverlayWebViewRxSwift.swift in Sources */ = {isa = PBXBuildFile; fileRef = BFAD8E8F265A211E00202160 /* OverlayWebViewRxSwift.swift */; };
		BFAD8EE8265A24DA00202160 /* LiveStreamViewModelRxSwift.swift in Sources */ = {isa = PBXBuildFile; fileRef = BFAD8E8C265A211E00202160 /* LiveStreamViewModelRxSwift.swift */; };
		BFAD8EE9265A24DA00202160 /* LiveStreamViewControllerRxSwift.swift in Sources */ = {isa = PBXBuildFile; fileRef = BFAD8E8D265A211E00202160 /* LiveStreamViewControllerRxSwift.swift */; };
		BFAD8EEA265A24DA00202160 /* ShopLiveRxSwift.swift in Sources */ = {isa = PBXBuildFile; fileRef = BFAD8E8E265A211E00202160 /* ShopLiveRxSwift.swift */; };
		BFBBACA42699EC4500574958 /* CallKit.framework in Frameworks */ = {isa = PBXBuildFile; fileRef = BFBBACA32699EC4500574958 /* CallKit.framework */; };
		BFBBACA52699EC5300574958 /* CallKit.framework in Frameworks */ = {isa = PBXBuildFile; fileRef = BFBBACA32699EC4500574958 /* CallKit.framework */; };
		BFBBACA7269AD04E00574958 /* ShopLiveConfiguration.swift in Sources */ = {isa = PBXBuildFile; fileRef = BFBBACA6269AD04E00574958 /* ShopLiveConfiguration.swift */; };
		BFBBACA8269AD04E00574958 /* ShopLiveConfiguration.swift in Sources */ = {isa = PBXBuildFile; fileRef = BFBBACA6269AD04E00574958 /* ShopLiveConfiguration.swift */; };
		BFBBAEB426A17F7A00574958 /* ShopLiveSDK.h in Headers */ = {isa = PBXBuildFile; fileRef = 1BA5155025CBDCD100070181 /* ShopLiveSDK.h */; settings = {ATTRIBUTES = (Public, ); }; };
		BFBBAEB626A17F7A00574958 /* LiveStreamViewControllerCombine.swift in Sources */ = {isa = PBXBuildFile; fileRef = BFAD8E89265A211E00202160 /* LiveStreamViewControllerCombine.swift */; };
		BFBBAEB726A17F7A00574958 /* LiveStreamViewModelCombine.swift in Sources */ = {isa = PBXBuildFile; fileRef = BFAD8E8A265A211E00202160 /* LiveStreamViewModelCombine.swift */; };
		BFBBAEB826A17F7A00574958 /* LiveStreamViewControllerRxSwift.swift in Sources */ = {isa = PBXBuildFile; fileRef = BFAD8E8D265A211E00202160 /* LiveStreamViewControllerRxSwift.swift */; };
		BFBBAEB926A17F7A00574958 /* OverlayWebViewCombine.swift in Sources */ = {isa = PBXBuildFile; fileRef = BFAD8E88265A211E00202160 /* OverlayWebViewCombine.swift */; };
		BFBBAEBA26A17F7A00574958 /* ShopLiveLogger.swift in Sources */ = {isa = PBXBuildFile; fileRef = 1BAA0D5925EDD36200DC22CE /* ShopLiveLogger.swift */; };
		BFBBAEBB26A17F7A00574958 /* VideoView.swift in Sources */ = {isa = PBXBuildFile; fileRef = BFAD8E94265A211E00202160 /* VideoView.swift */; };
		BFBBAEBC26A17F7A00574958 /* ShopLiveCombine.swift in Sources */ = {isa = PBXBuildFile; fileRef = BFAD8E86265A211E00202160 /* ShopLiveCombine.swift */; };
		BFBBAEBD26A17F7A00574958 /* PerfMeasurements.swift in Sources */ = {isa = PBXBuildFile; fileRef = 1BED2D9225DA4BAB002BFEED /* PerfMeasurements.swift */; };
		BFBBAEBE26A17F7A00574958 /* Extensions.swift in Sources */ = {isa = PBXBuildFile; fileRef = BFC00CBD26947B2700BD8733 /* Extensions.swift */; };
		BFBBAEBF26A17F7A00574958 /* ChattingWriteView.swift in Sources */ = {isa = PBXBuildFile; fileRef = BF8D724D267AE5BC00ED2750 /* ChattingWriteView.swift */; };
		BFBBAEC026A17F7A00574958 /* SLNextGrowingInternalTextView.swift in Sources */ = {isa = PBXBuildFile; fileRef = BF8D7252267AE75B00ED2750 /* SLNextGrowingInternalTextView.swift */; };
		BFBBAEC126A17F7A00574958 /* ShopLiveDefines.swift in Sources */ = {isa = PBXBuildFile; fileRef = BFAD8E92265A211E00202160 /* ShopLiveDefines.swift */; };
		BFBBAEC226A17F7A00574958 /* LiveStreamViewModelRxSwift.swift in Sources */ = {isa = PBXBuildFile; fileRef = BFAD8E8C265A211E00202160 /* LiveStreamViewModelRxSwift.swift */; };
		BFBBAEC326A17F7A00574958 /* ShopLiveSDKInterface.swift in Sources */ = {isa = PBXBuildFile; fileRef = 1B9D659025F1CE4400E9CD4F /* ShopLiveSDKInterface.swift */; };
		BFBBAEC426A17F7A00574958 /* ShopLiveConfiguration.swift in Sources */ = {isa = PBXBuildFile; fileRef = BFBBACA6269AD04E00574958 /* ShopLiveConfiguration.swift */; };
		BFBBAEC526A17F7A00574958 /* ShopLiveWebView.swift in Sources */ = {isa = PBXBuildFile; fileRef = BFAD8E91265A211E00202160 /* ShopLiveWebView.swift */; };
		BFBBAEC626A17F7A00574958 /* ShopLiveRxSwift.swift in Sources */ = {isa = PBXBuildFile; fileRef = BFAD8E8E265A211E00202160 /* ShopLiveRxSwift.swift */; };
		BFBBAEC726A17F7A00574958 /* ShopLive.swift in Sources */ = {isa = PBXBuildFile; fileRef = 1BA5156925CBDD3F00070181 /* ShopLive.swift */; };
		BFBBAEC826A17F7A00574958 /* SLNextGrowingTextView.swift in Sources */ = {isa = PBXBuildFile; fileRef = BF8D7251267AE75B00ED2750 /* SLNextGrowingTextView.swift */; };
		BFBBAEC926A17F7A00574958 /* ShopLiveUser.swift in Sources */ = {isa = PBXBuildFile; fileRef = 1B3CD68F2600647E00B94997 /* ShopLiveUser.swift */; };
		BFBBAECA26A17F7A00574958 /* ShopLiveWebInterface.swift in Sources */ = {isa = PBXBuildFile; fileRef = BFAD8E93265A211E00202160 /* ShopLiveWebInterface.swift */; };
		BFBBAECB26A17F7A00574958 /* OverlayWebViewRxSwift.swift in Sources */ = {isa = PBXBuildFile; fileRef = BFAD8E8F265A211E00202160 /* OverlayWebViewRxSwift.swift */; };
		BFBBAECD26A17F7A00574958 /* CallKit.framework in Frameworks */ = {isa = PBXBuildFile; fileRef = BFBBACA32699EC4500574958 /* CallKit.framework */; };
		BFBBAECF26A17F7A00574958 /* Localizable.strings in Resources */ = {isa = PBXBuildFile; fileRef = BFC00CC72695EC9E00BD8733 /* Localizable.strings */; };
		BFBBAEEC26A192EA00574958 /* ViewController.swift in Sources */ = {isa = PBXBuildFile; fileRef = BFAD8EB0265A23FD00202160 /* ViewController.swift */; };
		BFBBAEED26A192EA00574958 /* ShopLiveDemoKeyTools.swift in Sources */ = {isa = PBXBuildFile; fileRef = BFBBB03D2670EF520025ED1D /* ShopLiveDemoKeyTools.swift */; };
		BFBBAEF626A192EA00574958 /* AppDelegate.swift in Sources */ = {isa = PBXBuildFile; fileRef = BFAD8EAC265A23FD00202160 /* AppDelegate.swift */; };
		BFBBAEF926A192EA00574958 /* ShopLiveKeySet.swift in Sources */ = {isa = PBXBuildFile; fileRef = BFBBB0392670ECA50025ED1D /* ShopLiveKeySet.swift */; };
		BFBBAEFD26A192EA00574958 /* SceneDelegate.swift in Sources */ = {isa = PBXBuildFile; fileRef = BFAD8EAE265A23FD00202160 /* SceneDelegate.swift */; };
		BFBBAF0226A192EA00574958 /* KeySetRegisterController.swift in Sources */ = {isa = PBXBuildFile; fileRef = BFBBB04126710E7B0025ED1D /* KeySetRegisterController.swift */; };
		BFBBAF0726A192EA00574958 /* CallKit.framework in Frameworks */ = {isa = PBXBuildFile; fileRef = BFBBACA32699EC4500574958 /* CallKit.framework */; };
		BFBBAF0826A192EA00574958 /* SafariServices.framework in Frameworks */ = {isa = PBXBuildFile; fileRef = BFF91D86266D2FE800B659C1 /* SafariServices.framework */; };
		BFBBAF0A26A192EA00574958 /* LaunchScreen.storyboard in Resources */ = {isa = PBXBuildFile; fileRef = BFAD8EB7265A23FE00202160 /* LaunchScreen.storyboard */; };
		BFBBAF0B26A192EA00574958 /* Localizable.strings in Resources */ = {isa = PBXBuildFile; fileRef = BFC00CC72695EC9E00BD8733 /* Localizable.strings */; };
		BFBBAF0C26A192EA00574958 /* Assets.xcassets in Resources */ = {isa = PBXBuildFile; fileRef = BFAD8EB5265A23FE00202160 /* Assets.xcassets */; };
		BFBBAF0D26A192EA00574958 /* Main.storyboard in Resources */ = {isa = PBXBuildFile; fileRef = BFAD8EB2265A23FD00202160 /* Main.storyboard */; };
		BFBBAF1326A1943400574958 /* build in Resources */ = {isa = PBXBuildFile; fileRef = BFBBAF1226A1943400574958 /* build */; };
		BFBBAF1426A1944A00574958 /* ShopLiveSDK.xcframework in Frameworks */ = {isa = PBXBuildFile; fileRef = BFBBAED526A1921200574958 /* ShopLiveSDK.xcframework */; };
		BFBBAF1526A1944A00574958 /* ShopLiveSDK.xcframework in Embed Frameworks */ = {isa = PBXBuildFile; fileRef = BFBBAED526A1921200574958 /* ShopLiveSDK.xcframework */; settings = {ATTRIBUTES = (CodeSignOnCopy, RemoveHeadersOnCopy, ); }; };
		BFBBAF1B26A195E400574958 /* ViewController.swift in Sources */ = {isa = PBXBuildFile; fileRef = BFAD8EB0265A23FD00202160 /* ViewController.swift */; };
		BFBBAF1C26A195E400574958 /* ShopLiveDemoKeyTools.swift in Sources */ = {isa = PBXBuildFile; fileRef = BFBBB03D2670EF520025ED1D /* ShopLiveDemoKeyTools.swift */; };
		BFBBAF2526A195E400574958 /* AppDelegate.swift in Sources */ = {isa = PBXBuildFile; fileRef = BFAD8EAC265A23FD00202160 /* AppDelegate.swift */; };
		BFBBAF2826A195E400574958 /* ShopLiveKeySet.swift in Sources */ = {isa = PBXBuildFile; fileRef = BFBBB0392670ECA50025ED1D /* ShopLiveKeySet.swift */; };
		BFBBAF2C26A195E400574958 /* SceneDelegate.swift in Sources */ = {isa = PBXBuildFile; fileRef = BFAD8EAE265A23FD00202160 /* SceneDelegate.swift */; };
		BFBBAF3126A195E400574958 /* KeySetRegisterController.swift in Sources */ = {isa = PBXBuildFile; fileRef = BFBBB04126710E7B0025ED1D /* KeySetRegisterController.swift */; };
		BFBBAF3626A195E400574958 /* CallKit.framework in Frameworks */ = {isa = PBXBuildFile; fileRef = BFBBACA32699EC4500574958 /* CallKit.framework */; };
		BFBBAF3726A195E400574958 /* SafariServices.framework in Frameworks */ = {isa = PBXBuildFile; fileRef = BFF91D86266D2FE800B659C1 /* SafariServices.framework */; };
		BFBBAF3926A195E400574958 /* LaunchScreen.storyboard in Resources */ = {isa = PBXBuildFile; fileRef = BFAD8EB7265A23FE00202160 /* LaunchScreen.storyboard */; };
		BFBBAF3A26A195E400574958 /* Localizable.strings in Resources */ = {isa = PBXBuildFile; fileRef = BFC00CC72695EC9E00BD8733 /* Localizable.strings */; };
		BFBBAF3B26A195E400574958 /* Assets.xcassets in Resources */ = {isa = PBXBuildFile; fileRef = BFAD8EB5265A23FE00202160 /* Assets.xcassets */; };
		BFBBAF3C26A195E400574958 /* Main.storyboard in Resources */ = {isa = PBXBuildFile; fileRef = BFAD8EB2265A23FD00202160 /* Main.storyboard */; };
		BFBBAF4126A19B2600574958 /* build in Resources */ = {isa = PBXBuildFile; fileRef = BFBBAF1226A1943400574958 /* build */; };
		BFBBAF4326A19B4F00574958 /* ShopLiveSDK.xcframework in Frameworks */ = {isa = PBXBuildFile; fileRef = BFBBAF4226A19B4F00574958 /* ShopLiveSDK.xcframework */; };
		BFBBAF4426A19B4F00574958 /* ShopLiveSDK.xcframework in Embed Frameworks */ = {isa = PBXBuildFile; fileRef = BFBBAF4226A19B4F00574958 /* ShopLiveSDK.xcframework */; settings = {ATTRIBUTES = (CodeSignOnCopy, RemoveHeadersOnCopy, ); }; };
		BFBBB03C2670ECB10025ED1D /* ShopLiveKeySet.swift in Sources */ = {isa = PBXBuildFile; fileRef = BFBBB0392670ECA50025ED1D /* ShopLiveKeySet.swift */; };
		BFBBB03E2670EF520025ED1D /* ShopLiveDemoKeyTools.swift in Sources */ = {isa = PBXBuildFile; fileRef = BFBBB03D2670EF520025ED1D /* ShopLiveDemoKeyTools.swift */; };
		BFBBB04326710E7B0025ED1D /* KeySetRegisterController.swift in Sources */ = {isa = PBXBuildFile; fileRef = BFBBB04126710E7B0025ED1D /* KeySetRegisterController.swift */; };
		BFC00CBE26947B2700BD8733 /* Extensions.swift in Sources */ = {isa = PBXBuildFile; fileRef = BFC00CBD26947B2700BD8733 /* Extensions.swift */; };
		BFC00CBF26957D1600BD8733 /* Extensions.swift in Sources */ = {isa = PBXBuildFile; fileRef = BFC00CBD26947B2700BD8733 /* Extensions.swift */; };
		BFC00CC42695EC9E00BD8733 /* Localizable.strings in Resources */ = {isa = PBXBuildFile; fileRef = BFC00CC72695EC9E00BD8733 /* Localizable.strings */; };
		BFC00CC52695EC9E00BD8733 /* Localizable.strings in Resources */ = {isa = PBXBuildFile; fileRef = BFC00CC72695EC9E00BD8733 /* Localizable.strings */; };
		BFF91D87266D2FE800B659C1 /* SafariServices.framework in Frameworks */ = {isa = PBXBuildFile; fileRef = BFF91D86266D2FE800B659C1 /* SafariServices.framework */; };
		FCEC30B26026FE0EF291749E /* Pods_ShopLiveSDKRx.framework in Frameworks */ = {isa = PBXBuildFile; fileRef = 74A813FF90407CD59252B29D /* Pods_ShopLiveSDKRx.framework */; };
/* End PBXBuildFile section */

/* Begin PBXContainerItemProxy section */
		1BA5155825CBDCD100070181 /* PBXContainerItemProxy */ = {
			isa = PBXContainerItemProxy;
			containerPortal = 1BA5154425CBDCD100070181 /* Project object */;
			proxyType = 1;
			remoteGlobalIDString = 1BA5154C25CBDCD100070181;
			remoteInfo = ShopLiveSDK;
		};
		BFAD8EC0265A23FE00202160 /* PBXContainerItemProxy */ = {
			isa = PBXContainerItemProxy;
			containerPortal = 1BA5154425CBDCD100070181 /* Project object */;
			proxyType = 1;
			remoteGlobalIDString = BFAD8EA9265A23FD00202160;
			remoteInfo = SwiftDemo;
		};
		BFAD8ECB265A23FE00202160 /* PBXContainerItemProxy */ = {
			isa = PBXContainerItemProxy;
			containerPortal = 1BA5154425CBDCD100070181 /* Project object */;
			proxyType = 1;
			remoteGlobalIDString = BFAD8EA9265A23FD00202160;
			remoteInfo = SwiftDemo;
		};
/* End PBXContainerItemProxy section */

/* Begin PBXCopyFilesBuildPhase section */
		BFBBAF1626A1944A00574958 /* Embed Frameworks */ = {
			isa = PBXCopyFilesBuildPhase;
			buildActionMask = 2147483647;
			dstPath = "";
			dstSubfolderSpec = 10;
			files = (
				BFBBAF1526A1944A00574958 /* ShopLiveSDK.xcframework in Embed Frameworks */,
			);
			name = "Embed Frameworks";
			runOnlyForDeploymentPostprocessing = 0;
		};
		BFBBAF4526A19B4F00574958 /* Embed Frameworks */ = {
			isa = PBXCopyFilesBuildPhase;
			buildActionMask = 2147483647;
			dstPath = "";
			dstSubfolderSpec = 10;
			files = (
				BFBBAF4426A19B4F00574958 /* ShopLiveSDK.xcframework in Embed Frameworks */,
			);
			name = "Embed Frameworks";
			runOnlyForDeploymentPostprocessing = 0;
		};
/* End PBXCopyFilesBuildPhase section */

/* Begin PBXFileReference section */
		1B3CD68F2600647E00B94997 /* ShopLiveUser.swift */ = {isa = PBXFileReference; lastKnownFileType = sourcecode.swift; path = ShopLiveUser.swift; sourceTree = "<group>"; };
		1B9D659025F1CE4400E9CD4F /* ShopLiveSDKInterface.swift */ = {isa = PBXFileReference; lastKnownFileType = sourcecode.swift; path = ShopLiveSDKInterface.swift; sourceTree = "<group>"; };
		1BA5154D25CBDCD100070181 /* ShopLiveSDK.framework */ = {isa = PBXFileReference; explicitFileType = wrapper.framework; includeInIndex = 0; path = ShopLiveSDK.framework; sourceTree = BUILT_PRODUCTS_DIR; };
		1BA5155025CBDCD100070181 /* ShopLiveSDK.h */ = {isa = PBXFileReference; lastKnownFileType = sourcecode.c.h; path = ShopLiveSDK.h; sourceTree = "<group>"; };
		1BA5155125CBDCD100070181 /* Info.plist */ = {isa = PBXFileReference; lastKnownFileType = text.plist.xml; path = Info.plist; sourceTree = "<group>"; };
		1BA5155625CBDCD100070181 /* ShopLiveSDKTests.xctest */ = {isa = PBXFileReference; explicitFileType = wrapper.cfbundle; includeInIndex = 0; path = ShopLiveSDKTests.xctest; sourceTree = BUILT_PRODUCTS_DIR; };
		1BA5155B25CBDCD100070181 /* ShopLiveSDKTests.swift */ = {isa = PBXFileReference; lastKnownFileType = sourcecode.swift; path = ShopLiveSDKTests.swift; sourceTree = "<group>"; };
		1BA5155D25CBDCD200070181 /* Info.plist */ = {isa = PBXFileReference; lastKnownFileType = text.plist.xml; path = Info.plist; sourceTree = "<group>"; };
		1BA5156925CBDD3F00070181 /* ShopLive.swift */ = {isa = PBXFileReference; lastKnownFileType = sourcecode.swift; path = ShopLive.swift; sourceTree = "<group>"; };
		1BAA0D5925EDD36200DC22CE /* ShopLiveLogger.swift */ = {isa = PBXFileReference; lastKnownFileType = sourcecode.swift; path = ShopLiveLogger.swift; sourceTree = "<group>"; };
		1BED2D9225DA4BAB002BFEED /* PerfMeasurements.swift */ = {isa = PBXFileReference; fileEncoding = 4; lastKnownFileType = sourcecode.swift; path = PerfMeasurements.swift; sourceTree = "<group>"; };
		4BB636F344309B39C335E9A2 /* Pods_ShopLiveWithModuleDemo.framework */ = {isa = PBXFileReference; explicitFileType = wrapper.framework; includeInIndex = 0; path = Pods_ShopLiveWithModuleDemo.framework; sourceTree = BUILT_PRODUCTS_DIR; };
		749CFF1B8A85B38B21C071F0 /* Pods-ShopLiveWithModuleDemo.debug.xcconfig */ = {isa = PBXFileReference; includeInIndex = 1; lastKnownFileType = text.xcconfig; name = "Pods-ShopLiveWithModuleDemo.debug.xcconfig"; path = "Target Support Files/Pods-ShopLiveWithModuleDemo/Pods-ShopLiveWithModuleDemo.debug.xcconfig"; sourceTree = "<group>"; };
		74A813FF90407CD59252B29D /* Pods_ShopLiveSDKRx.framework */ = {isa = PBXFileReference; explicitFileType = wrapper.framework; includeInIndex = 0; path = Pods_ShopLiveSDKRx.framework; sourceTree = BUILT_PRODUCTS_DIR; };
		86C35999098605C5DFFC2113 /* Pods-ShopLiveSDKRx.debug.xcconfig */ = {isa = PBXFileReference; includeInIndex = 1; lastKnownFileType = text.xcconfig; name = "Pods-ShopLiveSDKRx.debug.xcconfig"; path = "Target Support Files/Pods-ShopLiveSDKRx/Pods-ShopLiveSDKRx.debug.xcconfig"; sourceTree = "<group>"; };
		BF8D724D267AE5BC00ED2750 /* ChattingWriteView.swift */ = {isa = PBXFileReference; lastKnownFileType = sourcecode.swift; path = ChattingWriteView.swift; sourceTree = "<group>"; };
		BF8D7251267AE75B00ED2750 /* SLNextGrowingTextView.swift */ = {isa = PBXFileReference; fileEncoding = 4; lastKnownFileType = sourcecode.swift; path = SLNextGrowingTextView.swift; sourceTree = "<group>"; };
		BF8D7252267AE75B00ED2750 /* SLNextGrowingInternalTextView.swift */ = {isa = PBXFileReference; fileEncoding = 4; lastKnownFileType = sourcecode.swift; path = SLNextGrowingInternalTextView.swift; sourceTree = "<group>"; };
		BFAD8E86265A211E00202160 /* ShopLiveCombine.swift */ = {isa = PBXFileReference; fileEncoding = 4; lastKnownFileType = sourcecode.swift; path = ShopLiveCombine.swift; sourceTree = "<group>"; };
		BFAD8E88265A211E00202160 /* OverlayWebViewCombine.swift */ = {isa = PBXFileReference; fileEncoding = 4; lastKnownFileType = sourcecode.swift; path = OverlayWebViewCombine.swift; sourceTree = "<group>"; };
		BFAD8E89265A211E00202160 /* LiveStreamViewControllerCombine.swift */ = {isa = PBXFileReference; fileEncoding = 4; lastKnownFileType = sourcecode.swift; path = LiveStreamViewControllerCombine.swift; sourceTree = "<group>"; };
		BFAD8E8A265A211E00202160 /* LiveStreamViewModelCombine.swift */ = {isa = PBXFileReference; fileEncoding = 4; lastKnownFileType = sourcecode.swift; path = LiveStreamViewModelCombine.swift; sourceTree = "<group>"; };
		BFAD8E8C265A211E00202160 /* LiveStreamViewModelRxSwift.swift */ = {isa = PBXFileReference; fileEncoding = 4; lastKnownFileType = sourcecode.swift; path = LiveStreamViewModelRxSwift.swift; sourceTree = "<group>"; };
		BFAD8E8D265A211E00202160 /* LiveStreamViewControllerRxSwift.swift */ = {isa = PBXFileReference; fileEncoding = 4; lastKnownFileType = sourcecode.swift; path = LiveStreamViewControllerRxSwift.swift; sourceTree = "<group>"; };
		BFAD8E8E265A211E00202160 /* ShopLiveRxSwift.swift */ = {isa = PBXFileReference; fileEncoding = 4; lastKnownFileType = sourcecode.swift; path = ShopLiveRxSwift.swift; sourceTree = "<group>"; };
		BFAD8E8F265A211E00202160 /* OverlayWebViewRxSwift.swift */ = {isa = PBXFileReference; fileEncoding = 4; lastKnownFileType = sourcecode.swift; path = OverlayWebViewRxSwift.swift; sourceTree = "<group>"; };
		BFAD8E91265A211E00202160 /* ShopLiveWebView.swift */ = {isa = PBXFileReference; fileEncoding = 4; lastKnownFileType = sourcecode.swift; path = ShopLiveWebView.swift; sourceTree = "<group>"; };
		BFAD8E92265A211E00202160 /* ShopLiveDefines.swift */ = {isa = PBXFileReference; fileEncoding = 4; lastKnownFileType = sourcecode.swift; path = ShopLiveDefines.swift; sourceTree = "<group>"; };
		BFAD8E93265A211E00202160 /* ShopLiveWebInterface.swift */ = {isa = PBXFileReference; fileEncoding = 4; lastKnownFileType = sourcecode.swift; path = ShopLiveWebInterface.swift; sourceTree = "<group>"; };
		BFAD8E94265A211E00202160 /* VideoView.swift */ = {isa = PBXFileReference; fileEncoding = 4; lastKnownFileType = sourcecode.swift; path = VideoView.swift; sourceTree = "<group>"; };
		BFAD8EAA265A23FD00202160 /* ShopLiveDemo.app */ = {isa = PBXFileReference; explicitFileType = wrapper.application; includeInIndex = 0; path = ShopLiveDemo.app; sourceTree = BUILT_PRODUCTS_DIR; };
		BFAD8EAC265A23FD00202160 /* AppDelegate.swift */ = {isa = PBXFileReference; lastKnownFileType = sourcecode.swift; path = AppDelegate.swift; sourceTree = "<group>"; };
		BFAD8EAE265A23FD00202160 /* SceneDelegate.swift */ = {isa = PBXFileReference; lastKnownFileType = sourcecode.swift; path = SceneDelegate.swift; sourceTree = "<group>"; };
		BFAD8EB0265A23FD00202160 /* ViewController.swift */ = {isa = PBXFileReference; lastKnownFileType = sourcecode.swift; path = ViewController.swift; sourceTree = "<group>"; };
		BFAD8EB3265A23FD00202160 /* Base */ = {isa = PBXFileReference; lastKnownFileType = file.storyboard; name = Base; path = Base.lproj/Main.storyboard; sourceTree = "<group>"; };
		BFAD8EB5265A23FE00202160 /* Assets.xcassets */ = {isa = PBXFileReference; lastKnownFileType = folder.assetcatalog; path = Assets.xcassets; sourceTree = "<group>"; };
		BFAD8EB8265A23FE00202160 /* Base */ = {isa = PBXFileReference; lastKnownFileType = file.storyboard; name = Base; path = Base.lproj/LaunchScreen.storyboard; sourceTree = "<group>"; };
		BFAD8EBA265A23FE00202160 /* Info.plist */ = {isa = PBXFileReference; lastKnownFileType = text.plist.xml; path = Info.plist; sourceTree = "<group>"; };
		BFAD8EBF265A23FE00202160 /* SwiftDemoTests.xctest */ = {isa = PBXFileReference; explicitFileType = wrapper.cfbundle; includeInIndex = 0; path = SwiftDemoTests.xctest; sourceTree = BUILT_PRODUCTS_DIR; };
		BFAD8EC3265A23FE00202160 /* SwiftDemoTests.swift */ = {isa = PBXFileReference; lastKnownFileType = sourcecode.swift; path = SwiftDemoTests.swift; sourceTree = "<group>"; };
		BFAD8EC5265A23FE00202160 /* Info.plist */ = {isa = PBXFileReference; lastKnownFileType = text.plist.xml; path = Info.plist; sourceTree = "<group>"; };
		BFAD8ECA265A23FE00202160 /* SwiftDemoUITests.xctest */ = {isa = PBXFileReference; explicitFileType = wrapper.cfbundle; includeInIndex = 0; path = SwiftDemoUITests.xctest; sourceTree = BUILT_PRODUCTS_DIR; };
		BFAD8ECE265A23FE00202160 /* SwiftDemoUITests.swift */ = {isa = PBXFileReference; lastKnownFileType = sourcecode.swift; path = SwiftDemoUITests.swift; sourceTree = "<group>"; };
		BFAD8ED0265A23FE00202160 /* Info.plist */ = {isa = PBXFileReference; lastKnownFileType = text.plist.xml; path = Info.plist; sourceTree = "<group>"; };
		BFBBACA02699EAEC00574958 /* CoreTelephony.framework */ = {isa = PBXFileReference; lastKnownFileType = wrapper.framework; name = CoreTelephony.framework; path = System/Library/Frameworks/CoreTelephony.framework; sourceTree = SDKROOT; };
		BFBBACA32699EC4500574958 /* CallKit.framework */ = {isa = PBXFileReference; lastKnownFileType = wrapper.framework; name = CallKit.framework; path = System/Library/Frameworks/CallKit.framework; sourceTree = SDKROOT; };
		BFBBACA6269AD04E00574958 /* ShopLiveConfiguration.swift */ = {isa = PBXFileReference; lastKnownFileType = sourcecode.swift; path = ShopLiveConfiguration.swift; sourceTree = "<group>"; };
		BFBBAE4A26A0414800574958 /* ShopLiveSDK.xcframework */ = {isa = PBXFileReference; lastKnownFileType = wrapper.xcframework; name = ShopLiveSDK.xcframework; path = build/ShopLiveSDK.xcframework; sourceTree = "<group>"; };
		BFBBAED326A17F7A00574958 /* ShopLiveSDK.framework */ = {isa = PBXFileReference; explicitFileType = wrapper.framework; includeInIndex = 0; path = ShopLiveSDK.framework; sourceTree = BUILT_PRODUCTS_DIR; };
		BFBBAED426A17F7B00574958 /* ShopLiveSDK RxSwift-Info.plist */ = {isa = PBXFileReference; lastKnownFileType = text.plist.xml; name = "ShopLiveSDK RxSwift-Info.plist"; path = "/Users/vincent/repo/matrix-sdk-ios/ShopLiveSDK RxSwift-Info.plist"; sourceTree = "<absolute>"; };
		BFBBAED526A1921200574958 /* ShopLiveSDK.xcframework */ = {isa = PBXFileReference; lastKnownFileType = wrapper.xcframework; name = ShopLiveSDK.xcframework; path = build/rxswift/ShopLiveSDK.xcframework; sourceTree = "<group>"; };
		BFBBAF1126A192EA00574958 /* ShopLiveWithModuleDemo.app */ = {isa = PBXFileReference; explicitFileType = wrapper.application; includeInIndex = 0; path = ShopLiveWithModuleDemo.app; sourceTree = BUILT_PRODUCTS_DIR; };
		BFBBAF1226A1943400574958 /* build */ = {isa = PBXFileReference; fileEncoding = 4; lastKnownFileType = text; path = build; sourceTree = SOURCE_ROOT; };
		BFBBAF4026A195E400574958 /* ShopLiveDemoCombine.app */ = {isa = PBXFileReference; explicitFileType = wrapper.application; includeInIndex = 0; path = ShopLiveDemoCombine.app; sourceTree = BUILT_PRODUCTS_DIR; };
		BFBBAF4226A19B4F00574958 /* ShopLiveSDK.xcframework */ = {isa = PBXFileReference; lastKnownFileType = wrapper.xcframework; name = ShopLiveSDK.xcframework; path = build/combine/ShopLiveSDK.xcframework; sourceTree = "<group>"; };
		BFBBB0392670ECA50025ED1D /* ShopLiveKeySet.swift */ = {isa = PBXFileReference; lastKnownFileType = sourcecode.swift; path = ShopLiveKeySet.swift; sourceTree = "<group>"; };
		BFBBB03D2670EF520025ED1D /* ShopLiveDemoKeyTools.swift */ = {isa = PBXFileReference; lastKnownFileType = sourcecode.swift; path = ShopLiveDemoKeyTools.swift; sourceTree = "<group>"; };
		BFBBB04126710E7B0025ED1D /* KeySetRegisterController.swift */ = {isa = PBXFileReference; lastKnownFileType = sourcecode.swift; path = KeySetRegisterController.swift; sourceTree = "<group>"; };
		BFC00CBD26947B2700BD8733 /* Extensions.swift */ = {isa = PBXFileReference; lastKnownFileType = sourcecode.swift; path = Extensions.swift; sourceTree = "<group>"; };
		BFC00CC62695EC9E00BD8733 /* en */ = {isa = PBXFileReference; lastKnownFileType = text.plist.strings; name = en; path = en.lproj/Localizable.strings; sourceTree = "<group>"; };
		BFC00CC82695ECE000BD8733 /* ko */ = {isa = PBXFileReference; lastKnownFileType = text.plist.strings; name = ko; path = ko.lproj/Localizable.strings; sourceTree = "<group>"; };
		BFF91D86266D2FE800B659C1 /* SafariServices.framework */ = {isa = PBXFileReference; lastKnownFileType = wrapper.framework; name = SafariServices.framework; path = System/Library/Frameworks/SafariServices.framework; sourceTree = SDKROOT; };
		D212903F38E0066842774201 /* Pods-ShopLiveSDKRx.release.xcconfig */ = {isa = PBXFileReference; includeInIndex = 1; lastKnownFileType = text.xcconfig; name = "Pods-ShopLiveSDKRx.release.xcconfig"; path = "Target Support Files/Pods-ShopLiveSDKRx/Pods-ShopLiveSDKRx.release.xcconfig"; sourceTree = "<group>"; };
		F5BA82869FC04D7DE997FACF /* Pods-ShopLiveWithModuleDemo.release.xcconfig */ = {isa = PBXFileReference; includeInIndex = 1; lastKnownFileType = text.xcconfig; name = "Pods-ShopLiveWithModuleDemo.release.xcconfig"; path = "Target Support Files/Pods-ShopLiveWithModuleDemo/Pods-ShopLiveWithModuleDemo.release.xcconfig"; sourceTree = "<group>"; };
/* End PBXFileReference section */

/* Begin PBXFrameworksBuildPhase section */
		1BA5154A25CBDCD100070181 /* Frameworks */ = {
			isa = PBXFrameworksBuildPhase;
			buildActionMask = 2147483647;
			files = (
				BFBBACA52699EC5300574958 /* CallKit.framework in Frameworks */,
			);
			runOnlyForDeploymentPostprocessing = 0;
		};
		1BA5155325CBDCD100070181 /* Frameworks */ = {
			isa = PBXFrameworksBuildPhase;
			buildActionMask = 2147483647;
			files = (
				1BA5155725CBDCD100070181 /* ShopLiveSDK.framework in Frameworks */,
			);
			runOnlyForDeploymentPostprocessing = 0;
		};
		BFAD8EA7265A23FD00202160 /* Frameworks */ = {
			isa = PBXFrameworksBuildPhase;
			buildActionMask = 2147483647;
			files = (
				BFBBACA42699EC4500574958 /* CallKit.framework in Frameworks */,
				BFF91D87266D2FE800B659C1 /* SafariServices.framework in Frameworks */,
			);
			runOnlyForDeploymentPostprocessing = 0;
		};
		BFAD8EBC265A23FE00202160 /* Frameworks */ = {
			isa = PBXFrameworksBuildPhase;
			buildActionMask = 2147483647;
			files = (
			);
			runOnlyForDeploymentPostprocessing = 0;
		};
		BFAD8EC7265A23FE00202160 /* Frameworks */ = {
			isa = PBXFrameworksBuildPhase;
			buildActionMask = 2147483647;
			files = (
			);
			runOnlyForDeploymentPostprocessing = 0;
		};
		BFBBAECC26A17F7A00574958 /* Frameworks */ = {
			isa = PBXFrameworksBuildPhase;
			buildActionMask = 2147483647;
			files = (
				BFBBAECD26A17F7A00574958 /* CallKit.framework in Frameworks */,
				FCEC30B26026FE0EF291749E /* Pods_ShopLiveSDKRx.framework in Frameworks */,
			);
			runOnlyForDeploymentPostprocessing = 0;
		};
		BFBBAF0626A192EA00574958 /* Frameworks */ = {
			isa = PBXFrameworksBuildPhase;
			buildActionMask = 2147483647;
			files = (
				BFBBAF0726A192EA00574958 /* CallKit.framework in Frameworks */,
				BFBBAF0826A192EA00574958 /* SafariServices.framework in Frameworks */,
				BFBBAF1426A1944A00574958 /* ShopLiveSDK.xcframework in Frameworks */,
				40FC1DA54C7DA6594AF0C054 /* Pods_ShopLiveWithModuleDemo.framework in Frameworks */,
			);
			runOnlyForDeploymentPostprocessing = 0;
		};
		BFBBAF3526A195E400574958 /* Frameworks */ = {
			isa = PBXFrameworksBuildPhase;
			buildActionMask = 2147483647;
			files = (
				BFBBAF3626A195E400574958 /* CallKit.framework in Frameworks */,
				BFBBAF4326A19B4F00574958 /* ShopLiveSDK.xcframework in Frameworks */,
				BFBBAF3726A195E400574958 /* SafariServices.framework in Frameworks */,
			);
			runOnlyForDeploymentPostprocessing = 0;
		};
/* End PBXFrameworksBuildPhase section */

/* Begin PBXGroup section */
		1B1AC60B2601E3320016B209 /* Model */ = {
			isa = PBXGroup;
			children = (
				1B3CD68F2600647E00B94997 /* ShopLiveUser.swift */,
			);
			path = Model;
			sourceTree = "<group>";
		};
		1BA5154325CBDCD100070181 = {
			isa = PBXGroup;
			children = (
				1BA5154F25CBDCD100070181 /* ShopLiveSDK */,
				BFAD8EAB265A23FD00202160 /* ShopLiveDemo */,
				1BA5155A25CBDCD100070181 /* ShopLiveSDKTests */,
				BFAD8EC2265A23FE00202160 /* SwiftDemoTests */,
				BFAD8ECD265A23FE00202160 /* SwiftDemoUITests */,
				1BA5154E25CBDCD100070181 /* Products */,
				BFAD8EEB265A24FC00202160 /* Frameworks */,
				2E3D2A18C1A9C0355A0D1CC5 /* Pods */,
			);
			sourceTree = "<group>";
		};
		1BA5154E25CBDCD100070181 /* Products */ = {
			isa = PBXGroup;
			children = (
				1BA5154D25CBDCD100070181 /* ShopLiveSDK.framework */,
				1BA5155625CBDCD100070181 /* ShopLiveSDKTests.xctest */,
				BFAD8EAA265A23FD00202160 /* ShopLiveDemo.app */,
				BFAD8EBF265A23FE00202160 /* SwiftDemoTests.xctest */,
				BFAD8ECA265A23FE00202160 /* SwiftDemoUITests.xctest */,
				BFBBAED326A17F7A00574958 /* ShopLiveSDK.framework */,
				BFBBAF1126A192EA00574958 /* ShopLiveWithModuleDemo.app */,
				BFBBAF4026A195E400574958 /* ShopLiveDemoCombine.app */,
			);
			name = Products;
			sourceTree = "<group>";
		};
		1BA5154F25CBDCD100070181 /* ShopLiveSDK */ = {
			isa = PBXGroup;
			children = (
				BFAD8E84265A211E00202160 /* Component */,
				1B1AC60B2601E3320016B209 /* Model */,
				1BA5155025CBDCD100070181 /* ShopLiveSDK.h */,
				1BA5156925CBDD3F00070181 /* ShopLive.swift */,
				1B9D659025F1CE4400E9CD4F /* ShopLiveSDKInterface.swift */,
				BFBBACA6269AD04E00574958 /* ShopLiveConfiguration.swift */,
				1BAA0D5925EDD36200DC22CE /* ShopLiveLogger.swift */,
				1BED2D9225DA4BAB002BFEED /* PerfMeasurements.swift */,
				1BA5155125CBDCD100070181 /* Info.plist */,
				BFBBAED426A17F7B00574958 /* ShopLiveSDK RxSwift-Info.plist */,
			);
			path = ShopLiveSDK;
			sourceTree = "<group>";
		};
		1BA5155A25CBDCD100070181 /* ShopLiveSDKTests */ = {
			isa = PBXGroup;
			children = (
				1BA5155B25CBDCD100070181 /* ShopLiveSDKTests.swift */,
				1BA5155D25CBDCD200070181 /* Info.plist */,
			);
			path = ShopLiveSDKTests;
			sourceTree = "<group>";
		};
		2E3D2A18C1A9C0355A0D1CC5 /* Pods */ = {
			isa = PBXGroup;
			children = (
				86C35999098605C5DFFC2113 /* Pods-ShopLiveSDKRx.debug.xcconfig */,
				D212903F38E0066842774201 /* Pods-ShopLiveSDKRx.release.xcconfig */,
				749CFF1B8A85B38B21C071F0 /* Pods-ShopLiveWithModuleDemo.debug.xcconfig */,
				F5BA82869FC04D7DE997FACF /* Pods-ShopLiveWithModuleDemo.release.xcconfig */,
			);
			path = Pods;
			sourceTree = "<group>";
		};
		BF8D7250267AE72200ED2750 /* 3rdParty */ = {
			isa = PBXGroup;
			children = (
				BF8D7252267AE75B00ED2750 /* SLNextGrowingInternalTextView.swift */,
				BF8D7251267AE75B00ED2750 /* SLNextGrowingTextView.swift */,
			);
			path = 3rdParty;
			sourceTree = "<group>";
		};
		BFAD8E84265A211E00202160 /* Component */ = {
			isa = PBXGroup;
			children = (
				BFAD8E85265A211E00202160 /* Combine */,
				BFAD8E8B265A211E00202160 /* RxSwift */,
				BFAD8E90265A211E00202160 /* Common */,
			);
			path = Component;
			sourceTree = "<group>";
		};
		BFAD8E85265A211E00202160 /* Combine */ = {
			isa = PBXGroup;
			children = (
				BFAD8E86265A211E00202160 /* ShopLiveCombine.swift */,
				BFAD8E88265A211E00202160 /* OverlayWebViewCombine.swift */,
				BFAD8E89265A211E00202160 /* LiveStreamViewControllerCombine.swift */,
				BFAD8E8A265A211E00202160 /* LiveStreamViewModelCombine.swift */,
			);
			path = Combine;
			sourceTree = "<group>";
		};
		BFAD8E8B265A211E00202160 /* RxSwift */ = {
			isa = PBXGroup;
			children = (
				BFAD8E8C265A211E00202160 /* LiveStreamViewModelRxSwift.swift */,
				BFAD8E8D265A211E00202160 /* LiveStreamViewControllerRxSwift.swift */,
				BFAD8E8E265A211E00202160 /* ShopLiveRxSwift.swift */,
				BFAD8E8F265A211E00202160 /* OverlayWebViewRxSwift.swift */,
			);
			path = RxSwift;
			sourceTree = "<group>";
		};
		BFAD8E90265A211E00202160 /* Common */ = {
			isa = PBXGroup;
			children = (
				BFC00CC02695EC5900BD8733 /* Resource */,
				BF8D7250267AE72200ED2750 /* 3rdParty */,
				BFAD8E91265A211E00202160 /* ShopLiveWebView.swift */,
				BFAD8E92265A211E00202160 /* ShopLiveDefines.swift */,
				BFAD8E93265A211E00202160 /* ShopLiveWebInterface.swift */,
				BFAD8E94265A211E00202160 /* VideoView.swift */,
				BF8D724D267AE5BC00ED2750 /* ChattingWriteView.swift */,
				BFC00CBD26947B2700BD8733 /* Extensions.swift */,
			);
			path = Common;
			sourceTree = "<group>";
		};
		BFAD8EAB265A23FD00202160 /* ShopLiveDemo */ = {
			isa = PBXGroup;
			children = (
				BFBBAF1226A1943400574958 /* build */,
				BFBBB0392670ECA50025ED1D /* ShopLiveKeySet.swift */,
				BFBBB03D2670EF520025ED1D /* ShopLiveDemoKeyTools.swift */,
				BFAD8EAC265A23FD00202160 /* AppDelegate.swift */,
				BFAD8EAE265A23FD00202160 /* SceneDelegate.swift */,
				BFAD8EB0265A23FD00202160 /* ViewController.swift */,
				BFBBB04126710E7B0025ED1D /* KeySetRegisterController.swift */,
				BFAD8EB2265A23FD00202160 /* Main.storyboard */,
				BFAD8EB5265A23FE00202160 /* Assets.xcassets */,
				BFAD8EB7265A23FE00202160 /* LaunchScreen.storyboard */,
				BFAD8EBA265A23FE00202160 /* Info.plist */,
			);
			path = ShopLiveDemo;
			sourceTree = "<group>";
		};
		BFAD8EC2265A23FE00202160 /* SwiftDemoTests */ = {
			isa = PBXGroup;
			children = (
				BFAD8EC3265A23FE00202160 /* SwiftDemoTests.swift */,
				BFAD8EC5265A23FE00202160 /* Info.plist */,
			);
			path = SwiftDemoTests;
			sourceTree = "<group>";
		};
		BFAD8ECD265A23FE00202160 /* SwiftDemoUITests */ = {
			isa = PBXGroup;
			children = (
				BFAD8ECE265A23FE00202160 /* SwiftDemoUITests.swift */,
				BFAD8ED0265A23FE00202160 /* Info.plist */,
			);
			path = SwiftDemoUITests;
			sourceTree = "<group>";
		};
		BFAD8EEB265A24FC00202160 /* Frameworks */ = {
			isa = PBXGroup;
			children = (
				BFBBACA32699EC4500574958 /* CallKit.framework */,
				BFBBAE4A26A0414800574958 /* ShopLiveSDK.xcframework */,
				BFBBAF4226A19B4F00574958 /* ShopLiveSDK.xcframework */,
				BFBBAED526A1921200574958 /* ShopLiveSDK.xcframework */,
				BFBBACA02699EAEC00574958 /* CoreTelephony.framework */,
				BFF91D86266D2FE800B659C1 /* SafariServices.framework */,
				74A813FF90407CD59252B29D /* Pods_ShopLiveSDKRx.framework */,
				4BB636F344309B39C335E9A2 /* Pods_ShopLiveWithModuleDemo.framework */,
			);
			name = Frameworks;
			sourceTree = "<group>";
		};
		BFC00CC02695EC5900BD8733 /* Resource */ = {
			isa = PBXGroup;
			children = (
				BFC00CC72695EC9E00BD8733 /* Localizable.strings */,
			);
			path = Resource;
			sourceTree = "<group>";
		};
/* End PBXGroup section */

/* Begin PBXHeadersBuildPhase section */
		1BA5154825CBDCD100070181 /* Headers */ = {
			isa = PBXHeadersBuildPhase;
			buildActionMask = 2147483647;
			files = (
				1BA5155E25CBDCD200070181 /* ShopLiveSDK.h in Headers */,
			);
			runOnlyForDeploymentPostprocessing = 0;
		};
		BFBBAEB326A17F7A00574958 /* Headers */ = {
			isa = PBXHeadersBuildPhase;
			buildActionMask = 2147483647;
			files = (
				BFBBAEB426A17F7A00574958 /* ShopLiveSDK.h in Headers */,
			);
			runOnlyForDeploymentPostprocessing = 0;
		};
/* End PBXHeadersBuildPhase section */

/* Begin PBXNativeTarget section */
		1BA5154C25CBDCD100070181 /* ShopLiveSDK */ = {
			isa = PBXNativeTarget;
			buildConfigurationList = 1BA5156125CBDCD200070181 /* Build configuration list for PBXNativeTarget "ShopLiveSDK" */;
			buildPhases = (
				1BA5154825CBDCD100070181 /* Headers */,
				1BA5154925CBDCD100070181 /* Sources */,
				1BA5154A25CBDCD100070181 /* Frameworks */,
				1BA5154B25CBDCD100070181 /* Resources */,
			);
			buildRules = (
			);
			dependencies = (
			);
			name = ShopLiveSDK;
			productName = ShopLiveSDK;
			productReference = 1BA5154D25CBDCD100070181 /* ShopLiveSDK.framework */;
			productType = "com.apple.product-type.framework";
		};
		1BA5155525CBDCD100070181 /* ShopLiveSDKTests */ = {
			isa = PBXNativeTarget;
			buildConfigurationList = 1BA5156425CBDCD200070181 /* Build configuration list for PBXNativeTarget "ShopLiveSDKTests" */;
			buildPhases = (
				1BA5155225CBDCD100070181 /* Sources */,
				1BA5155325CBDCD100070181 /* Frameworks */,
				1BA5155425CBDCD100070181 /* Resources */,
			);
			buildRules = (
			);
			dependencies = (
				1BA5155925CBDCD100070181 /* PBXTargetDependency */,
			);
			name = ShopLiveSDKTests;
			productName = ShopLiveSDKTests;
			productReference = 1BA5155625CBDCD100070181 /* ShopLiveSDKTests.xctest */;
			productType = "com.apple.product-type.bundle.unit-test";
		};
		BFAD8EA9265A23FD00202160 /* ShopLiveDemo */ = {
			isa = PBXNativeTarget;
			buildConfigurationList = BFAD8ED1265A23FE00202160 /* Build configuration list for PBXNativeTarget "ShopLiveDemo" */;
			buildPhases = (
				BFAD8EA6265A23FD00202160 /* Sources */,
				BFAD8EA7265A23FD00202160 /* Frameworks */,
				BFAD8EA8265A23FD00202160 /* Resources */,
			);
			buildRules = (
			);
			dependencies = (
			);
			name = ShopLiveDemo;
			productName = SwiftDemo;
			productReference = BFAD8EAA265A23FD00202160 /* ShopLiveDemo.app */;
			productType = "com.apple.product-type.application";
		};
		BFAD8EBE265A23FE00202160 /* SwiftDemoTests */ = {
			isa = PBXNativeTarget;
			buildConfigurationList = BFAD8ED4265A23FE00202160 /* Build configuration list for PBXNativeTarget "SwiftDemoTests" */;
			buildPhases = (
				BFAD8EBB265A23FE00202160 /* Sources */,
				BFAD8EBC265A23FE00202160 /* Frameworks */,
				BFAD8EBD265A23FE00202160 /* Resources */,
			);
			buildRules = (
			);
			dependencies = (
				BFAD8EC1265A23FE00202160 /* PBXTargetDependency */,
			);
			name = SwiftDemoTests;
			productName = SwiftDemoTests;
			productReference = BFAD8EBF265A23FE00202160 /* SwiftDemoTests.xctest */;
			productType = "com.apple.product-type.bundle.unit-test";
		};
		BFAD8EC9265A23FE00202160 /* SwiftDemoUITests */ = {
			isa = PBXNativeTarget;
			buildConfigurationList = BFAD8ED7265A23FE00202160 /* Build configuration list for PBXNativeTarget "SwiftDemoUITests" */;
			buildPhases = (
				BFAD8EC6265A23FE00202160 /* Sources */,
				BFAD8EC7265A23FE00202160 /* Frameworks */,
				BFAD8EC8265A23FE00202160 /* Resources */,
			);
			buildRules = (
			);
			dependencies = (
				BFAD8ECC265A23FE00202160 /* PBXTargetDependency */,
			);
			name = SwiftDemoUITests;
			productName = SwiftDemoUITests;
			productReference = BFAD8ECA265A23FE00202160 /* SwiftDemoUITests.xctest */;
			productType = "com.apple.product-type.bundle.ui-testing";
		};
		BFBBAEB226A17F7A00574958 /* ShopLiveSDKRx */ = {
			isa = PBXNativeTarget;
			buildConfigurationList = BFBBAED026A17F7A00574958 /* Build configuration list for PBXNativeTarget "ShopLiveSDKRx" */;
			buildPhases = (
				7D0B87633CD09BF8002D7A16 /* [CP] Check Pods Manifest.lock */,
				BFBBAEB326A17F7A00574958 /* Headers */,
				BFBBAEB526A17F7A00574958 /* Sources */,
				BFBBAECC26A17F7A00574958 /* Frameworks */,
				BFBBAECE26A17F7A00574958 /* Resources */,
			);
			buildRules = (
			);
			dependencies = (
			);
			name = ShopLiveSDKRx;
			productName = ShopLiveSDK;
			productReference = BFBBAED326A17F7A00574958 /* ShopLiveSDK.framework */;
			productType = "com.apple.product-type.framework";
		};
		BFBBAEE826A192EA00574958 /* ShopLiveWithModuleDemo */ = {
			isa = PBXNativeTarget;
			buildConfigurationList = BFBBAF0E26A192EA00574958 /* Build configuration list for PBXNativeTarget "ShopLiveWithModuleDemo" */;
			buildPhases = (
				1590FFE31FC6D3205F6C9255 /* [CP] Check Pods Manifest.lock */,
				BFBBAEE926A192EA00574958 /* Sources */,
				BFBBAF0626A192EA00574958 /* Frameworks */,
				BFBBAF0926A192EA00574958 /* Resources */,
				79DC4262E2D7962D53F91D63 /* [CP] Embed Pods Frameworks */,
				BFBBAF1626A1944A00574958 /* Embed Frameworks */,
			);
			buildRules = (
			);
			dependencies = (
			);
			name = ShopLiveWithModuleDemo;
			productName = SwiftDemo;
			productReference = BFBBAF1126A192EA00574958 /* ShopLiveWithModuleDemo.app */;
			productType = "com.apple.product-type.application";
		};
		BFBBAF1726A195E400574958 /* ShopLiveDemoCombine */ = {
			isa = PBXNativeTarget;
			buildConfigurationList = BFBBAF3D26A195E400574958 /* Build configuration list for PBXNativeTarget "ShopLiveDemoCombine" */;
			buildPhases = (
				BFBBAF1826A195E400574958 /* Sources */,
				BFBBAF3526A195E400574958 /* Frameworks */,
				BFBBAF3826A195E400574958 /* Resources */,
				BFBBAF4526A19B4F00574958 /* Embed Frameworks */,
			);
			buildRules = (
			);
			dependencies = (
			);
			name = ShopLiveDemoCombine;
			productName = SwiftDemo;
			productReference = BFBBAF4026A195E400574958 /* ShopLiveDemoCombine.app */;
			productType = "com.apple.product-type.application";
		};
/* End PBXNativeTarget section */

/* Begin PBXProject section */
		1BA5154425CBDCD100070181 /* Project object */ = {
			isa = PBXProject;
			attributes = {
				LastSwiftUpdateCheck = 1250;
				LastUpgradeCheck = 1240;
				TargetAttributes = {
					1BA5154C25CBDCD100070181 = {
						CreatedOnToolsVersion = 12.4;
						LastSwiftMigration = 1240;
					};
					1BA5155525CBDCD100070181 = {
						CreatedOnToolsVersion = 12.4;
					};
					BFAD8EA9265A23FD00202160 = {
						CreatedOnToolsVersion = 12.5;
					};
					BFAD8EBE265A23FE00202160 = {
						CreatedOnToolsVersion = 12.5;
						TestTargetID = BFAD8EA9265A23FD00202160;
					};
					BFAD8EC9265A23FE00202160 = {
						CreatedOnToolsVersion = 12.5;
						TestTargetID = BFAD8EA9265A23FD00202160;
					};
				};
			};
			buildConfigurationList = 1BA5154725CBDCD100070181 /* Build configuration list for PBXProject "ShopLiveSDK" */;
			compatibilityVersion = "Xcode 9.3";
			developmentRegion = en;
			hasScannedForEncodings = 0;
			knownRegions = (
				en,
				Base,
				ko,
			);
			mainGroup = 1BA5154325CBDCD100070181;
			productRefGroup = 1BA5154E25CBDCD100070181 /* Products */;
			projectDirPath = "";
			projectRoot = "";
			targets = (
				1BA5154C25CBDCD100070181 /* ShopLiveSDK */,
				BFBBAEB226A17F7A00574958 /* ShopLiveSDKRx */,
				1BA5155525CBDCD100070181 /* ShopLiveSDKTests */,
				BFAD8EA9265A23FD00202160 /* ShopLiveDemo */,
				BFBBAF1726A195E400574958 /* ShopLiveDemoCombine */,
				BFBBAEE826A192EA00574958 /* ShopLiveWithModuleDemo */,
				BFAD8EBE265A23FE00202160 /* SwiftDemoTests */,
				BFAD8EC9265A23FE00202160 /* SwiftDemoUITests */,
			);
		};
/* End PBXProject section */

/* Begin PBXResourcesBuildPhase section */
		1BA5154B25CBDCD100070181 /* Resources */ = {
			isa = PBXResourcesBuildPhase;
			buildActionMask = 2147483647;
			files = (
				BFC00CC42695EC9E00BD8733 /* Localizable.strings in Resources */,
			);
			runOnlyForDeploymentPostprocessing = 0;
		};
		1BA5155425CBDCD100070181 /* Resources */ = {
			isa = PBXResourcesBuildPhase;
			buildActionMask = 2147483647;
			files = (
			);
			runOnlyForDeploymentPostprocessing = 0;
		};
		BFAD8EA8265A23FD00202160 /* Resources */ = {
			isa = PBXResourcesBuildPhase;
			buildActionMask = 2147483647;
			files = (
				BFAD8EB9265A23FE00202160 /* LaunchScreen.storyboard in Resources */,
				BFC00CC52695EC9E00BD8733 /* Localizable.strings in Resources */,
				BFAD8EB6265A23FE00202160 /* Assets.xcassets in Resources */,
				BFAD8EB4265A23FD00202160 /* Main.storyboard in Resources */,
			);
			runOnlyForDeploymentPostprocessing = 0;
		};
		BFAD8EBD265A23FE00202160 /* Resources */ = {
			isa = PBXResourcesBuildPhase;
			buildActionMask = 2147483647;
			files = (
			);
			runOnlyForDeploymentPostprocessing = 0;
		};
		BFAD8EC8265A23FE00202160 /* Resources */ = {
			isa = PBXResourcesBuildPhase;
			buildActionMask = 2147483647;
			files = (
			);
			runOnlyForDeploymentPostprocessing = 0;
		};
		BFBBAECE26A17F7A00574958 /* Resources */ = {
			isa = PBXResourcesBuildPhase;
			buildActionMask = 2147483647;
			files = (
				BFBBAECF26A17F7A00574958 /* Localizable.strings in Resources */,
			);
			runOnlyForDeploymentPostprocessing = 0;
		};
		BFBBAF0926A192EA00574958 /* Resources */ = {
			isa = PBXResourcesBuildPhase;
			buildActionMask = 2147483647;
			files = (
				BFBBAF1326A1943400574958 /* build in Resources */,
				BFBBAF0A26A192EA00574958 /* LaunchScreen.storyboard in Resources */,
				BFBBAF0B26A192EA00574958 /* Localizable.strings in Resources */,
				BFBBAF0C26A192EA00574958 /* Assets.xcassets in Resources */,
				BFBBAF0D26A192EA00574958 /* Main.storyboard in Resources */,
			);
			runOnlyForDeploymentPostprocessing = 0;
		};
		BFBBAF3826A195E400574958 /* Resources */ = {
			isa = PBXResourcesBuildPhase;
			buildActionMask = 2147483647;
			files = (
				BFBBAF4126A19B2600574958 /* build in Resources */,
				BFBBAF3926A195E400574958 /* LaunchScreen.storyboard in Resources */,
				BFBBAF3A26A195E400574958 /* Localizable.strings in Resources */,
				BFBBAF3B26A195E400574958 /* Assets.xcassets in Resources */,
				BFBBAF3C26A195E400574958 /* Main.storyboard in Resources */,
			);
			runOnlyForDeploymentPostprocessing = 0;
		};
/* End PBXResourcesBuildPhase section */

/* Begin PBXShellScriptBuildPhase section */
		1590FFE31FC6D3205F6C9255 /* [CP] Check Pods Manifest.lock */ = {
			isa = PBXShellScriptBuildPhase;
			buildActionMask = 2147483647;
			files = (
			);
			inputFileListPaths = (
			);
			inputPaths = (
				"${PODS_PODFILE_DIR_PATH}/Podfile.lock",
				"${PODS_ROOT}/Manifest.lock",
			);
			name = "[CP] Check Pods Manifest.lock";
			outputFileListPaths = (
			);
			outputPaths = (
				"$(DERIVED_FILE_DIR)/Pods-ShopLiveWithModuleDemo-checkManifestLockResult.txt",
			);
			runOnlyForDeploymentPostprocessing = 0;
			shellPath = /bin/sh;
			shellScript = "diff \"${PODS_PODFILE_DIR_PATH}/Podfile.lock\" \"${PODS_ROOT}/Manifest.lock\" > /dev/null\nif [ $? != 0 ] ; then\n    # print error to STDERR\n    echo \"error: The sandbox is not in sync with the Podfile.lock. Run 'pod install' or update your CocoaPods installation.\" >&2\n    exit 1\nfi\n# This output is used by Xcode 'outputs' to avoid re-running this script phase.\necho \"SUCCESS\" > \"${SCRIPT_OUTPUT_FILE_0}\"\n";
			showEnvVarsInLog = 0;
		};
		79DC4262E2D7962D53F91D63 /* [CP] Embed Pods Frameworks */ = {
			isa = PBXShellScriptBuildPhase;
			buildActionMask = 2147483647;
			files = (
			);
			inputFileListPaths = (
				"${PODS_ROOT}/Target Support Files/Pods-ShopLiveWithModuleDemo/Pods-ShopLiveWithModuleDemo-frameworks-${CONFIGURATION}-input-files.xcfilelist",
			);
			name = "[CP] Embed Pods Frameworks";
			outputFileListPaths = (
				"${PODS_ROOT}/Target Support Files/Pods-ShopLiveWithModuleDemo/Pods-ShopLiveWithModuleDemo-frameworks-${CONFIGURATION}-output-files.xcfilelist",
			);
			runOnlyForDeploymentPostprocessing = 0;
			shellPath = /bin/sh;
			shellScript = "\"${PODS_ROOT}/Target Support Files/Pods-ShopLiveWithModuleDemo/Pods-ShopLiveWithModuleDemo-frameworks.sh\"\n";
			showEnvVarsInLog = 0;
		};
		7D0B87633CD09BF8002D7A16 /* [CP] Check Pods Manifest.lock */ = {
			isa = PBXShellScriptBuildPhase;
			buildActionMask = 2147483647;
			files = (
			);
			inputFileListPaths = (
			);
			inputPaths = (
				"${PODS_PODFILE_DIR_PATH}/Podfile.lock",
				"${PODS_ROOT}/Manifest.lock",
			);
			name = "[CP] Check Pods Manifest.lock";
			outputFileListPaths = (
			);
			outputPaths = (
				"$(DERIVED_FILE_DIR)/Pods-ShopLiveSDKRx-checkManifestLockResult.txt",
			);
			runOnlyForDeploymentPostprocessing = 0;
			shellPath = /bin/sh;
			shellScript = "diff \"${PODS_PODFILE_DIR_PATH}/Podfile.lock\" \"${PODS_ROOT}/Manifest.lock\" > /dev/null\nif [ $? != 0 ] ; then\n    # print error to STDERR\n    echo \"error: The sandbox is not in sync with the Podfile.lock. Run 'pod install' or update your CocoaPods installation.\" >&2\n    exit 1\nfi\n# This output is used by Xcode 'outputs' to avoid re-running this script phase.\necho \"SUCCESS\" > \"${SCRIPT_OUTPUT_FILE_0}\"\n";
			showEnvVarsInLog = 0;
		};
/* End PBXShellScriptBuildPhase section */

/* Begin PBXSourcesBuildPhase section */
		1BA5154925CBDCD100070181 /* Sources */ = {
			isa = PBXSourcesBuildPhase;
			buildActionMask = 2147483647;
			files = (
				BFAD8E97265A211E00202160 /* LiveStreamViewControllerCombine.swift in Sources */,
				BFAD8E98265A211E00202160 /* LiveStreamViewModelCombine.swift in Sources */,
				BFAD8E9A265A211E00202160 /* LiveStreamViewControllerRxSwift.swift in Sources */,
				BFAD8E96265A211E00202160 /* OverlayWebViewCombine.swift in Sources */,
				1BAA0D5A25EDD36200DC22CE /* ShopLiveLogger.swift in Sources */,
				BFAD8EA0265A211E00202160 /* VideoView.swift in Sources */,
				BFAD8E95265A211E00202160 /* ShopLiveCombine.swift in Sources */,
				1BED2D9325DA4BAB002BFEED /* PerfMeasurements.swift in Sources */,
				BFC00CBE26947B2700BD8733 /* Extensions.swift in Sources */,
				BF8D724E267AE5BC00ED2750 /* ChattingWriteView.swift in Sources */,
				BF8D7255267AE75B00ED2750 /* SLNextGrowingInternalTextView.swift in Sources */,
				BFAD8E9E265A211E00202160 /* ShopLiveDefines.swift in Sources */,
				BFAD8E99265A211E00202160 /* LiveStreamViewModelRxSwift.swift in Sources */,
				1B9D659125F1CE4400E9CD4F /* ShopLiveSDKInterface.swift in Sources */,
				BFBBACA7269AD04E00574958 /* ShopLiveConfiguration.swift in Sources */,
				BFAD8E9D265A211E00202160 /* ShopLiveWebView.swift in Sources */,
				BFAD8E9B265A211E00202160 /* ShopLiveRxSwift.swift in Sources */,
				1BA5156A25CBDD3F00070181 /* ShopLive.swift in Sources */,
				BF8D7253267AE75B00ED2750 /* SLNextGrowingTextView.swift in Sources */,
				1B3CD6902600647E00B94997 /* ShopLiveUser.swift in Sources */,
				BFAD8E9F265A211E00202160 /* ShopLiveWebInterface.swift in Sources */,
				BFAD8E9C265A211E00202160 /* OverlayWebViewRxSwift.swift in Sources */,
			);
			runOnlyForDeploymentPostprocessing = 0;
		};
		1BA5155225CBDCD100070181 /* Sources */ = {
			isa = PBXSourcesBuildPhase;
			buildActionMask = 2147483647;
			files = (
				1BA5155C25CBDCD100070181 /* ShopLiveSDKTests.swift in Sources */,
			);
			runOnlyForDeploymentPostprocessing = 0;
		};
		BFAD8EA6265A23FD00202160 /* Sources */ = {
			isa = PBXSourcesBuildPhase;
			buildActionMask = 2147483647;
			files = (
				BFAD8EDA265A24DA00202160 /* LiveStreamViewModelCombine.swift in Sources */,
				BFC00CBF26957D1600BD8733 /* Extensions.swift in Sources */,
				BFAD8EB1265A23FD00202160 /* ViewController.swift in Sources */,
				BFBBB03E2670EF520025ED1D /* ShopLiveDemoKeyTools.swift in Sources */,
				BFAD8EE8265A24DA00202160 /* LiveStreamViewModelRxSwift.swift in Sources */,
				BFAD8EDB265A24DA00202160 /* OverlayWebViewCombine.swift in Sources */,
				BFAD8EE2265A24DA00202160 /* ShopLive.swift in Sources */,
				BFAD8EE5265A24DA00202160 /* ShopLiveCombine.swift in Sources */,
				BFAD8EDD265A24DA00202160 /* LiveStreamViewControllerCombine.swift in Sources */,
				BFAD8EE6265A24DA00202160 /* ShopLiveUser.swift in Sources */,
				BFAD8EE7265A24DA00202160 /* OverlayWebViewRxSwift.swift in Sources */,
				BFAD8EDF265A24DA00202160 /* ShopLiveDefines.swift in Sources */,
				BFAD8EAD265A23FD00202160 /* AppDelegate.swift in Sources */,
				BFAD8EE0265A24DA00202160 /* VideoView.swift in Sources */,
				BFAD8EE9265A24DA00202160 /* LiveStreamViewControllerRxSwift.swift in Sources */,
				BFBBB03C2670ECB10025ED1D /* ShopLiveKeySet.swift in Sources */,
				BF8D7256267AE75B00ED2750 /* SLNextGrowingInternalTextView.swift in Sources */,
				BFAD8EEA265A24DA00202160 /* ShopLiveRxSwift.swift in Sources */,
				BF8D7254267AE75B00ED2750 /* SLNextGrowingTextView.swift in Sources */,
				BFAD8EAF265A23FD00202160 /* SceneDelegate.swift in Sources */,
				BFBBACA8269AD04E00574958 /* ShopLiveConfiguration.swift in Sources */,
				BFAD8EE1265A24DA00202160 /* ShopLiveSDKInterface.swift in Sources */,
				BF8D724F267AE5BC00ED2750 /* ChattingWriteView.swift in Sources */,
				BFAD8EE4265A24DA00202160 /* ShopLiveWebInterface.swift in Sources */,
				BFBBB04326710E7B0025ED1D /* KeySetRegisterController.swift in Sources */,
				BFAD8EDC265A24DA00202160 /* ShopLiveWebView.swift in Sources */,
				BFAD8EE3265A24DA00202160 /* ShopLiveLogger.swift in Sources */,
				BFAD8EDE265A24DA00202160 /* PerfMeasurements.swift in Sources */,
			);
			runOnlyForDeploymentPostprocessing = 0;
		};
		BFAD8EBB265A23FE00202160 /* Sources */ = {
			isa = PBXSourcesBuildPhase;
			buildActionMask = 2147483647;
			files = (
				BFAD8EC4265A23FE00202160 /* SwiftDemoTests.swift in Sources */,
			);
			runOnlyForDeploymentPostprocessing = 0;
		};
		BFAD8EC6265A23FE00202160 /* Sources */ = {
			isa = PBXSourcesBuildPhase;
			buildActionMask = 2147483647;
			files = (
				BFAD8ECF265A23FE00202160 /* SwiftDemoUITests.swift in Sources */,
			);
			runOnlyForDeploymentPostprocessing = 0;
		};
		BFBBAEB526A17F7A00574958 /* Sources */ = {
			isa = PBXSourcesBuildPhase;
			buildActionMask = 2147483647;
			files = (
				BFBBAEB626A17F7A00574958 /* LiveStreamViewControllerCombine.swift in Sources */,
				BFBBAEB726A17F7A00574958 /* LiveStreamViewModelCombine.swift in Sources */,
				BFBBAEB826A17F7A00574958 /* LiveStreamViewControllerRxSwift.swift in Sources */,
				BFBBAEB926A17F7A00574958 /* OverlayWebViewCombine.swift in Sources */,
				BFBBAEBA26A17F7A00574958 /* ShopLiveLogger.swift in Sources */,
				BFBBAEBB26A17F7A00574958 /* VideoView.swift in Sources */,
				BFBBAEBC26A17F7A00574958 /* ShopLiveCombine.swift in Sources */,
				BFBBAEBD26A17F7A00574958 /* PerfMeasurements.swift in Sources */,
				BFBBAEBE26A17F7A00574958 /* Extensions.swift in Sources */,
				BFBBAEBF26A17F7A00574958 /* ChattingWriteView.swift in Sources */,
				BFBBAEC026A17F7A00574958 /* SLNextGrowingInternalTextView.swift in Sources */,
				BFBBAEC126A17F7A00574958 /* ShopLiveDefines.swift in Sources */,
				BFBBAEC226A17F7A00574958 /* LiveStreamViewModelRxSwift.swift in Sources */,
				BFBBAEC326A17F7A00574958 /* ShopLiveSDKInterface.swift in Sources */,
				BFBBAEC426A17F7A00574958 /* ShopLiveConfiguration.swift in Sources */,
				BFBBAEC526A17F7A00574958 /* ShopLiveWebView.swift in Sources */,
				BFBBAEC626A17F7A00574958 /* ShopLiveRxSwift.swift in Sources */,
				BFBBAEC726A17F7A00574958 /* ShopLive.swift in Sources */,
				BFBBAEC826A17F7A00574958 /* SLNextGrowingTextView.swift in Sources */,
				BFBBAEC926A17F7A00574958 /* ShopLiveUser.swift in Sources */,
				BFBBAECA26A17F7A00574958 /* ShopLiveWebInterface.swift in Sources */,
				BFBBAECB26A17F7A00574958 /* OverlayWebViewRxSwift.swift in Sources */,
			);
			runOnlyForDeploymentPostprocessing = 0;
		};
		BFBBAEE926A192EA00574958 /* Sources */ = {
			isa = PBXSourcesBuildPhase;
			buildActionMask = 2147483647;
			files = (
				BFBBAEEC26A192EA00574958 /* ViewController.swift in Sources */,
				BFBBAEED26A192EA00574958 /* ShopLiveDemoKeyTools.swift in Sources */,
				BFBBAEF626A192EA00574958 /* AppDelegate.swift in Sources */,
				BFBBAEF926A192EA00574958 /* ShopLiveKeySet.swift in Sources */,
				BFBBAEFD26A192EA00574958 /* SceneDelegate.swift in Sources */,
				BFBBAF0226A192EA00574958 /* KeySetRegisterController.swift in Sources */,
			);
			runOnlyForDeploymentPostprocessing = 0;
		};
		BFBBAF1826A195E400574958 /* Sources */ = {
			isa = PBXSourcesBuildPhase;
			buildActionMask = 2147483647;
			files = (
				BFBBAF1B26A195E400574958 /* ViewController.swift in Sources */,
				BFBBAF1C26A195E400574958 /* ShopLiveDemoKeyTools.swift in Sources */,
				BFBBAF2526A195E400574958 /* AppDelegate.swift in Sources */,
				BFBBAF2826A195E400574958 /* ShopLiveKeySet.swift in Sources */,
				BFBBAF2C26A195E400574958 /* SceneDelegate.swift in Sources */,
				BFBBAF3126A195E400574958 /* KeySetRegisterController.swift in Sources */,
			);
			runOnlyForDeploymentPostprocessing = 0;
		};
/* End PBXSourcesBuildPhase section */

/* Begin PBXTargetDependency section */
		1BA5155925CBDCD100070181 /* PBXTargetDependency */ = {
			isa = PBXTargetDependency;
			target = 1BA5154C25CBDCD100070181 /* ShopLiveSDK */;
			targetProxy = 1BA5155825CBDCD100070181 /* PBXContainerItemProxy */;
		};
		BFAD8EC1265A23FE00202160 /* PBXTargetDependency */ = {
			isa = PBXTargetDependency;
			target = BFAD8EA9265A23FD00202160 /* ShopLiveDemo */;
			targetProxy = BFAD8EC0265A23FE00202160 /* PBXContainerItemProxy */;
		};
		BFAD8ECC265A23FE00202160 /* PBXTargetDependency */ = {
			isa = PBXTargetDependency;
			target = BFAD8EA9265A23FD00202160 /* ShopLiveDemo */;
			targetProxy = BFAD8ECB265A23FE00202160 /* PBXContainerItemProxy */;
		};
/* End PBXTargetDependency section */

/* Begin PBXVariantGroup section */
		BFAD8EB2265A23FD00202160 /* Main.storyboard */ = {
			isa = PBXVariantGroup;
			children = (
				BFAD8EB3265A23FD00202160 /* Base */,
			);
			name = Main.storyboard;
			sourceTree = "<group>";
		};
		BFAD8EB7265A23FE00202160 /* LaunchScreen.storyboard */ = {
			isa = PBXVariantGroup;
			children = (
				BFAD8EB8265A23FE00202160 /* Base */,
			);
			name = LaunchScreen.storyboard;
			sourceTree = "<group>";
		};
		BFC00CC72695EC9E00BD8733 /* Localizable.strings */ = {
			isa = PBXVariantGroup;
			children = (
				BFC00CC62695EC9E00BD8733 /* en */,
				BFC00CC82695ECE000BD8733 /* ko */,
			);
			name = Localizable.strings;
			sourceTree = "<group>";
		};
/* End PBXVariantGroup section */

/* Begin XCBuildConfiguration section */
		1BA5155F25CBDCD200070181 /* Debug */ = {
			isa = XCBuildConfiguration;
			buildSettings = {
				ALWAYS_SEARCH_USER_PATHS = NO;
				CLANG_ANALYZER_LOCALIZABILITY_NONLOCALIZED = YES;
				CLANG_ANALYZER_NONNULL = YES;
				CLANG_ANALYZER_NUMBER_OBJECT_CONVERSION = YES_AGGRESSIVE;
				CLANG_CXX_LANGUAGE_STANDARD = "gnu++14";
				CLANG_CXX_LIBRARY = "libc++";
				CLANG_ENABLE_MODULES = YES;
				CLANG_ENABLE_OBJC_ARC = YES;
				CLANG_ENABLE_OBJC_WEAK = YES;
				CLANG_WARN_BLOCK_CAPTURE_AUTORELEASING = YES;
				CLANG_WARN_BOOL_CONVERSION = YES;
				CLANG_WARN_COMMA = YES;
				CLANG_WARN_CONSTANT_CONVERSION = YES;
				CLANG_WARN_DEPRECATED_OBJC_IMPLEMENTATIONS = YES;
				CLANG_WARN_DIRECT_OBJC_ISA_USAGE = YES_ERROR;
				CLANG_WARN_DOCUMENTATION_COMMENTS = YES;
				CLANG_WARN_EMPTY_BODY = YES;
				CLANG_WARN_ENUM_CONVERSION = YES;
				CLANG_WARN_INFINITE_RECURSION = YES;
				CLANG_WARN_INT_CONVERSION = YES;
				CLANG_WARN_NON_LITERAL_NULL_CONVERSION = YES;
				CLANG_WARN_OBJC_IMPLICIT_RETAIN_SELF = YES;
				CLANG_WARN_OBJC_LITERAL_CONVERSION = YES;
				CLANG_WARN_OBJC_ROOT_CLASS = YES_ERROR;
				CLANG_WARN_QUOTED_INCLUDE_IN_FRAMEWORK_HEADER = YES;
				CLANG_WARN_RANGE_LOOP_ANALYSIS = YES;
				CLANG_WARN_STRICT_PROTOTYPES = YES;
				CLANG_WARN_SUSPICIOUS_MOVE = YES;
				CLANG_WARN_UNGUARDED_AVAILABILITY = YES_AGGRESSIVE;
				CLANG_WARN_UNREACHABLE_CODE = YES;
				CLANG_WARN__DUPLICATE_METHOD_MATCH = YES;
				COPY_PHASE_STRIP = NO;
				CURRENT_PROJECT_VERSION = 1;
				DEBUG_INFORMATION_FORMAT = dwarf;
				ENABLE_STRICT_OBJC_MSGSEND = YES;
				ENABLE_TESTABILITY = YES;
				GCC_C_LANGUAGE_STANDARD = gnu11;
				GCC_DYNAMIC_NO_PIC = NO;
				GCC_NO_COMMON_BLOCKS = YES;
				GCC_OPTIMIZATION_LEVEL = 0;
				GCC_PREPROCESSOR_DEFINITIONS = (
					"DEBUG=1",
					"$(inherited)",
				);
				GCC_WARN_64_TO_32_BIT_CONVERSION = YES;
				GCC_WARN_ABOUT_RETURN_TYPE = YES_ERROR;
				GCC_WARN_UNDECLARED_SELECTOR = YES;
				GCC_WARN_UNINITIALIZED_AUTOS = YES_AGGRESSIVE;
				GCC_WARN_UNUSED_FUNCTION = YES;
				GCC_WARN_UNUSED_VARIABLE = YES;
				IPHONEOS_DEPLOYMENT_TARGET = 11.0;
				MTL_ENABLE_DEBUG_INFO = INCLUDE_SOURCE;
				MTL_FAST_MATH = YES;
				ONLY_ACTIVE_ARCH = YES;
				SDKROOT = iphoneos;
				SWIFT_ACTIVE_COMPILATION_CONDITIONS = DEBUG;
				SWIFT_OPTIMIZATION_LEVEL = "-Onone";
				VERSIONING_SYSTEM = "apple-generic";
				VERSION_INFO_PREFIX = "";
			};
			name = Debug;
		};
		1BA5156025CBDCD200070181 /* Release */ = {
			isa = XCBuildConfiguration;
			buildSettings = {
				ALWAYS_SEARCH_USER_PATHS = NO;
				CLANG_ANALYZER_LOCALIZABILITY_NONLOCALIZED = YES;
				CLANG_ANALYZER_NONNULL = YES;
				CLANG_ANALYZER_NUMBER_OBJECT_CONVERSION = YES_AGGRESSIVE;
				CLANG_CXX_LANGUAGE_STANDARD = "gnu++14";
				CLANG_CXX_LIBRARY = "libc++";
				CLANG_ENABLE_MODULES = YES;
				CLANG_ENABLE_OBJC_ARC = YES;
				CLANG_ENABLE_OBJC_WEAK = YES;
				CLANG_WARN_BLOCK_CAPTURE_AUTORELEASING = YES;
				CLANG_WARN_BOOL_CONVERSION = YES;
				CLANG_WARN_COMMA = YES;
				CLANG_WARN_CONSTANT_CONVERSION = YES;
				CLANG_WARN_DEPRECATED_OBJC_IMPLEMENTATIONS = YES;
				CLANG_WARN_DIRECT_OBJC_ISA_USAGE = YES_ERROR;
				CLANG_WARN_DOCUMENTATION_COMMENTS = YES;
				CLANG_WARN_EMPTY_BODY = YES;
				CLANG_WARN_ENUM_CONVERSION = YES;
				CLANG_WARN_INFINITE_RECURSION = YES;
				CLANG_WARN_INT_CONVERSION = YES;
				CLANG_WARN_NON_LITERAL_NULL_CONVERSION = YES;
				CLANG_WARN_OBJC_IMPLICIT_RETAIN_SELF = YES;
				CLANG_WARN_OBJC_LITERAL_CONVERSION = YES;
				CLANG_WARN_OBJC_ROOT_CLASS = YES_ERROR;
				CLANG_WARN_QUOTED_INCLUDE_IN_FRAMEWORK_HEADER = YES;
				CLANG_WARN_RANGE_LOOP_ANALYSIS = YES;
				CLANG_WARN_STRICT_PROTOTYPES = YES;
				CLANG_WARN_SUSPICIOUS_MOVE = YES;
				CLANG_WARN_UNGUARDED_AVAILABILITY = YES_AGGRESSIVE;
				CLANG_WARN_UNREACHABLE_CODE = YES;
				CLANG_WARN__DUPLICATE_METHOD_MATCH = YES;
				COPY_PHASE_STRIP = NO;
				CURRENT_PROJECT_VERSION = 1;
				DEBUG_INFORMATION_FORMAT = "dwarf-with-dsym";
				ENABLE_NS_ASSERTIONS = NO;
				ENABLE_STRICT_OBJC_MSGSEND = YES;
				GCC_C_LANGUAGE_STANDARD = gnu11;
				GCC_NO_COMMON_BLOCKS = YES;
				GCC_WARN_64_TO_32_BIT_CONVERSION = YES;
				GCC_WARN_ABOUT_RETURN_TYPE = YES_ERROR;
				GCC_WARN_UNDECLARED_SELECTOR = YES;
				GCC_WARN_UNINITIALIZED_AUTOS = YES_AGGRESSIVE;
				GCC_WARN_UNUSED_FUNCTION = YES;
				GCC_WARN_UNUSED_VARIABLE = YES;
				IPHONEOS_DEPLOYMENT_TARGET = 11.0;
				MTL_ENABLE_DEBUG_INFO = NO;
				MTL_FAST_MATH = YES;
				SDKROOT = iphoneos;
				SWIFT_COMPILATION_MODE = wholemodule;
				SWIFT_OPTIMIZATION_LEVEL = "-O";
				VALIDATE_PRODUCT = YES;
				VERSIONING_SYSTEM = "apple-generic";
				VERSION_INFO_PREFIX = "";
			};
			name = Release;
		};
		1BA5156225CBDCD200070181 /* Debug */ = {
			isa = XCBuildConfiguration;
			buildSettings = {
				APPLICATION_EXTENSION_API_ONLY = NO;
				BUILD_LIBRARY_FOR_DISTRIBUTION = YES;
				CLANG_ENABLE_MODULES = YES;
				CODE_SIGN_STYLE = Automatic;
				DEFINES_MODULE = YES;
				DEVELOPMENT_TEAM = "";
				DYLIB_COMPATIBILITY_VERSION = 1;
				DYLIB_CURRENT_VERSION = 1;
				DYLIB_INSTALL_NAME_BASE = "@rpath";
				INFOPLIST_FILE = ShopLiveSDK/Info.plist;
				INSTALL_PATH = "$(LOCAL_LIBRARY_DIR)/Frameworks";
				LD_RUNPATH_SEARCH_PATHS = (
					"$(inherited)",
					"@executable_path/Frameworks",
					"@loader_path/Frameworks",
				);
				MARKETING_VERSION = 0.8.1;
				PRODUCT_BUNDLE_IDENTIFIER = cloud.shoplive.sdk;
				PRODUCT_NAME = "$(TARGET_NAME:c99extidentifier)";
				SKIP_INSTALL = YES;
				SUPPORTS_MACCATALYST = NO;
				SWIFT_OPTIMIZATION_LEVEL = "-Onone";
				SWIFT_VERSION = 5.0;
				TARGETED_DEVICE_FAMILY = "1,2";
			};
			name = Debug;
		};
		1BA5156325CBDCD200070181 /* Release */ = {
			isa = XCBuildConfiguration;
			buildSettings = {
				APPLICATION_EXTENSION_API_ONLY = NO;
				BUILD_LIBRARY_FOR_DISTRIBUTION = YES;
				CLANG_ENABLE_MODULES = YES;
				CODE_SIGN_STYLE = Automatic;
				DEFINES_MODULE = YES;
				DEVELOPMENT_TEAM = "";
				DYLIB_COMPATIBILITY_VERSION = 1;
				DYLIB_CURRENT_VERSION = 1;
				DYLIB_INSTALL_NAME_BASE = "@rpath";
				INFOPLIST_FILE = ShopLiveSDK/Info.plist;
				INSTALL_PATH = "$(LOCAL_LIBRARY_DIR)/Frameworks";
				LD_RUNPATH_SEARCH_PATHS = (
					"$(inherited)",
					"@executable_path/Frameworks",
					"@loader_path/Frameworks",
				);
				MARKETING_VERSION = 0.8.1;
				PRODUCT_BUNDLE_IDENTIFIER = cloud.shoplive.sdk;
				PRODUCT_NAME = "$(TARGET_NAME:c99extidentifier)";
				SKIP_INSTALL = YES;
				SUPPORTS_MACCATALYST = NO;
				SWIFT_VERSION = 5.0;
				TARGETED_DEVICE_FAMILY = "1,2";
			};
			name = Release;
		};
		1BA5156525CBDCD200070181 /* Debug */ = {
			isa = XCBuildConfiguration;
			buildSettings = {
				ALWAYS_EMBED_SWIFT_STANDARD_LIBRARIES = YES;
				CODE_SIGN_STYLE = Automatic;
				DEVELOPMENT_TEAM = V64S7R5SJB;
				INFOPLIST_FILE = ShopLiveSDKTests/Info.plist;
				LD_RUNPATH_SEARCH_PATHS = (
					"$(inherited)",
					"@executable_path/Frameworks",
					"@loader_path/Frameworks",
				);
				PRODUCT_BUNDLE_IDENTIFIER = kr.co.purpleworks.ShopLiveSDKTests;
				PRODUCT_NAME = "$(TARGET_NAME)";
				SWIFT_VERSION = 5.0;
				TARGETED_DEVICE_FAMILY = "1,2";
			};
			name = Debug;
		};
		1BA5156625CBDCD200070181 /* Release */ = {
			isa = XCBuildConfiguration;
			buildSettings = {
				ALWAYS_EMBED_SWIFT_STANDARD_LIBRARIES = YES;
				CODE_SIGN_STYLE = Automatic;
				DEVELOPMENT_TEAM = V64S7R5SJB;
				INFOPLIST_FILE = ShopLiveSDKTests/Info.plist;
				LD_RUNPATH_SEARCH_PATHS = (
					"$(inherited)",
					"@executable_path/Frameworks",
					"@loader_path/Frameworks",
				);
				PRODUCT_BUNDLE_IDENTIFIER = kr.co.purpleworks.ShopLiveSDKTests;
				PRODUCT_NAME = "$(TARGET_NAME)";
				SWIFT_VERSION = 5.0;
				TARGETED_DEVICE_FAMILY = "1,2";
			};
			name = Release;
		};
		BFAD8ED2265A23FE00202160 /* Debug */ = {
			isa = XCBuildConfiguration;
			buildSettings = {
				ASSETCATALOG_COMPILER_APPICON_NAME = AppIcon;
				ASSETCATALOG_COMPILER_GLOBAL_ACCENT_COLOR_NAME = AccentColor;
				CODE_SIGN_IDENTITY = "iPhone Developer";
				CODE_SIGN_STYLE = Manual;
				CURRENT_PROJECT_VERSION = 2;
				DEVELOPMENT_TEAM = D237UGRPX6;
				INFOPLIST_FILE = "$(SRCROOT)/ShopLiveDemo/Info.plist";
				IPHONEOS_DEPLOYMENT_TARGET = 11.0;
				LD_RUNPATH_SEARCH_PATHS = (
					"$(inherited)",
					"@executable_path/Frameworks",
				);
				MARKETING_VERSION = 1.0.9;
				OTHER_SWIFT_FLAGS = "";
				PRODUCT_BUNDLE_IDENTIFIER = cloud.shoplive.sdk.swiftdemo.SwiftDemo;
				PRODUCT_NAME = ShopLiveDemo;
				PROVISIONING_PROFILE_SPECIFIER = "ShopLive Dev";
				SWIFT_VERSION = 5.0;
				TARGETED_DEVICE_FAMILY = "1,2";
			};
			name = Debug;
		};
		BFAD8ED3265A23FE00202160 /* Release */ = {
			isa = XCBuildConfiguration;
			buildSettings = {
				ASSETCATALOG_COMPILER_APPICON_NAME = AppIcon;
				ASSETCATALOG_COMPILER_GLOBAL_ACCENT_COLOR_NAME = AccentColor;
				CODE_SIGN_IDENTITY = "iPhone Distribution";
				CODE_SIGN_STYLE = Manual;
				CURRENT_PROJECT_VERSION = 2;
				DEVELOPMENT_TEAM = D237UGRPX6;
				INFOPLIST_FILE = "$(SRCROOT)/ShopLiveDemo/Info.plist";
				IPHONEOS_DEPLOYMENT_TARGET = 11.0;
				LD_RUNPATH_SEARCH_PATHS = (
					"$(inherited)",
					"@executable_path/Frameworks",
				);
				MARKETING_VERSION = 1.0.9;
				OTHER_SWIFT_FLAGS = "";
				PRODUCT_BUNDLE_IDENTIFIER = cloud.shoplive.sdk.swiftdemo.SwiftDemo;
				PRODUCT_NAME = ShopLiveDemo;
				PROVISIONING_PROFILE_SPECIFIER = "ShopLive Adhoc";
				SWIFT_VERSION = 5.0;
				TARGETED_DEVICE_FAMILY = "1,2";
			};
			name = Release;
		};
		BFAD8ED5265A23FE00202160 /* Debug */ = {
			isa = XCBuildConfiguration;
			buildSettings = {
				ALWAYS_EMBED_SWIFT_STANDARD_LIBRARIES = YES;
				BUNDLE_LOADER = "$(TEST_HOST)";
				CODE_SIGN_STYLE = Automatic;
				DEVELOPMENT_TEAM = 7U9CV7795M;
				INFOPLIST_FILE = SwiftDemoTests/Info.plist;
				IPHONEOS_DEPLOYMENT_TARGET = 14.5;
				LD_RUNPATH_SEARCH_PATHS = (
					"$(inherited)",
					"@executable_path/Frameworks",
					"@loader_path/Frameworks",
				);
				PRODUCT_BUNDLE_IDENTIFIER = cloud.shoplive.sdk.swiftdemo.SwiftDemoTests;
				PRODUCT_NAME = "$(TARGET_NAME)";
				SWIFT_VERSION = 5.0;
				TARGETED_DEVICE_FAMILY = "1,2";
				TEST_HOST = "$(BUILT_PRODUCTS_DIR)/SwiftDemo.app/SwiftDemo";
			};
			name = Debug;
		};
		BFAD8ED6265A23FE00202160 /* Release */ = {
			isa = XCBuildConfiguration;
			buildSettings = {
				ALWAYS_EMBED_SWIFT_STANDARD_LIBRARIES = YES;
				BUNDLE_LOADER = "$(TEST_HOST)";
				CODE_SIGN_STYLE = Automatic;
				DEVELOPMENT_TEAM = 7U9CV7795M;
				INFOPLIST_FILE = SwiftDemoTests/Info.plist;
				IPHONEOS_DEPLOYMENT_TARGET = 14.5;
				LD_RUNPATH_SEARCH_PATHS = (
					"$(inherited)",
					"@executable_path/Frameworks",
					"@loader_path/Frameworks",
				);
				PRODUCT_BUNDLE_IDENTIFIER = cloud.shoplive.sdk.swiftdemo.SwiftDemoTests;
				PRODUCT_NAME = "$(TARGET_NAME)";
				SWIFT_VERSION = 5.0;
				TARGETED_DEVICE_FAMILY = "1,2";
				TEST_HOST = "$(BUILT_PRODUCTS_DIR)/SwiftDemo.app/SwiftDemo";
			};
			name = Release;
		};
		BFAD8ED8265A23FE00202160 /* Debug */ = {
			isa = XCBuildConfiguration;
			buildSettings = {
				ALWAYS_EMBED_SWIFT_STANDARD_LIBRARIES = YES;
				CODE_SIGN_STYLE = Automatic;
				DEVELOPMENT_TEAM = 7U9CV7795M;
				INFOPLIST_FILE = SwiftDemoUITests/Info.plist;
				IPHONEOS_DEPLOYMENT_TARGET = 14.5;
				LD_RUNPATH_SEARCH_PATHS = (
					"$(inherited)",
					"@executable_path/Frameworks",
					"@loader_path/Frameworks",
				);
				PRODUCT_BUNDLE_IDENTIFIER = cloud.shoplive.sdk.swiftdemo.SwiftDemoUITests;
				PRODUCT_NAME = "$(TARGET_NAME)";
				SWIFT_VERSION = 5.0;
				TARGETED_DEVICE_FAMILY = "1,2";
				TEST_TARGET_NAME = SwiftDemo;
			};
			name = Debug;
		};
		BFAD8ED9265A23FE00202160 /* Release */ = {
			isa = XCBuildConfiguration;
			buildSettings = {
				ALWAYS_EMBED_SWIFT_STANDARD_LIBRARIES = YES;
				CODE_SIGN_STYLE = Automatic;
				DEVELOPMENT_TEAM = 7U9CV7795M;
				INFOPLIST_FILE = SwiftDemoUITests/Info.plist;
				IPHONEOS_DEPLOYMENT_TARGET = 14.5;
				LD_RUNPATH_SEARCH_PATHS = (
					"$(inherited)",
					"@executable_path/Frameworks",
					"@loader_path/Frameworks",
				);
				PRODUCT_BUNDLE_IDENTIFIER = cloud.shoplive.sdk.swiftdemo.SwiftDemoUITests;
				PRODUCT_NAME = "$(TARGET_NAME)";
				SWIFT_VERSION = 5.0;
				TARGETED_DEVICE_FAMILY = "1,2";
				TEST_TARGET_NAME = SwiftDemo;
			};
			name = Release;
		};
		BFBBAED126A17F7A00574958 /* Debug */ = {
			isa = XCBuildConfiguration;
			baseConfigurationReference = 86C35999098605C5DFFC2113 /* Pods-ShopLiveSDKRx.debug.xcconfig */;
			buildSettings = {
				APPLICATION_EXTENSION_API_ONLY = NO;
				BUILD_LIBRARY_FOR_DISTRIBUTION = YES;
				CLANG_ENABLE_MODULES = YES;
				CODE_SIGN_STYLE = Automatic;
				DEFINES_MODULE = YES;
				DEVELOPMENT_TEAM = "";
				DYLIB_COMPATIBILITY_VERSION = 1;
				DYLIB_CURRENT_VERSION = 1;
				DYLIB_INSTALL_NAME_BASE = "@rpath";
				INFOPLIST_FILE = "ShopLiveSDK RxSwift-Info.plist";
				INSTALL_PATH = "$(LOCAL_LIBRARY_DIR)/Frameworks";
				LD_RUNPATH_SEARCH_PATHS = (
					"$(inherited)",
					"@executable_path/Frameworks",
					"@loader_path/Frameworks",
				);
				MARKETING_VERSION = 0.8.1;
				PRODUCT_BUNDLE_IDENTIFIER = cloud.shoplive.sdk;
				PRODUCT_NAME = ShopLiveSDK;
				SKIP_INSTALL = YES;
				SUPPORTS_MACCATALYST = NO;
				SWIFT_OPTIMIZATION_LEVEL = "-Onone";
				SWIFT_VERSION = 5.0;
				TARGETED_DEVICE_FAMILY = "1,2";
			};
			name = Debug;
		};
		BFBBAED226A17F7A00574958 /* Release */ = {
			isa = XCBuildConfiguration;
			baseConfigurationReference = D212903F38E0066842774201 /* Pods-ShopLiveSDKRx.release.xcconfig */;
			buildSettings = {
				APPLICATION_EXTENSION_API_ONLY = NO;
				BUILD_LIBRARY_FOR_DISTRIBUTION = YES;
				CLANG_ENABLE_MODULES = YES;
				CODE_SIGN_STYLE = Automatic;
				DEFINES_MODULE = YES;
				DEVELOPMENT_TEAM = "";
				DYLIB_COMPATIBILITY_VERSION = 1;
				DYLIB_CURRENT_VERSION = 1;
				DYLIB_INSTALL_NAME_BASE = "@rpath";
				INFOPLIST_FILE = "ShopLiveSDK RxSwift-Info.plist";
				INSTALL_PATH = "$(LOCAL_LIBRARY_DIR)/Frameworks";
				LD_RUNPATH_SEARCH_PATHS = (
					"$(inherited)",
					"@executable_path/Frameworks",
					"@loader_path/Frameworks",
				);
				MARKETING_VERSION = 0.8.1;
				PRODUCT_BUNDLE_IDENTIFIER = cloud.shoplive.sdk;
				PRODUCT_NAME = ShopLiveSDK;
				SKIP_INSTALL = YES;
				SUPPORTS_MACCATALYST = NO;
				SWIFT_VERSION = 5.0;
				TARGETED_DEVICE_FAMILY = "1,2";
			};
			name = Release;
		};
		BFBBAF0F26A192EA00574958 /* Debug */ = {
			isa = XCBuildConfiguration;
			baseConfigurationReference = 749CFF1B8A85B38B21C071F0 /* Pods-ShopLiveWithModuleDemo.debug.xcconfig */;
			buildSettings = {
				ASSETCATALOG_COMPILER_APPICON_NAME = AppIcon;
				ASSETCATALOG_COMPILER_GLOBAL_ACCENT_COLOR_NAME = AccentColor;
				CODE_SIGN_IDENTITY = "iPhone Developer";
				CODE_SIGN_STYLE = Manual;
				CURRENT_PROJECT_VERSION = 2;
				DEVELOPMENT_TEAM = D237UGRPX6;
				INFOPLIST_FILE = "$(SRCROOT)/ShopLiveDemo/Info.plist";
				IPHONEOS_DEPLOYMENT_TARGET = 11.0;
				LD_RUNPATH_SEARCH_PATHS = (
					"$(inherited)",
					"@executable_path/Frameworks",
				);
				MARKETING_VERSION = 1.0.9;
				OTHER_SWIFT_FLAGS = "";
				PRODUCT_BUNDLE_IDENTIFIER = cloud.shoplive.sdk.swiftdemo.SwiftDemo;
				PRODUCT_NAME = "$(TARGET_NAME)";
				PROVISIONING_PROFILE_SPECIFIER = "ShopLive Dev";
				SWIFT_VERSION = 5.0;
				TARGETED_DEVICE_FAMILY = "1,2";
			};
			name = Debug;
		};
		BFBBAF1026A192EA00574958 /* Release */ = {
			isa = XCBuildConfiguration;
			baseConfigurationReference = F5BA82869FC04D7DE997FACF /* Pods-ShopLiveWithModuleDemo.release.xcconfig */;
			buildSettings = {
				ASSETCATALOG_COMPILER_APPICON_NAME = AppIcon;
				ASSETCATALOG_COMPILER_GLOBAL_ACCENT_COLOR_NAME = AccentColor;
				CODE_SIGN_IDENTITY = "iPhone Distribution";
				CODE_SIGN_STYLE = Manual;
				CURRENT_PROJECT_VERSION = 2;
				DEVELOPMENT_TEAM = D237UGRPX6;
				INFOPLIST_FILE = "$(SRCROOT)/ShopLiveDemo/Info.plist";
				IPHONEOS_DEPLOYMENT_TARGET = 11.0;
				LD_RUNPATH_SEARCH_PATHS = (
					"$(inherited)",
					"@executable_path/Frameworks",
				);
				MARKETING_VERSION = 1.0.9;
				OTHER_SWIFT_FLAGS = "";
				PRODUCT_BUNDLE_IDENTIFIER = cloud.shoplive.sdk.swiftdemo.SwiftDemo;
				PRODUCT_NAME = "$(TARGET_NAME)";
				PROVISIONING_PROFILE_SPECIFIER = "ShopLive Adhoc";
				SWIFT_VERSION = 5.0;
				TARGETED_DEVICE_FAMILY = "1,2";
			};
			name = Release;
		};
		BFBBAF3E26A195E400574958 /* Debug */ = {
			isa = XCBuildConfiguration;
			buildSettings = {
				ASSETCATALOG_COMPILER_APPICON_NAME = AppIcon;
				ASSETCATALOG_COMPILER_GLOBAL_ACCENT_COLOR_NAME = AccentColor;
				CODE_SIGN_IDENTITY = "iPhone Developer";
				CODE_SIGN_STYLE = Manual;
				CURRENT_PROJECT_VERSION = 2;
				DEVELOPMENT_TEAM = D237UGRPX6;
				INFOPLIST_FILE = "$(SRCROOT)/ShopLiveDemo/Info.plist";
				IPHONEOS_DEPLOYMENT_TARGET = 11.0;
				LD_RUNPATH_SEARCH_PATHS = (
					"$(inherited)",
					"@executable_path/Frameworks",
				);
				MARKETING_VERSION = 1.0.9;
				OTHER_SWIFT_FLAGS = "";
				PRODUCT_BUNDLE_IDENTIFIER = cloud.shoplive.sdk.swiftdemo.SwiftDemo;
				PRODUCT_NAME = "$(TARGET_NAME)";
				PROVISIONING_PROFILE_SPECIFIER = "ShopLive Dev";
				SWIFT_VERSION = 5.0;
				TARGETED_DEVICE_FAMILY = "1,2";
			};
			name = Debug;
		};
		BFBBAF3F26A195E400574958 /* Release */ = {
			isa = XCBuildConfiguration;
			buildSettings = {
				ASSETCATALOG_COMPILER_APPICON_NAME = AppIcon;
				ASSETCATALOG_COMPILER_GLOBAL_ACCENT_COLOR_NAME = AccentColor;
				CODE_SIGN_IDENTITY = "iPhone Distribution";
				CODE_SIGN_STYLE = Manual;
				CURRENT_PROJECT_VERSION = 2;
				DEVELOPMENT_TEAM = D237UGRPX6;
				INFOPLIST_FILE = "$(SRCROOT)/ShopLiveDemo/Info.plist";
				IPHONEOS_DEPLOYMENT_TARGET = 11.0;
				LD_RUNPATH_SEARCH_PATHS = (
					"$(inherited)",
					"@executable_path/Frameworks",
				);
				MARKETING_VERSION = 1.0.9;
				OTHER_SWIFT_FLAGS = "";
				PRODUCT_BUNDLE_IDENTIFIER = cloud.shoplive.sdk.swiftdemo.SwiftDemo;
				PRODUCT_NAME = "$(TARGET_NAME)";
				PROVISIONING_PROFILE_SPECIFIER = "ShopLive Adhoc";
				SWIFT_VERSION = 5.0;
				TARGETED_DEVICE_FAMILY = "1,2";
			};
			name = Release;
		};
/* End XCBuildConfiguration section */

/* Begin XCConfigurationList section */
		1BA5154725CBDCD100070181 /* Build configuration list for PBXProject "ShopLiveSDK" */ = {
			isa = XCConfigurationList;
			buildConfigurations = (
				1BA5155F25CBDCD200070181 /* Debug */,
				1BA5156025CBDCD200070181 /* Release */,
			);
			defaultConfigurationIsVisible = 0;
			defaultConfigurationName = Release;
		};
		1BA5156125CBDCD200070181 /* Build configuration list for PBXNativeTarget "ShopLiveSDK" */ = {
			isa = XCConfigurationList;
			buildConfigurations = (
				1BA5156225CBDCD200070181 /* Debug */,
				1BA5156325CBDCD200070181 /* Release */,
			);
			defaultConfigurationIsVisible = 0;
			defaultConfigurationName = Release;
		};
		1BA5156425CBDCD200070181 /* Build configuration list for PBXNativeTarget "ShopLiveSDKTests" */ = {
			isa = XCConfigurationList;
			buildConfigurations = (
				1BA5156525CBDCD200070181 /* Debug */,
				1BA5156625CBDCD200070181 /* Release */,
			);
			defaultConfigurationIsVisible = 0;
			defaultConfigurationName = Release;
		};
		BFAD8ED1265A23FE00202160 /* Build configuration list for PBXNativeTarget "ShopLiveDemo" */ = {
			isa = XCConfigurationList;
			buildConfigurations = (
				BFAD8ED2265A23FE00202160 /* Debug */,
				BFAD8ED3265A23FE00202160 /* Release */,
			);
			defaultConfigurationIsVisible = 0;
			defaultConfigurationName = Release;
		};
		BFAD8ED4265A23FE00202160 /* Build configuration list for PBXNativeTarget "SwiftDemoTests" */ = {
			isa = XCConfigurationList;
			buildConfigurations = (
				BFAD8ED5265A23FE00202160 /* Debug */,
				BFAD8ED6265A23FE00202160 /* Release */,
			);
			defaultConfigurationIsVisible = 0;
			defaultConfigurationName = Release;
		};
		BFAD8ED7265A23FE00202160 /* Build configuration list for PBXNativeTarget "SwiftDemoUITests" */ = {
			isa = XCConfigurationList;
			buildConfigurations = (
				BFAD8ED8265A23FE00202160 /* Debug */,
				BFAD8ED9265A23FE00202160 /* Release */,
			);
			defaultConfigurationIsVisible = 0;
			defaultConfigurationName = Release;
		};
		BFBBAED026A17F7A00574958 /* Build configuration list for PBXNativeTarget "ShopLiveSDKRx" */ = {
			isa = XCConfigurationList;
			buildConfigurations = (
				BFBBAED126A17F7A00574958 /* Debug */,
				BFBBAED226A17F7A00574958 /* Release */,
			);
			defaultConfigurationIsVisible = 0;
			defaultConfigurationName = Release;
		};
		BFBBAF0E26A192EA00574958 /* Build configuration list for PBXNativeTarget "ShopLiveWithModuleDemo" */ = {
			isa = XCConfigurationList;
			buildConfigurations = (
				BFBBAF0F26A192EA00574958 /* Debug */,
				BFBBAF1026A192EA00574958 /* Release */,
			);
			defaultConfigurationIsVisible = 0;
			defaultConfigurationName = Release;
		};
		BFBBAF3D26A195E400574958 /* Build configuration list for PBXNativeTarget "ShopLiveDemoCombine" */ = {
			isa = XCConfigurationList;
			buildConfigurations = (
				BFBBAF3E26A195E400574958 /* Debug */,
				BFBBAF3F26A195E400574958 /* Release */,
			);
			defaultConfigurationIsVisible = 0;
			defaultConfigurationName = Release;
		};
/* End XCConfigurationList section */
	};
	rootObject = 1BA5154425CBDCD100070181 /* Project object */;
}
