// !$*UTF8*$!
{
	archiveVersion = 1;
	classes = {
	};
	objectVersion = 50;
	objects = {

/* Begin PBXBuildFile section */
		1B3CD6902600647E00B94997 /* ShopLiveUser.swift in Sources */ = {isa = PBXBuildFile; fileRef = 1B3CD68F2600647E00B94997 /* ShopLiveUser.swift */; };
		1B87D29825FB3E1C00DF9F6B /* ShopLiveWebView.swift in Sources */ = {isa = PBXBuildFile; fileRef = 1B87D29725FB3E1C00DF9F6B /* ShopLiveWebView.swift */; };
		1B9D659125F1CE4400E9CD4F /* ShopLiveSDKInterface.swift in Sources */ = {isa = PBXBuildFile; fileRef = 1B9D659025F1CE4400E9CD4F /* ShopLiveSDKInterface.swift */; };
		1BA5155725CBDCD100070181 /* ShopLiveSDK.framework in Frameworks */ = {isa = PBXBuildFile; fileRef = 1BA5154D25CBDCD100070181 /* ShopLiveSDK.framework */; };
		1BA5155C25CBDCD100070181 /* ShopLiveSDKTests.swift in Sources */ = {isa = PBXBuildFile; fileRef = 1BA5155B25CBDCD100070181 /* ShopLiveSDKTests.swift */; };
		1BA5155E25CBDCD200070181 /* ShopLiveSDK.h in Headers */ = {isa = PBXBuildFile; fileRef = 1BA5155025CBDCD100070181 /* ShopLiveSDK.h */; settings = {ATTRIBUTES = (Public, ); }; };
		1BA5156A25CBDD3F00070181 /* ShopLive.swift in Sources */ = {isa = PBXBuildFile; fileRef = 1BA5156925CBDD3F00070181 /* ShopLive.swift */; };
		1BA5157225CBE00800070181 /* LiveStreamViewController.swift in Sources */ = {isa = PBXBuildFile; fileRef = 1BA5157125CBE00800070181 /* LiveStreamViewController.swift */; };
		1BA5159625CBE8A000070181 /* VideoView.swift in Sources */ = {isa = PBXBuildFile; fileRef = 1BA5159525CBE8A000070181 /* VideoView.swift */; };
		1BA515A425CBED2400070181 /* LiveStreamViewModel.swift in Sources */ = {isa = PBXBuildFile; fileRef = 1BA515A325CBED2400070181 /* LiveStreamViewModel.swift */; };
		1BA515B525CCFCD600070181 /* ShopLiveWebInterface.swift in Sources */ = {isa = PBXBuildFile; fileRef = 1BA515B425CCFCD600070181 /* ShopLiveWebInterface.swift */; };
		1BA515CE25D0BBBC00070181 /* OverlayWebView.swift in Sources */ = {isa = PBXBuildFile; fileRef = 1BA515CD25D0BBBC00070181 /* OverlayWebView.swift */; };
		1BAA0D5A25EDD36200DC22CE /* ShopLiveLogger.swift in Sources */ = {isa = PBXBuildFile; fileRef = 1BAA0D5925EDD36200DC22CE /* ShopLiveLogger.swift */; };
		1BED2D9325DA4BAB002BFEED /* PerfMeasurements.swift in Sources */ = {isa = PBXBuildFile; fileRef = 1BED2D9225DA4BAB002BFEED /* PerfMeasurements.swift */; };
/* End PBXBuildFile section */

/* Begin PBXContainerItemProxy section */
		1BA5155825CBDCD100070181 /* PBXContainerItemProxy */ = {
			isa = PBXContainerItemProxy;
			containerPortal = 1BA5154425CBDCD100070181 /* Project object */;
			proxyType = 1;
			remoteGlobalIDString = 1BA5154C25CBDCD100070181;
			remoteInfo = ShopLiveSDK;
		};
/* End PBXContainerItemProxy section */

/* Begin PBXFileReference section */
		1B3CD68F2600647E00B94997 /* ShopLiveUser.swift */ = {isa = PBXFileReference; lastKnownFileType = sourcecode.swift; path = ShopLiveUser.swift; sourceTree = "<group>"; };
		1B87D29725FB3E1C00DF9F6B /* ShopLiveWebView.swift */ = {isa = PBXFileReference; fileEncoding = 4; lastKnownFileType = sourcecode.swift; path = ShopLiveWebView.swift; sourceTree = "<group>"; };
		1B9D659025F1CE4400E9CD4F /* ShopLiveSDKInterface.swift */ = {isa = PBXFileReference; lastKnownFileType = sourcecode.swift; path = ShopLiveSDKInterface.swift; sourceTree = "<group>"; };
		1BA5154D25CBDCD100070181 /* ShopLiveSDK.framework */ = {isa = PBXFileReference; explicitFileType = wrapper.framework; includeInIndex = 0; path = ShopLiveSDK.framework; sourceTree = BUILT_PRODUCTS_DIR; };
		1BA5155025CBDCD100070181 /* ShopLiveSDK.h */ = {isa = PBXFileReference; lastKnownFileType = sourcecode.c.h; path = ShopLiveSDK.h; sourceTree = "<group>"; };
		1BA5155125CBDCD100070181 /* Info.plist */ = {isa = PBXFileReference; lastKnownFileType = text.plist.xml; path = Info.plist; sourceTree = "<group>"; };
		1BA5155625CBDCD100070181 /* ShopLiveSDKTests.xctest */ = {isa = PBXFileReference; explicitFileType = wrapper.cfbundle; includeInIndex = 0; path = ShopLiveSDKTests.xctest; sourceTree = BUILT_PRODUCTS_DIR; };
		1BA5155B25CBDCD100070181 /* ShopLiveSDKTests.swift */ = {isa = PBXFileReference; lastKnownFileType = sourcecode.swift; path = ShopLiveSDKTests.swift; sourceTree = "<group>"; };
		1BA5155D25CBDCD200070181 /* Info.plist */ = {isa = PBXFileReference; lastKnownFileType = text.plist.xml; path = Info.plist; sourceTree = "<group>"; };
		1BA5156925CBDD3F00070181 /* ShopLive.swift */ = {isa = PBXFileReference; lastKnownFileType = sourcecode.swift; path = ShopLive.swift; sourceTree = "<group>"; };
		1BA5157125CBE00800070181 /* LiveStreamViewController.swift */ = {isa = PBXFileReference; lastKnownFileType = sourcecode.swift; path = LiveStreamViewController.swift; sourceTree = "<group>"; };
		1BA5159525CBE8A000070181 /* VideoView.swift */ = {isa = PBXFileReference; lastKnownFileType = sourcecode.swift; path = VideoView.swift; sourceTree = "<group>"; };
		1BA515A325CBED2400070181 /* LiveStreamViewModel.swift */ = {isa = PBXFileReference; lastKnownFileType = sourcecode.swift; path = LiveStreamViewModel.swift; sourceTree = "<group>"; };
		1BA515B425CCFCD600070181 /* ShopLiveWebInterface.swift */ = {isa = PBXFileReference; lastKnownFileType = sourcecode.swift; path = ShopLiveWebInterface.swift; sourceTree = "<group>"; };
		1BA515CD25D0BBBC00070181 /* OverlayWebView.swift */ = {isa = PBXFileReference; lastKnownFileType = sourcecode.swift; path = OverlayWebView.swift; sourceTree = "<group>"; };
		1BAA0D5925EDD36200DC22CE /* ShopLiveLogger.swift */ = {isa = PBXFileReference; lastKnownFileType = sourcecode.swift; path = ShopLiveLogger.swift; sourceTree = "<group>"; };
		1BED2D9225DA4BAB002BFEED /* PerfMeasurements.swift */ = {isa = PBXFileReference; fileEncoding = 4; lastKnownFileType = sourcecode.swift; path = PerfMeasurements.swift; sourceTree = "<group>"; };
/* End PBXFileReference section */

/* Begin PBXFrameworksBuildPhase section */
		1BA5154A25CBDCD100070181 /* Frameworks */ = {
			isa = PBXFrameworksBuildPhase;
			buildActionMask = 2147483647;
			files = (
			);
			runOnlyForDeploymentPostprocessing = 0;
		};
		1BA5155325CBDCD100070181 /* Frameworks */ = {
			isa = PBXFrameworksBuildPhase;
			buildActionMask = 2147483647;
			files = (
				1BA5155725CBDCD100070181 /* ShopLiveSDK.framework in Frameworks */,
			);
			runOnlyForDeploymentPostprocessing = 0;
		};
/* End PBXFrameworksBuildPhase section */

/* Begin PBXGroup section */
		1B1AC60B2601E3320016B209 /* Model */ = {
			isa = PBXGroup;
			children = (
				1B3CD68F2600647E00B94997 /* ShopLiveUser.swift */,
			);
			path = Model;
			sourceTree = "<group>";
		};
		1B87D29B25FB4A8D00DF9F6B /* LiveVideoController */ = {
			isa = PBXGroup;
			children = (
				1BA5157125CBE00800070181 /* LiveStreamViewController.swift */,
				1BA515A325CBED2400070181 /* LiveStreamViewModel.swift */,
				1B87D29725FB3E1C00DF9F6B /* ShopLiveWebView.swift */,
				1BA515CD25D0BBBC00070181 /* OverlayWebView.swift */,
				1BA515B425CCFCD600070181 /* ShopLiveWebInterface.swift */,
				1BA5159525CBE8A000070181 /* VideoView.swift */,
			);
			path = LiveVideoController;
			sourceTree = "<group>";
		};
		1BA5154325CBDCD100070181 = {
			isa = PBXGroup;
			children = (
				1BA5154F25CBDCD100070181 /* ShopLiveSDK */,
				1BA5155A25CBDCD100070181 /* ShopLiveSDKTests */,
				1BA5154E25CBDCD100070181 /* Products */,
			);
			sourceTree = "<group>";
		};
		1BA5154E25CBDCD100070181 /* Products */ = {
			isa = PBXGroup;
			children = (
				1BA5154D25CBDCD100070181 /* ShopLiveSDK.framework */,
				1BA5155625CBDCD100070181 /* ShopLiveSDKTests.xctest */,
			);
			name = Products;
			sourceTree = "<group>";
		};
		1BA5154F25CBDCD100070181 /* ShopLiveSDK */ = {
			isa = PBXGroup;
			children = (
				1B1AC60B2601E3320016B209 /* Model */,
				1B87D29B25FB4A8D00DF9F6B /* LiveVideoController */,
				1BA5155025CBDCD100070181 /* ShopLiveSDK.h */,
				1BA5156925CBDD3F00070181 /* ShopLive.swift */,
				1B9D659025F1CE4400E9CD4F /* ShopLiveSDKInterface.swift */,
				1BAA0D5925EDD36200DC22CE /* ShopLiveLogger.swift */,
				1BED2D9225DA4BAB002BFEED /* PerfMeasurements.swift */,
				1BA5155125CBDCD100070181 /* Info.plist */,
			);
			path = ShopLiveSDK;
			sourceTree = "<group>";
		};
		1BA5155A25CBDCD100070181 /* ShopLiveSDKTests */ = {
			isa = PBXGroup;
			children = (
				1BA5155B25CBDCD100070181 /* ShopLiveSDKTests.swift */,
				1BA5155D25CBDCD200070181 /* Info.plist */,
			);
			path = ShopLiveSDKTests;
			sourceTree = "<group>";
		};
/* End PBXGroup section */

/* Begin PBXHeadersBuildPhase section */
		1BA5154825CBDCD100070181 /* Headers */ = {
			isa = PBXHeadersBuildPhase;
			buildActionMask = 2147483647;
			files = (
				1BA5155E25CBDCD200070181 /* ShopLiveSDK.h in Headers */,
			);
			runOnlyForDeploymentPostprocessing = 0;
		};
/* End PBXHeadersBuildPhase section */

/* Begin PBXNativeTarget section */
		1BA5154C25CBDCD100070181 /* ShopLiveSDK */ = {
			isa = PBXNativeTarget;
			buildConfigurationList = 1BA5156125CBDCD200070181 /* Build configuration list for PBXNativeTarget "ShopLiveSDK" */;
			buildPhases = (
				1BA5154825CBDCD100070181 /* Headers */,
				1BA5154925CBDCD100070181 /* Sources */,
				1BA5154A25CBDCD100070181 /* Frameworks */,
				1BA5154B25CBDCD100070181 /* Resources */,
			);
			buildRules = (
			);
			dependencies = (
			);
			name = ShopLiveSDK;
			productName = ShopLiveSDK;
			productReference = 1BA5154D25CBDCD100070181 /* ShopLiveSDK.framework */;
			productType = "com.apple.product-type.framework";
		};
		1BA5155525CBDCD100070181 /* ShopLiveSDKTests */ = {
			isa = PBXNativeTarget;
			buildConfigurationList = 1BA5156425CBDCD200070181 /* Build configuration list for PBXNativeTarget "ShopLiveSDKTests" */;
			buildPhases = (
				1BA5155225CBDCD100070181 /* Sources */,
				1BA5155325CBDCD100070181 /* Frameworks */,
				1BA5155425CBDCD100070181 /* Resources */,
			);
			buildRules = (
			);
			dependencies = (
				1BA5155925CBDCD100070181 /* PBXTargetDependency */,
			);
			name = ShopLiveSDKTests;
			productName = ShopLiveSDKTests;
			productReference = 1BA5155625CBDCD100070181 /* ShopLiveSDKTests.xctest */;
			productType = "com.apple.product-type.bundle.unit-test";
		};
/* End PBXNativeTarget section */

/* Begin PBXProject section */
		1BA5154425CBDCD100070181 /* Project object */ = {
			isa = PBXProject;
			attributes = {
				LastSwiftUpdateCheck = 1240;
				LastUpgradeCheck = 1240;
				TargetAttributes = {
					1BA5154C25CBDCD100070181 = {
						CreatedOnToolsVersion = 12.4;
						LastSwiftMigration = 1240;
					};
					1BA5155525CBDCD100070181 = {
						CreatedOnToolsVersion = 12.4;
					};
				};
			};
			buildConfigurationList = 1BA5154725CBDCD100070181 /* Build configuration list for PBXProject "ShopLiveSDK" */;
			compatibilityVersion = "Xcode 9.3";
			developmentRegion = en;
			hasScannedForEncodings = 0;
			knownRegions = (
				en,
				Base,
			);
			mainGroup = 1BA5154325CBDCD100070181;
			productRefGroup = 1BA5154E25CBDCD100070181 /* Products */;
			projectDirPath = "";
			projectRoot = "";
			targets = (
				1BA5154C25CBDCD100070181 /* ShopLiveSDK */,
				1BA5155525CBDCD100070181 /* ShopLiveSDKTests */,
			);
		};
/* End PBXProject section */

/* Begin PBXResourcesBuildPhase section */
		1BA5154B25CBDCD100070181 /* Resources */ = {
			isa = PBXResourcesBuildPhase;
			buildActionMask = 2147483647;
			files = (
			);
			runOnlyForDeploymentPostprocessing = 0;
		};
		1BA5155425CBDCD100070181 /* Resources */ = {
			isa = PBXResourcesBuildPhase;
			buildActionMask = 2147483647;
			files = (
			);
			runOnlyForDeploymentPostprocessing = 0;
		};
/* End PBXResourcesBuildPhase section */

/* Begin PBXSourcesBuildPhase section */
		1BA5154925CBDCD100070181 /* Sources */ = {
			isa = PBXSourcesBuildPhase;
			buildActionMask = 2147483647;
			files = (
				1BA515CE25D0BBBC00070181 /* OverlayWebView.swift in Sources */,
				1BAA0D5A25EDD36200DC22CE /* ShopLiveLogger.swift in Sources */,
				1BA515A425CBED2400070181 /* LiveStreamViewModel.swift in Sources */,
				1BA5159625CBE8A000070181 /* VideoView.swift in Sources */,
				1BA515B525CCFCD600070181 /* ShopLiveWebInterface.swift in Sources */,
				1BED2D9325DA4BAB002BFEED /* PerfMeasurements.swift in Sources */,
				1B9D659125F1CE4400E9CD4F /* ShopLiveSDKInterface.swift in Sources */,
				1BA5157225CBE00800070181 /* LiveStreamViewController.swift in Sources */,
				1BA5156A25CBDD3F00070181 /* ShopLive.swift in Sources */,
				1B87D29825FB3E1C00DF9F6B /* ShopLiveWebView.swift in Sources */,
				1B3CD6902600647E00B94997 /* ShopLiveUser.swift in Sources */,
			);
			runOnlyForDeploymentPostprocessing = 0;
		};
		1BA5155225CBDCD100070181 /* Sources */ = {
			isa = PBXSourcesBuildPhase;
			buildActionMask = 2147483647;
			files = (
				1BA5155C25CBDCD100070181 /* ShopLiveSDKTests.swift in Sources */,
			);
			runOnlyForDeploymentPostprocessing = 0;
		};
/* End PBXSourcesBuildPhase section */

/* Begin PBXTargetDependency section */
		1BA5155925CBDCD100070181 /* PBXTargetDependency */ = {
			isa = PBXTargetDependency;
			target = 1BA5154C25CBDCD100070181 /* ShopLiveSDK */;
			targetProxy = 1BA5155825CBDCD100070181 /* PBXContainerItemProxy */;
		};
/* End PBXTargetDependency section */

/* Begin XCBuildConfiguration section */
		1BA5155F25CBDCD200070181 /* Debug */ = {
			isa = XCBuildConfiguration;
			buildSettings = {
				ALWAYS_SEARCH_USER_PATHS = NO;
				CLANG_ANALYZER_NONNULL = YES;
				CLANG_ANALYZER_NUMBER_OBJECT_CONVERSION = YES_AGGRESSIVE;
				CLANG_CXX_LANGUAGE_STANDARD = "gnu++14";
				CLANG_CXX_LIBRARY = "libc++";
				CLANG_ENABLE_MODULES = YES;
				CLANG_ENABLE_OBJC_ARC = YES;
				CLANG_ENABLE_OBJC_WEAK = YES;
				CLANG_WARN_BLOCK_CAPTURE_AUTORELEASING = YES;
				CLANG_WARN_BOOL_CONVERSION = YES;
				CLANG_WARN_COMMA = YES;
				CLANG_WARN_CONSTANT_CONVERSION = YES;
				CLANG_WARN_DEPRECATED_OBJC_IMPLEMENTATIONS = YES;
				CLANG_WARN_DIRECT_OBJC_ISA_USAGE = YES_ERROR;
				CLANG_WARN_DOCUMENTATION_COMMENTS = YES;
				CLANG_WARN_EMPTY_BODY = YES;
				CLANG_WARN_ENUM_CONVERSION = YES;
				CLANG_WARN_INFINITE_RECURSION = YES;
				CLANG_WARN_INT_CONVERSION = YES;
				CLANG_WARN_NON_LITERAL_NULL_CONVERSION = YES;
				CLANG_WARN_OBJC_IMPLICIT_RETAIN_SELF = YES;
				CLANG_WARN_OBJC_LITERAL_CONVERSION = YES;
				CLANG_WARN_OBJC_ROOT_CLASS = YES_ERROR;
				CLANG_WARN_QUOTED_INCLUDE_IN_FRAMEWORK_HEADER = YES;
				CLANG_WARN_RANGE_LOOP_ANALYSIS = YES;
				CLANG_WARN_STRICT_PROTOTYPES = YES;
				CLANG_WARN_SUSPICIOUS_MOVE = YES;
				CLANG_WARN_UNGUARDED_AVAILABILITY = YES_AGGRESSIVE;
				CLANG_WARN_UNREACHABLE_CODE = YES;
				CLANG_WARN__DUPLICATE_METHOD_MATCH = YES;
				COPY_PHASE_STRIP = NO;
				CURRENT_PROJECT_VERSION = 1;
				DEBUG_INFORMATION_FORMAT = dwarf;
				ENABLE_STRICT_OBJC_MSGSEND = YES;
				ENABLE_TESTABILITY = YES;
				GCC_C_LANGUAGE_STANDARD = gnu11;
				GCC_DYNAMIC_NO_PIC = NO;
				GCC_NO_COMMON_BLOCKS = YES;
				GCC_OPTIMIZATION_LEVEL = 0;
				GCC_PREPROCESSOR_DEFINITIONS = (
					"DEBUG=1",
					"$(inherited)",
				);
				GCC_WARN_64_TO_32_BIT_CONVERSION = YES;
				GCC_WARN_ABOUT_RETURN_TYPE = YES_ERROR;
				GCC_WARN_UNDECLARED_SELECTOR = YES;
				GCC_WARN_UNINITIALIZED_AUTOS = YES_AGGRESSIVE;
				GCC_WARN_UNUSED_FUNCTION = YES;
				GCC_WARN_UNUSED_VARIABLE = YES;
				IPHONEOS_DEPLOYMENT_TARGET = 13.2;
				MTL_ENABLE_DEBUG_INFO = INCLUDE_SOURCE;
				MTL_FAST_MATH = YES;
				ONLY_ACTIVE_ARCH = YES;
				SDKROOT = iphoneos;
				SWIFT_ACTIVE_COMPILATION_CONDITIONS = DEBUG;
				SWIFT_OPTIMIZATION_LEVEL = "-Onone";
				VERSIONING_SYSTEM = "apple-generic";
				VERSION_INFO_PREFIX = "";
			};
			name = Debug;
		};
		1BA5156025CBDCD200070181 /* Release */ = {
			isa = XCBuildConfiguration;
			buildSettings = {
				ALWAYS_SEARCH_USER_PATHS = NO;
				CLANG_ANALYZER_NONNULL = YES;
				CLANG_ANALYZER_NUMBER_OBJECT_CONVERSION = YES_AGGRESSIVE;
				CLANG_CXX_LANGUAGE_STANDARD = "gnu++14";
				CLANG_CXX_LIBRARY = "libc++";
				CLANG_ENABLE_MODULES = YES;
				CLANG_ENABLE_OBJC_ARC = YES;
				CLANG_ENABLE_OBJC_WEAK = YES;
				CLANG_WARN_BLOCK_CAPTURE_AUTORELEASING = YES;
				CLANG_WARN_BOOL_CONVERSION = YES;
				CLANG_WARN_COMMA = YES;
				CLANG_WARN_CONSTANT_CONVERSION = YES;
				CLANG_WARN_DEPRECATED_OBJC_IMPLEMENTATIONS = YES;
				CLANG_WARN_DIRECT_OBJC_ISA_USAGE = YES_ERROR;
				CLANG_WARN_DOCUMENTATION_COMMENTS = YES;
				CLANG_WARN_EMPTY_BODY = YES;
				CLANG_WARN_ENUM_CONVERSION = YES;
				CLANG_WARN_INFINITE_RECURSION = YES;
				CLANG_WARN_INT_CONVERSION = YES;
				CLANG_WARN_NON_LITERAL_NULL_CONVERSION = YES;
				CLANG_WARN_OBJC_IMPLICIT_RETAIN_SELF = YES;
				CLANG_WARN_OBJC_LITERAL_CONVERSION = YES;
				CLANG_WARN_OBJC_ROOT_CLASS = YES_ERROR;
				CLANG_WARN_QUOTED_INCLUDE_IN_FRAMEWORK_HEADER = YES;
				CLANG_WARN_RANGE_LOOP_ANALYSIS = YES;
				CLANG_WARN_STRICT_PROTOTYPES = YES;
				CLANG_WARN_SUSPICIOUS_MOVE = YES;
				CLANG_WARN_UNGUARDED_AVAILABILITY = YES_AGGRESSIVE;
				CLANG_WARN_UNREACHABLE_CODE = YES;
				CLANG_WARN__DUPLICATE_METHOD_MATCH = YES;
				COPY_PHASE_STRIP = NO;
				CURRENT_PROJECT_VERSION = 1;
				DEBUG_INFORMATION_FORMAT = "dwarf-with-dsym";
				ENABLE_NS_ASSERTIONS = NO;
				ENABLE_STRICT_OBJC_MSGSEND = YES;
				GCC_C_LANGUAGE_STANDARD = gnu11;
				GCC_NO_COMMON_BLOCKS = YES;
				GCC_WARN_64_TO_32_BIT_CONVERSION = YES;
				GCC_WARN_ABOUT_RETURN_TYPE = YES_ERROR;
				GCC_WARN_UNDECLARED_SELECTOR = YES;
				GCC_WARN_UNINITIALIZED_AUTOS = YES_AGGRESSIVE;
				GCC_WARN_UNUSED_FUNCTION = YES;
				GCC_WARN_UNUSED_VARIABLE = YES;
				IPHONEOS_DEPLOYMENT_TARGET = 13.2;
				MTL_ENABLE_DEBUG_INFO = NO;
				MTL_FAST_MATH = YES;
				SDKROOT = iphoneos;
				SWIFT_COMPILATION_MODE = wholemodule;
				SWIFT_OPTIMIZATION_LEVEL = "-O";
				VALIDATE_PRODUCT = YES;
				VERSIONING_SYSTEM = "apple-generic";
				VERSION_INFO_PREFIX = "";
			};
			name = Release;
		};
		1BA5156225CBDCD200070181 /* Debug */ = {
			isa = XCBuildConfiguration;
			buildSettings = {
				APPLICATION_EXTENSION_API_ONLY = NO;
				BUILD_LIBRARY_FOR_DISTRIBUTION = YES;
				CLANG_ENABLE_MODULES = YES;
				CODE_SIGN_STYLE = Automatic;
				DEFINES_MODULE = YES;
				DEVELOPMENT_TEAM = "";
				DYLIB_COMPATIBILITY_VERSION = 1;
				DYLIB_CURRENT_VERSION = 1;
				DYLIB_INSTALL_NAME_BASE = "@rpath";
				INFOPLIST_FILE = ShopLiveSDK/Info.plist;
				INSTALL_PATH = "$(LOCAL_LIBRARY_DIR)/Frameworks";
				LD_RUNPATH_SEARCH_PATHS = (
					"$(inherited)",
					"@executable_path/Frameworks",
					"@loader_path/Frameworks",
				);
				MARKETING_VERSION = 0.5.0;
				PRODUCT_BUNDLE_IDENTIFIER = cloud.shoplive.sdk;
				PRODUCT_NAME = "$(TARGET_NAME:c99extidentifier)";
				SKIP_INSTALL = YES;
				SUPPORTS_MACCATALYST = NO;
				SWIFT_OPTIMIZATION_LEVEL = "-Onone";
				SWIFT_VERSION = 5.0;
				TARGETED_DEVICE_FAMILY = "1,2";
			};
			name = Debug;
		};
		1BA5156325CBDCD200070181 /* Release */ = {
			isa = XCBuildConfiguration;
			buildSettings = {
				APPLICATION_EXTENSION_API_ONLY = NO;
				BUILD_LIBRARY_FOR_DISTRIBUTION = YES;
				CLANG_ENABLE_MODULES = YES;
				CODE_SIGN_STYLE = Automatic;
				DEFINES_MODULE = YES;
				DEVELOPMENT_TEAM = "";
				DYLIB_COMPATIBILITY_VERSION = 1;
				DYLIB_CURRENT_VERSION = 1;
				DYLIB_INSTALL_NAME_BASE = "@rpath";
				INFOPLIST_FILE = ShopLiveSDK/Info.plist;
				INSTALL_PATH = "$(LOCAL_LIBRARY_DIR)/Frameworks";
				LD_RUNPATH_SEARCH_PATHS = (
					"$(inherited)",
					"@executable_path/Frameworks",
					"@loader_path/Frameworks",
				);
				MARKETING_VERSION = 0.5.0;
				PRODUCT_BUNDLE_IDENTIFIER = cloud.shoplive.sdk;
				PRODUCT_NAME = "$(TARGET_NAME:c99extidentifier)";
				SKIP_INSTALL = YES;
				SUPPORTS_MACCATALYST = NO;
				SWIFT_VERSION = 5.0;
				TARGETED_DEVICE_FAMILY = "1,2";
			};
			name = Release;
		};
		1BA5156525CBDCD200070181 /* Debug */ = {
			isa = XCBuildConfiguration;
			buildSettings = {
				ALWAYS_EMBED_SWIFT_STANDARD_LIBRARIES = YES;
				CODE_SIGN_STYLE = Automatic;
				DEVELOPMENT_TEAM = V64S7R5SJB;
				INFOPLIST_FILE = ShopLiveSDKTests/Info.plist;
				LD_RUNPATH_SEARCH_PATHS = (
					"$(inherited)",
					"@executable_path/Frameworks",
					"@loader_path/Frameworks",
				);
				PRODUCT_BUNDLE_IDENTIFIER = kr.co.purpleworks.ShopLiveSDKTests;
				PRODUCT_NAME = "$(TARGET_NAME)";
				SWIFT_VERSION = 5.0;
				TARGETED_DEVICE_FAMILY = "1,2";
			};
			name = Debug;
		};
		1BA5156625CBDCD200070181 /* Release */ = {
			isa = XCBuildConfiguration;
			buildSettings = {
				ALWAYS_EMBED_SWIFT_STANDARD_LIBRARIES = YES;
				CODE_SIGN_STYLE = Automatic;
				DEVELOPMENT_TEAM = V64S7R5SJB;
				INFOPLIST_FILE = ShopLiveSDKTests/Info.plist;
				LD_RUNPATH_SEARCH_PATHS = (
					"$(inherited)",
					"@executable_path/Frameworks",
					"@loader_path/Frameworks",
				);
				PRODUCT_BUNDLE_IDENTIFIER = kr.co.purpleworks.ShopLiveSDKTests;
				PRODUCT_NAME = "$(TARGET_NAME)";
				SWIFT_VERSION = 5.0;
				TARGETED_DEVICE_FAMILY = "1,2";
			};
			name = Release;
		};
/* End XCBuildConfiguration section */

/* Begin XCConfigurationList section */
		1BA5154725CBDCD100070181 /* Build configuration list for PBXProject "ShopLiveSDK" */ = {
			isa = XCConfigurationList;
			buildConfigurations = (
				1BA5155F25CBDCD200070181 /* Debug */,
				1BA5156025CBDCD200070181 /* Release */,
			);
			defaultConfigurationIsVisible = 0;
			defaultConfigurationName = Release;
		};
		1BA5156125CBDCD200070181 /* Build configuration list for PBXNativeTarget "ShopLiveSDK" */ = {
			isa = XCConfigurationList;
			buildConfigurations = (
				1BA5156225CBDCD200070181 /* Debug */,
				1BA5156325CBDCD200070181 /* Release */,
			);
			defaultConfigurationIsVisible = 0;
			defaultConfigurationName = Release;
		};
		1BA5156425CBDCD200070181 /* Build configuration list for PBXNativeTarget "ShopLiveSDKTests" */ = {
			isa = XCConfigurationList;
			buildConfigurations = (
				1BA5156525CBDCD200070181 /* Debug */,
				1BA5156625CBDCD200070181 /* Release */,
			);
			defaultConfigurationIsVisible = 0;
			defaultConfigurationName = Release;
		};
/* End XCConfigurationList section */
	};
	rootObject = 1BA5154425CBDCD100070181 /* Project object */;
}
