{
  "originHash" : "6e954f79a6555773122ffd40906f8c779f1d1e3ef7e72732b07966712655cba4",
  "pins" : [
    {
      "identity" : "common-ios",
      "kind" : "remoteSourceControl",
      "location" : "https://github.com/shoplive/common-ios",
      "state" : {
        "revision" : "b6e5db1143a5cf3dfd4782dedcde1a223f681a8c",
        "version" : "1.8.2"
      }
    },
    {
      "identity" : "cryptoswift",
      "kind" : "remoteSourceControl",
      "location" : "https://github.com/krzyzanowskim/CryptoSwift.git",
      "state" : {
        "revision" : "32f641cf24fc7abc1c591a2025e9f2f572648b0f",
        "version" : "1.7.2"
      }
    },
    {
      "identity" : "dropdown",
      "kind" : "remoteSourceControl",
      "location" : "https://github.com/AssistoLab/DropDown.git",
      "state" : {
        "branch" : "master",
        "revision" : "2ab6f6ce19f0117d1a76ea043ef8f57722c65d16"
      }
    },
    {
      "identity" : "ffmpeg-kit-spm",
      "kind" : "remoteSourceControl",
      "location" : "https://github.com/tylerjonesio/ffmpeg-kit-spm",
      "state" : {
        "branch" : "main",
        "revision" : "6053b0e4f8607314ff5e14e0b18fc250c0f87c9b"
      }
    },
    {
      "identity" : "ios-sdk",
      "kind" : "remoteSourceControl",
      "location" : "https://github.com/shoplive/ios-sdk.git",
      "state" : {
        "revision" : "0aae749e2fd30286b9519e6cdcfc8cf65e98a4a3",
        "version" : "1.8.2"
      }
    },
    {
      "identity" : "parchment",
      "kind" : "remoteSourceControl",
      "location" : "https://github.com/rechsteiner/Parchment",
      "state" : {
        "branch" : "main",
        "revision" : "13aad3e9308e8a4e38cb579430dbf66465418777"
      }
    },
    {
      "identity" : "shortform-editor-ios",
      "kind" : "remoteSourceControl",
      "location" : "https://github.com/shoplive/shortform-editor-ios",
      "state" : {
        "revision" : "0218c37a53fe581ded66036de4358882f9a32671",
        "version" : "1.8.2"
      }
    },
    {
      "identity" : "shortform-ios",
      "kind" : "remoteSourceControl",
      "location" : "https://github.com/shoplive/shortform-ios",
      "state" : {
        "revision" : "0384bf7e2110a60fe9a255ec9f53a1dd2edc93db",
        "version" : "1.8.2"
      }
    },
    {
      "identity" : "sidemenu",
      "kind" : "remoteSourceControl",
      "location" : "https://github.com/jonkykong/SideMenu.git",
      "state" : {
        "revision" : "8bd4fd128923cf5494fa726839af8afe12908ad9",
        "version" : "6.5.0"
      }
    },
    {
      "identity" : "snapkit",
      "kind" : "remoteSourceControl",
      "location" : "https://github.com/SnapKit/SnapKit",
      "state" : {
        "revision" : "f222cbdf325885926566172f6f5f06af95473158",
        "version" : "5.6.0"
      }
    },
    {
      "identity" : "swiftyjwt",
      "kind" : "remoteSourceControl",
      "location" : "https://github.com/polarcop/SwiftyJWT.git",
      "state" : {
        "revision" : "a324856b8f5cffa8764f083e26c3ecd3c9dd36a1",
        "version" : "1.0.3"
      }
    },
    {
      "identity" : "toast-swift",
      "kind" : "remoteSourceControl",
      "location" : "https://github.com/scalessec/Toast-Swift.git",
      "state" : {
        "revision" : "0c9493eeacb102cc614da385cfaaf475379f4ab4",
        "version" : "5.0.1"
      }
    }
  ],
  "version" : 3
}
